# Generated by conda-lock.
# platform: win-64
# input_hash: 6c01eb9c6414dcd5e723cfb06fc59be127e13e760afabcbd8cb134b93f6ca27e
@EXPLICIT
https://conda.anaconda.org/conda-forge/win-64/_libavif_api-1.4.2-h11686cb_2.conda#8d401a585e0512196ad986cd8765e1b6
https://conda.anaconda.org/conda-forge/noarch/font-ttf-dejavu-sans-mono-2.37-hab24e00_0.tar.bz2#0c96522c6bdaed4b1566d11387caaf45
https://conda.anaconda.org/conda-forge/noarch/font-ttf-inconsolata-3.000-h77eed37_0.tar.bz2#34893075a5c9e55cdafac56607368fc6
https://conda.anaconda.org/conda-forge/noarch/font-ttf-source-code-pro-2.038-h77eed37_0.tar.bz2#4d59c254e01d9cde7957100457e2d5fb
https://conda.anaconda.org/conda-forge/noarch/font-ttf-ubuntu-0.83-h77eed37_3.conda#49023d73832ef61042f6a237cb2687e7
https://conda.anaconda.org/conda-forge/win-64/intel-openmp-2026.1.0-h57928b3_246.conda#c33ca8bc92b00bb0040e79db33dbe663
https://conda.anaconda.org/conda-forge/win-64/msys2-conda-epoch-20160418-1.tar.bz2#b0309b72560df66f71a9d5e34a5efdfa
https://conda.anaconda.org/conda-forge/noarch/python_abi-3.11-8_cp311.conda#8fcb6b0e2161850556231336dae58358
https://conda.anaconda.org/pytorch/noarch/pytorch-mutex-1.0-cpu.tar.bz2#49565ed726991fd28d08a39885caa88d
https://conda.anaconda.org/conda-forge/noarch/tzdata-2025c-hc9c84f9_1.conda#ad659d0a2b3e47e38d829aa8cad2d610
https://conda.anaconda.org/conda-forge/win-64/ucrt-10.0.26100.0-h57928b3_0.conda#71b24316859acd00bdb8b38f5e2ce328
https://conda.anaconda.org/conda-forge/win-64/winpty-0.4.3-4.tar.bz2#1cee351bf20b830d991dbe0bc8cd7dfe
https://conda.anaconda.org/conda-forge/noarch/ca-certificates-2026.6.17-h4c7d964_0.conda#b9696b2cf00dfeec138c70cee38ed192
https://conda.anaconda.org/pytorch/noarch/cpuonly-2.0-0.tar.bz2#1cf3a59ef90a4078c253e3b02c272065
https://conda.anaconda.org/conda-forge/noarch/fonts-conda-forge-1-hc364b38_1.conda#a7970cd949a077b7cb9696379d338681
https://conda.anaconda.org/conda-forge/win-64/m2w64-gmp-6.1.0-2.tar.bz2#53a1c73e1e3d185516d7e3af177596d9
https://conda.anaconda.org/conda-forge/win-64/m2w64-libwinpthread-git-5.0.0.4634.697f757-2.tar.bz2#774130a326dee16f1ceb05cc687ee4f0
https://conda.anaconda.org/conda-forge/win-64/vcomp14-14.51.36231-h1b9f54f_39.conda#8b53a83fda40ec679e4d63fa32fae989
https://conda.anaconda.org/conda-forge/noarch/fonts-conda-ecosystem-1-0.tar.bz2#fee5683a3f04bd15cbd8318b096a27ab
https://conda.anaconda.org/conda-forge/win-64/m2w64-gcc-libs-core-5.3.0-7.tar.bz2#4289d80fb4d272f1f3b56cfe87ac90bd
https://conda.anaconda.org/conda-forge/win-64/vc14_runtime-14.51.36231-h1b9f54f_39.conda#06a5bf5a1ca16cce0df6eaa91fc42bc2
https://conda.anaconda.org/conda-forge/win-64/m2w64-gcc-libgfortran-5.3.0-6.tar.bz2#066552ac6b907ec6d72c0ddab29050dc
https://conda.anaconda.org/conda-forge/win-64/vc-14.5-h1b7c187_39.conda#2eacea63f545b97342da520df6854276
https://conda.anaconda.org/conda-forge/win-64/vs2015_runtime-14.51.36231-h84cd919_39.conda#2ccc63d7b7d066a814ed9f99072832d7
https://conda.anaconda.org/conda-forge/win-64/aom-3.14.1-pl5321h06fc181_1.conda#7a8ace8100a48355a34d87386012c57b
https://conda.anaconda.org/conda-forge/win-64/aws-c-common-0.12.0-h2466b09_0.conda#b91d53276b002211cd28a908181c9622
https://conda.anaconda.org/conda-forge/win-64/bzip2-1.0.8-h0ad9c76_9.conda#4cb8e6b48f67de0b018719cdf1136306
https://conda.anaconda.org/conda-forge/win-64/c-ares-1.34.6-hfd05255_0.conda#7c6da34e5b6e60b414592c74582e28bf
https://conda.anaconda.org/conda-forge/win-64/dav1d-1.2.1-hcfcfb64_0.conda#ed2c27bda330e3f0ab41577cf8b9b585
https://repo.anaconda.com/pkgs/main/win-64/freeglut-3.8.0-hfcef157_0.conda#1500893008d11a6748e31e7861c46d88
https://conda.anaconda.org/conda-forge/win-64/fribidi-1.0.16-hfd05255_0.conda#c27bd87e70f970010c1c6db104b88b18
https://conda.anaconda.org/conda-forge/win-64/giflib-5.2.2-h64bf75a_0.conda#72f424715c78a04fd5b991ee5dca820f
https://conda.anaconda.org/conda-forge/win-64/graphite2-1.3.15-hac47afa_0.conda#ff9a9bfe791f56b0227597a7651a6af0
https://conda.anaconda.org/conda-forge/win-64/icu-73.2-h63175ca_0.conda#0f47d9e3192d9e09ae300da0d28e0f56
https://conda.anaconda.org/conda-forge/win-64/jpeg-9e-h8ffe710_2.tar.bz2#733066523147548ce368a9bd0c8395af
https://conda.anaconda.org/conda-forge/win-64/lerc-4.1.0-hd936e49_0.conda#54b231d595bc1ff9bff668dd443ee012
https://conda.anaconda.org/conda-forge/win-64/libabseil-20250127.0-cxx17_h4eb7d71_0.conda#dc969cda7f2e351ec98d602d3ddc691d
https://conda.anaconda.org/conda-forge/win-64/libaec-1.1.5-haf901d7_0.conda#43b6385cfad52a7083f2c41984eb4e91
https://conda.anaconda.org/conda-forge/win-64/libbrotlicommon-1.1.0-hfd05255_4.conda#58aec7a295039d8614175eae3a4f8778
https://conda.anaconda.org/conda-forge/win-64/libcrc32c-1.1.2-h0e60522_0.tar.bz2#cd4cc2d0c610c8cb5419ccc979f2d6ce
https://conda.anaconda.org/conda-forge/win-64/libdeflate-1.22-h2466b09_0.conda#a3439ce12d4e3cd887270d9436f9a4c8
https://conda.anaconda.org/conda-forge/win-64/libexpat-2.8.1-hac47afa_1.conda#ccc490c81ffe14181861beac0e8f3169
https://conda.anaconda.org/conda-forge/win-64/libffi-3.5.2-h3d046cb_0.conda#720b39f5ec0610457b725eb3f396219a
https://conda.anaconda.org/conda-forge/win-64/libiconv-1.18-hc1393d2_2.conda#64571d1dd6cdcfa25d0664a5950fdaa2
https://conda.anaconda.org/conda-forge/win-64/libjpeg-turbo-2.1.4-hcfcfb64_0.tar.bz2#24bf30c2957c1bf33b3e1131a88ae17d
https://repo.anaconda.com/pkgs/main/win-64/libkrb5-1.22.2-h3d06f0e_0.conda#fce6b36e19fbf34c4f365fb7abbf3e81
https://conda.anaconda.org/conda-forge/win-64/liblzma-5.8.3-hfd05255_0.conda#8f83619ab1588b98dd99c90b0bfc5c6d
https://repo.anaconda.com/pkgs/main/win-64/libopenjpeg-2.5.4-h1c6eee0_2.conda#b32fb77952ad42e630cd12db249740c8
https://conda.anaconda.org/conda-forge/win-64/libsodium-1.0.22-h6a83c73_1.conda#7d5abf7ca1bd00b43d273f44d93d05dc
https://conda.anaconda.org/conda-forge/win-64/libsqlite-3.53.3-hf5d6505_0.conda#051f1b2228e7517a2ef8cca5146c8967
https://conda.anaconda.org/conda-forge/win-64/libutf8proc-2.10.0-hff4702e_0.conda#0c661f61710bf7fec2ea584d276208d7
https://conda.anaconda.org/conda-forge/win-64/libuv-1.52.1-h6a83c73_0.conda#741d96e586ac833409e5d27cdae08d15
https://conda.anaconda.org/conda-forge/win-64/libwebp-base-1.6.0-h4d5522a_0.conda#f9bbae5e2537e3b06e0f7310ba76c893
https://conda.anaconda.org/conda-forge/win-64/libzlib-1.3.2-hfd05255_2.conda#dbabbd6234dea34040e631f87676292f
https://conda.anaconda.org/conda-forge/win-64/lz4-c-1.10.0-h2466b09_1.conda#0b69331897a92fac3d8923549d48d092
https://conda.anaconda.org/conda-forge/win-64/m2w64-gcc-libs-5.3.0-7.tar.bz2#fe759119b8b3bfa720b8762c6fdc35de
https://conda.anaconda.org/conda-forge/win-64/openssl-3.6.3-hf411b9b_0.conda#e99f95734a326c0fd4d02bbd995150d4
https://conda.anaconda.org/conda-forge/win-64/pixman-0.46.4-h5112557_1.conda#08c8fa3b419df480d985e304f7884d35
https://conda.anaconda.org/conda-forge/win-64/rav1e-0.8.1-h007690e_0.conda#b0ab2fc43381024f5a694e6f5f54c973
https://conda.anaconda.org/conda-forge/win-64/snappy-1.2.2-h7fa0ca8_1.conda#3075846de68f942150069d4289aaad63
https://conda.anaconda.org/conda-forge/win-64/svt-av1-4.0.1-hac47afa_0.conda#d9714a97bc69f98fd5032f675ae1b0b5
https://conda.anaconda.org/conda-forge/win-64/symlink-exe-runtime-1.0-hfd05255_2.conda#2f96340000d8b3957ecb0978cfed0486
https://conda.anaconda.org/conda-forge/win-64/tk-8.6.13-h6ed50ae_3.conda#0481bfd9814bf525bd4b3ee4b51494c4
https://conda.anaconda.org/conda-forge/win-64/yaml-0.2.5-h6a83c73_3.conda#433699cba6602098ae8957a323da2664
https://conda.anaconda.org/conda-forge/win-64/aws-c-cal-0.8.7-ha758494_0.conda#8e15a0911fe316643ae9e47b8525506d
https://conda.anaconda.org/conda-forge/win-64/aws-c-compression-0.3.1-ha758494_2.conda#d66397c45a9207e8f6377ce198c04b0b
https://conda.anaconda.org/conda-forge/win-64/aws-c-sdkutils-0.2.3-ha758494_2.conda#08724b0ae3f74f1f13d2d5caafa1c5fe
https://conda.anaconda.org/conda-forge/win-64/aws-checksums-0.2.3-ha758494_2.conda#113b6a8c61474d63b0e20d219de61b5e
https://conda.anaconda.org/conda-forge/win-64/krb5-1.22.2-h719d79b_1.conda#00335c2c4a98656554771aaf6f1a7400
https://conda.anaconda.org/conda-forge/win-64/libavif16-1.4.2-h59a6ec5_2.conda#35859f7fb0352ef714d1b1a1f33eb067
https://conda.anaconda.org/conda-forge/win-64/libblas-3.9.0-1_h8933c1f_netlib.tar.bz2#2c5ff3ea7416bb5edc70e67f4ee1ff71
https://conda.anaconda.org/conda-forge/win-64/libbrotlidec-1.1.0-hfd05255_4.conda#bf0ced5177fec8c18a7b51d568590b7c
https://conda.anaconda.org/conda-forge/win-64/libbrotlienc-1.1.0-hfd05255_4.conda#37f4669f8ac2f04d826440a8f3f42300
https://conda.anaconda.org/conda-forge/win-64/libevent-2.1.12-h3671451_1.conda#25efbd786caceef438be46da78a7b5ef
https://conda.anaconda.org/conda-forge/win-64/libintl-0.22.5-h5728263_3.conda#2cf0cf76cc15d360dfa2f17fd6cf9772
https://conda.anaconda.org/conda-forge/win-64/liblzma-devel-5.8.3-hfd05255_0.conda#7845201435d0c7c0a02269c2742da1cc
https://conda.anaconda.org/conda-forge/win-64/libpng-1.6.58-h7351971_0.conda#52f1280563f3b48b5f75414cd2d15dd1
https://conda.anaconda.org/conda-forge/win-64/libprotobuf-5.29.3-he9d8c4a_0.conda#719c9c29a00e4199ad2eba91ce92fd8e
https://conda.anaconda.org/conda-forge/win-64/libre2-11-2024.07.02-hd248061_3.conda#ba8d5530e951114fc3227780393d9ce2
https://conda.anaconda.org/conda-forge/win-64/libssh2-1.11.1-h9aa295b_0.conda#9dce2f112bfd3400f4f432b3d0ac07b2
https://conda.anaconda.org/conda-forge/win-64/libwebp-1.6.0-h4d5522a_0.conda#151aee0a97a0234a289c781e2e48ce9a
https://conda.anaconda.org/conda-forge/win-64/libxml2-2.13.9-h741aa76_0.conda#333d21ab129d5fa5742225bf1d7557a5
https://conda.anaconda.org/conda-forge/win-64/mysql-common-9.3.0-h2224204_0.conda#57dabba9d462a872d779751d274a88f2
https://conda.anaconda.org/conda-forge/win-64/openjdk-25.0.2-he453025_1.conda#9151f91b148e6d892041da89c63ebb46
https://conda.anaconda.org/conda-forge/win-64/pcre2-10.47-hd2b5f0e_0.conda#77eaf2336f3ae749e712f63e36b0f0a1
https://conda.anaconda.org/conda-forge/win-64/python-3.11.15-h0159041_1_cpython.conda#06b84fcf19e4d5101a1d105d15dcfc88
https://conda.anaconda.org/conda-forge/win-64/sqlite-3.53.3-hdb435a2_0.conda#7a28cb97617f0bd6a650b4b88f1f44cb
https://conda.anaconda.org/conda-forge/win-64/xz-tools-5.8.3-hfd05255_0.conda#01b20ff45704b888d218f31a3aa3ea2a
https://conda.anaconda.org/conda-forge/win-64/zlib-1.3.2-hfd05255_2.conda#5187ecf958be3c39110fe691cbd6873e
https://conda.anaconda.org/conda-forge/win-64/zstd-1.5.7-h534d264_6.conda#053b84beec00b71ea8ff7a4f84b55207
https://conda.anaconda.org/conda-forge/noarch/absl-py-2.5.0-pyhd8ed1ab_0.conda#1ec5202407b4006470f9a21c32c4b90c
https://conda.anaconda.org/conda-forge/noarch/annotated-doc-0.0.4-pyhcf101f3_0.conda#52be5139047efadaeeb19c6a5103f92a
https://conda.anaconda.org/conda-forge/noarch/asttokens-3.0.1-pyhd8ed1ab_0.conda#9673a61a297b00016442e022d689faa6
https://conda.anaconda.org/conda-forge/noarch/attrs-26.1.0-pyhcf101f3_0.conda#c6b0543676ecb1fb2d7643941fe375f2
https://conda.anaconda.org/conda-forge/win-64/aws-c-io-0.17.0-ha1a8d55_6.conda#403caab8e6fd86d80d8a4422ce88816d
https://conda.anaconda.org/conda-forge/noarch/babel-2.18.0-pyhcf101f3_1.conda#f1976ce927373500cc19d3c0b2c85177
https://conda.anaconda.org/conda-forge/win-64/backports.zstd-1.6.0-py311h71c1bcc_0.conda#572691e3dbd869573222e9a91c07d5de
https://conda.anaconda.org/conda-forge/win-64/brotli-bin-1.1.0-hfd05255_4.conda#ef022c8941d7dcc420c8533b0e419733
https://repo.anaconda.com/pkgs/main/win-64/brotli-python-1.2.0-py311hd3493e3_0.conda#73cbd6653335adfb48f21b0f3faadce3
https://conda.anaconda.org/conda-forge/noarch/cached_property-1.5.2-pyha770c72_2.conda#f71e6840332854fd2eac6c3229768a9c
https://conda.anaconda.org/conda-forge/noarch/certifi-2026.6.17-pyhd8ed1ab_0.conda#c13824fedced67005d3832c152fe9c2f
https://conda.anaconda.org/conda-forge/noarch/cfgv-3.5.0-pyhd8ed1ab_0.conda#381bd45fb7aa032691f3063aff47e3a1
https://conda.anaconda.org/conda-forge/noarch/charset-normalizer-3.4.9-pyhd8ed1ab_0.conda#d154b40b109e503430979e8a8d099eaf
https://conda.anaconda.org/conda-forge/noarch/colorama-0.4.6-pyhd8ed1ab_1.conda#962b9857ee8e7018c22f2776ffa0b2d7
https://conda.anaconda.org/conda-forge/noarch/comm-0.2.3-pyhe01879c_0.conda#2da13f2b299d8e1995bafbbe9689a2f7
https://conda.anaconda.org/conda-forge/noarch/cpython-3.11.15-py311hd8ed1ab_1.conda#842533c9d507e2025a4933a091dfa983
https://conda.anaconda.org/conda-forge/noarch/cycler-0.12.1-pyhcf101f3_2.conda#4c2a8fef270f6c69591889b93f9f55c1
https://conda.anaconda.org/conda-forge/win-64/debugpy-1.8.21-py311h5dfdfe8_0.conda#87de2c9605b6801b790459bfef5372b3
https://conda.anaconda.org/conda-forge/noarch/decorator-5.3.1-pyhd8ed1ab_0.conda#61dcf784d59ef0bd62c57d982b154ace
https://conda.anaconda.org/conda-forge/noarch/defusedxml-0.7.1-pyhd8ed1ab_0.tar.bz2#961b3a227b437d82ad7054484cfa71b2
https://conda.anaconda.org/conda-forge/noarch/distlib-0.4.3-pyhcf101f3_0.conda#58638f77697c4f6726753eb8be34818b
https://conda.anaconda.org/conda-forge/noarch/executing-2.2.1-pyhd8ed1ab_0.conda#ff9efb7f7469aed3c4a8106ffa29593c
https://conda.anaconda.org/conda-forge/noarch/filelock-3.29.7-pyhd8ed1ab_0.conda#ee29c64d6fc4ab42e47c4a59b756d958
https://conda.anaconda.org/conda-forge/noarch/gast-0.7.0-pyhd8ed1ab_0.conda#377a825d91b5d6fcc0e6cdb98bbe9799
https://conda.anaconda.org/conda-forge/noarch/hpack-4.2.0-pyhd8ed1ab_0.conda#b395909221b9bd1df066e5930e18855b
https://conda.anaconda.org/conda-forge/noarch/hyperframe-6.1.0-pyhd8ed1ab_0.conda#8e6923fc12f1fe8f8c4e5c9f343256ac
https://conda.anaconda.org/conda-forge/noarch/idna-3.18-pyhcf101f3_0.conda#577b04680ae422adb86fc60d7b940659
https://conda.anaconda.org/conda-forge/noarch/iniconfig-2.3.0-pyhd8ed1ab_0.conda#9614359868482abba1bd15ce465e3c42
https://conda.anaconda.org/conda-forge/noarch/json5-0.15.0-pyhd8ed1ab_0.conda#761a4a6b9cba303c66a97ca642447171
https://conda.anaconda.org/conda-forge/noarch/jsonpointer-3.1.1-pyhcf101f3_0.conda#89bf346df77603055d3c8fe5811691e6
https://conda.anaconda.org/conda-forge/noarch/jupyterlab_widgets-3.0.16-pyhcf101f3_1.conda#dbf8b81974504fa51d34e436ca7ef389
https://conda.anaconda.org/conda-forge/win-64/kiwisolver-1.5.0-py311h275cad7_0.conda#e50d15677f2673c114f18d60c88d9196
https://conda.anaconda.org/conda-forge/noarch/lark-1.3.1-pyhd8ed1ab_0.conda#9b965c999135d43a3d0f7bd7d024e26a
https://conda.anaconda.org/conda-forge/win-64/libavif-1.4.2-h373f3f6_2.conda#b1bd265ad19525d3dd3fc6c8da3edd98
https://conda.anaconda.org/conda-forge/win-64/libcblas-3.9.0-14_hc41557d_netlib.conda#bd90d7bb00a7ea8bfb64fa9434aae820
https://conda.anaconda.org/conda-forge/win-64/libclang13-22.1.8-default_ha2db4b5_2.conda#45a2834578a5f167258aa109af48b036
https://conda.anaconda.org/conda-forge/win-64/libcurl-8.21.0-h8206538_1.conda#cc24b73ccbd90296a86d4ac7d67c1b26
https://conda.anaconda.org/conda-forge/win-64/libfreetype6-2.14.3-hdbac1cb_1.conda#4e4d54f9f98383d977ba56ef39ebf46d
https://conda.anaconda.org/conda-forge/win-64/libglib-2.88.2-h7ce1215_0.conda#5be116480ef34a5646894d7f7cd7ae41
https://repo.anaconda.com/pkgs/main/win-64/libhwloc-2.13.0-default_h8af1a8b_1000.conda#c193b1cb104b563b47512c0044562618
https://conda.anaconda.org/conda-forge/win-64/liblapack-3.9.0-14_h018ca30_netlib.conda#eb5078cd7712b2ac9ef8de43abf343dc
https://repo.anaconda.com/pkgs/main/win-64/libpq-17.10-hb13705e_1.conda#d51243ac4da6ba9673785f0c0646a096
https://conda.anaconda.org/conda-forge/win-64/libthrift-0.21.0-hbe90ef8_0.conda#7699570e1f97de7001a7107aabf2d677
https://conda.anaconda.org/conda-forge/win-64/libxslt-1.1.43-h25c3957_0.conda#e84f36aa02735c140099d992d491968d
https://conda.anaconda.org/conda-forge/win-64/llvmlite-0.47.0-py311h4f568be_1.conda#cd5170b645250915396456c3499ae3d8
https://conda.anaconda.org/conda-forge/win-64/markupsafe-3.0.3-py311h3f79411_1.conda#f55de41c947bdd2ff9bbeffedf8089f7
https://conda.anaconda.org/conda-forge/noarch/mdurl-0.1.2-pyhd8ed1ab_1.conda#592132998493b3ff25fd7479396e8351
https://conda.anaconda.org/conda-forge/noarch/mpmath-1.4.1-pyhd8ed1ab_0.conda#2e81b32b805f406d23ba61938a184081
https://conda.anaconda.org/conda-forge/noarch/munkres-1.1.4-pyhd8ed1ab_1.conda#37293a85a0f4f77bbd9cf7aaefc62609
https://conda.anaconda.org/conda-forge/noarch/mypy_extensions-1.1.0-pyha770c72_0.conda#e9c622e0d00fa24a6292279af3ab6d06
https://conda.anaconda.org/conda-forge/win-64/mysql-libs-9.3.0-h809f9c2_0.conda#da7db690aca7b2e0db2bd747bdf21716
https://conda.anaconda.org/conda-forge/noarch/namex-0.1.0-pyhd8ed1ab_0.conda#3eb854547a0183b994431957fa0e05d2
https://conda.anaconda.org/conda-forge/noarch/narwhals-2.24.0-pyhcf101f3_0.conda#42ef6cbb3e1d0e6689b9dd160f560eae
https://conda.anaconda.org/conda-forge/noarch/nest-asyncio2-1.7.2-pyhcf101f3_0.conda#fcd832bfd4749e9b246112b6894f97fc
https://conda.anaconda.org/conda-forge/noarch/networkx-3.6.1-pyhcf101f3_0.conda#a2c1eeadae7a309daed9d62c96012a2b
https://conda.anaconda.org/conda-forge/noarch/opt_einsum-3.4.0-pyhd8ed1ab_1.conda#52919815cd35c4e1a0298af658ccda04
https://conda.anaconda.org/conda-forge/win-64/orc-2.1.1-h35764e3_1.conda#ec8ccb5cec0e1a4f45ca93f2e040a36f
https://conda.anaconda.org/conda-forge/noarch/packaging-26.2-pyhc364b38_0.conda#4c06a92e74452cfa53623a81592e8934
https://conda.anaconda.org/conda-forge/noarch/pandocfilters-1.5.0-pyhd8ed1ab_0.tar.bz2#457c2c8c08e54905d6954e79cb5b5db9
https://conda.anaconda.org/conda-forge/noarch/parso-0.8.7-pyhcf101f3_0.conda#39894c952938276405a1bd30e4ce2caf
https://conda.anaconda.org/conda-forge/noarch/pathspec-1.1.1-pyhd8ed1ab_0.conda#11adc78451c998c0fd162584abfa3559
https://conda.anaconda.org/conda-forge/noarch/platformdirs-4.10.0-pyhcf101f3_0.conda#2c5ef45db85d34799771629bd5860fd7
https://conda.anaconda.org/conda-forge/noarch/pluggy-1.6.0-pyhf9edf01_1.conda#d7585b6550ad04c8c5e21097ada2888e
https://conda.anaconda.org/conda-forge/noarch/prometheus_client-0.25.0-pyhd8ed1ab_0.conda#a11ab1f31af799dd93c3a39881528884
https://conda.anaconda.org/conda-forge/win-64/protobuf-5.29.3-py311hda3d55a_0.conda#24c8b3e964cb7ae5fdd210c2c3d036e7
https://conda.anaconda.org/conda-forge/win-64/psutil-7.2.2-py311hf893f09_0.conda#fd968cdacc7967efd0ff5ef1805b812c
https://conda.anaconda.org/conda-forge/noarch/pure_eval-0.2.3-pyhd8ed1ab_1.conda#3bfdfb8dbcdc4af1ae3f9a8eb3948f04
https://conda.anaconda.org/conda-forge/noarch/pycparser-3.0-pyhcf101f3_0.conda#9c5491066224083c41b6d5635ed7107b
https://conda.anaconda.org/conda-forge/noarch/pygments-2.20.0-pyhd8ed1ab_0.conda#16c18772b340887160c79a6acc022db0
https://conda.anaconda.org/conda-forge/noarch/pyparsing-3.3.2-pyhcf101f3_0.conda#3687cc0b82a8b4c17e1f0eb7e47163d5
https://conda.anaconda.org/conda-forge/noarch/python-dotenv-1.2.2-pyhcf101f3_0.conda#130584ad9f3a513cdd71b1fdc1244e9c
https://conda.anaconda.org/conda-forge/win-64/python-duckdb-1.5.4-py311h3e6a449_0.conda#ef9b1422fd9eb3c44ecf3452f8568423
https://conda.anaconda.org/conda-forge/noarch/python-fastjsonschema-2.21.2-pyhe01879c_0.conda#23029aae904a2ba587daba708208012f
https://conda.anaconda.org/conda-forge/noarch/python-flatbuffers-25.9.23-pyh1e1bc0e_0.conda#611207751a2c0b5b999b07b78985d7a0
https://conda.anaconda.org/conda-forge/win-64/python-librt-0.13.0-py311hf893f09_0.conda#5c09cdd65e33d535cc724ef56f18550a
https://conda.anaconda.org/conda-forge/noarch/python-tzdata-2026.3-pyhd8ed1ab_0.conda#eefc8d916bd2e708d76d40398ef9a1ee
https://conda.anaconda.org/conda-forge/win-64/pywin32-312-py311hefeebc8_0.conda#233e99d07b434a27c39b43b559252ef6
https://conda.anaconda.org/conda-forge/win-64/pywinpty-2.0.15-py311hda3d55a_1.conda#e5dd9afed138ff193d4593f1b15a388b
https://conda.anaconda.org/conda-forge/win-64/pyyaml-6.0.3-py311h3f79411_1.conda#a0153c033dc55203e11d1cac8f6a9cf2
https://conda.anaconda.org/conda-forge/win-64/re2-2024.07.02-haf4117d_3.conda#f94cfa965a6498540057555957903dba
https://conda.anaconda.org/conda-forge/noarch/rfc3986-validator-0.1.1-pyh9f0ad1d_0.tar.bz2#912a71cc01012ee38e6b90ddd561e36f
https://conda.anaconda.org/conda-forge/win-64/rpds-py-2026.6.3-py311h7337c20_0.conda#1ae11d687fc860a2cd3b68e9c50c8dcc
https://conda.anaconda.org/conda-forge/win-64/ruff-0.15.21-h45713df_0.conda#b0df8296d8d29cfcf267c64d48dd5d53
https://conda.anaconda.org/conda-forge/noarch/setuptools-83.0.0-pyh332efcf_0.conda#6bf6acbab2499830180ec88c3aff2fa4
https://conda.anaconda.org/conda-forge/noarch/shellingham-1.5.4-pyhd8ed1ab_2.conda#83ea3a2ddb7a75c1b09cea582aa4f106
https://conda.anaconda.org/conda-forge/noarch/six-1.17.0-pyhe01879c_1.conda#3339e3b65d58accf4ca4fb8748ab16b3
https://conda.anaconda.org/conda-forge/noarch/sniffio-1.3.1-pyhd8ed1ab_2.conda#03fe290994c5e4ec17293cfb6bdce520
https://conda.anaconda.org/conda-forge/noarch/soupsieve-2.8.4-pyhd8ed1ab_0.conda#9e21f087f087f805debe877d88e00a14
https://conda.anaconda.org/conda-forge/win-64/tensorboard-data-server-0.7.0-py311h1ea47a8_4.conda#07a3302c886974d057e6457f8a749ced
https://conda.anaconda.org/conda-forge/noarch/termcolor-3.3.0-pyhd8ed1ab_0.conda#bc6228906129e420c74a5ebaf0d63936
https://conda.anaconda.org/conda-forge/noarch/threadpoolctl-3.6.0-pyhecae5ae_0.conda#9d64911b31d57ca443e9f1e36b04385f
https://conda.anaconda.org/conda-forge/noarch/tomli-2.4.1-pyhcf101f3_0.conda#b5325cf06a000c5b14970462ff5e4d58
https://conda.anaconda.org/conda-forge/win-64/tornado-6.5.7-py311h3485c13_0.conda#b20b96955a12c35fda1de549f08a3743
https://conda.anaconda.org/conda-forge/noarch/traitlets-5.15.1-pyhcf101f3_0.conda#37e3be7b6e2977d37b8fa5da229f5dc0
https://conda.anaconda.org/conda-forge/noarch/typing_extensions-4.16.0-pyhcf101f3_0.conda#c70ad746c22219b9700931707482992c
https://conda.anaconda.org/conda-forge/noarch/typing_utils-0.1.0-pyhd8ed1ab_1.conda#f6d7aa696c67756a650e91e15e88223c
https://conda.anaconda.org/conda-forge/win-64/unicodedata2-17.0.1-py311h3485c13_0.conda#e6badeb53d9bc5cccebe46a62c5a7336
https://conda.anaconda.org/conda-forge/noarch/uri-template-1.3.0-pyhd8ed1ab_1.conda#e7cb0f5745e4c5035a460248334af7eb
https://conda.anaconda.org/conda-forge/noarch/wcwidth-0.8.2-pyhd8ed1ab_0.conda#99f7755ec8648a042b0dbe906234f888
https://conda.anaconda.org/conda-forge/noarch/webcolors-25.10.0-pyhd8ed1ab_0.conda#6639b6b0d8b5a284f027a2003669aa65
https://conda.anaconda.org/conda-forge/noarch/webencodings-0.5.1-pyhd8ed1ab_3.conda#2841eb5bfc75ce15e9a0054b98dcd64d
https://conda.anaconda.org/conda-forge/noarch/websocket-client-1.9.0-pyhd8ed1ab_0.conda#2f1ed718fcd829c184a6d4f0f2e07409
https://conda.anaconda.org/conda-forge/noarch/widgetsnbextension-4.0.15-pyhd8ed1ab_0.conda#dc257b7e7cad9b79c1dfba194e92297b
https://conda.anaconda.org/conda-forge/noarch/win_inet_pton-1.1.0-pyh7428d3b_8.conda#46e441ba871f524e2b067929da3051c2
https://conda.anaconda.org/conda-forge/win-64/wrapt-2.2.2-py311h3485c13_0.conda#7b1b711eae41811be82ad2407103d8cc
https://conda.anaconda.org/conda-forge/win-64/xz-5.8.3-hb6c8415_0.conda#46f70d503d68c55c104a564928a39852
https://conda.anaconda.org/conda-forge/win-64/zeromq-4.3.5-h3a581c9_11.conda#f016c0c5f9c01549b259146614786192
https://conda.anaconda.org/conda-forge/noarch/zipp-4.1.0-pyhcf101f3_0.conda#ba3dcdc8584155c97c648ae9c044b7a3
https://conda.anaconda.org/conda-forge/noarch/astunparse-1.6.3-pyhd8ed1ab_3.conda#d3f195dfdbbf736e4ec178bbec2a975c
https://conda.anaconda.org/conda-forge/noarch/async-lru-2.3.0-pyhcf101f3_0.conda#b85e84cb64c762569cc1a760c2327e0a
https://conda.anaconda.org/conda-forge/win-64/aws-c-event-stream-0.5.4-he38e90d_2.conda#f074f7b5683dcfad3ccbb8d425962049
https://conda.anaconda.org/conda-forge/win-64/aws-c-http-0.9.4-h9352bcf_4.conda#a1d6f2409948da00fc1b3c85d440a03b
https://conda.anaconda.org/conda-forge/noarch/bleach-6.4.0-pyhcf101f3_0.conda#93009c29cdd6f2500468f2502fff9209
https://conda.anaconda.org/conda-forge/win-64/brotli-1.1.0-hfd05255_4.conda#441706c019985cf109ced06458e6f742
https://conda.anaconda.org/conda-forge/noarch/cached-property-1.5.2-hd8ed1ab_2.conda#1990eb3f49022846fbc7fc9624a0ee43
https://conda.anaconda.org/conda-forge/win-64/cffi-2.1.0-py311h3485c13_0.conda#bcec9706d41771c6df9cf29ca7ae873b
https://conda.anaconda.org/conda-forge/win-64/coverage-7.15.0-py311h3f79411_0.conda#adb5b97165e875141bb5926cee3b74d3
https://conda.anaconda.org/conda-forge/noarch/duckdb-1.5.4-h332efcf_0.conda#f51ca93d4a9729d2e0c388ccf612f325
https://conda.anaconda.org/conda-forge/noarch/exceptiongroup-1.3.1-pyhd8ed1ab_0.conda#8e662bd460bda79b1ea39194e3c4c9ab
https://conda.anaconda.org/conda-forge/noarch/google-pasta-0.2.0-pyhd8ed1ab_2.conda#005b9749218cb8c9e94ac2a77ca3c8c0
https://conda.anaconda.org/conda-forge/noarch/h11-0.16.0-pyhcf101f3_1.conda#b8993c19b0c32a2f7b66cbb58ca27069
https://conda.anaconda.org/conda-forge/noarch/h2-4.3.0-pyhcf101f3_0.conda#164fc43f0b53b6e3a7bc7dce5e4f1dc9
https://conda.anaconda.org/conda-forge/win-64/hdf5-1.14.6-nompi_hae35d4c_110.conda#4c94504a694781771108b07bf4a9370f
https://conda.anaconda.org/conda-forge/noarch/importlib-metadata-9.0.0-pyhcf101f3_0.conda#ffc17e785d64e12fc311af9184221839
https://conda.anaconda.org/conda-forge/noarch/ipython_pygments_lexers-1.1.1-pyhd8ed1ab_0.conda#bd80ba060603cc228d9d81c257093119
https://conda.anaconda.org/conda-forge/noarch/jedi-0.20.0-pyhcf101f3_0.conda#c2b3d37aa1411031126036ee76a8a861
https://conda.anaconda.org/conda-forge/noarch/jinja2-3.1.6-pyhcf101f3_1.conda#04558c96691bed63104678757beb4f8d
https://conda.anaconda.org/conda-forge/noarch/joblib-1.5.3-pyhd8ed1ab_0.conda#615de2a4d97af50c350e5cf160149e77
https://conda.anaconda.org/conda-forge/noarch/jupyter_core-5.9.1-pyh6dadd2b_0.conda#a8db462b01221e9f5135be466faeb3e0
https://conda.anaconda.org/conda-forge/noarch/jupyterlab_pygments-0.3.0-pyhd8ed1ab_2.conda#fd312693df06da3578383232528c468d
https://conda.anaconda.org/conda-forge/win-64/libfreetype-2.14.3-h57928b3_1.conda#e45b52fb9a81c9e2708465a706e05952
https://conda.anaconda.org/conda-forge/win-64/libgrpc-1.71.0-h35301be_0.conda#7f07cb0bdcf2043e2be7d0ae3977a9a7
https://repo.anaconda.com/pkgs/main/win-64/libtiff-4.7.1-h3a18249_0.conda#a7f1ba7b9b6648b360dc5cc3965b30f7
https://conda.anaconda.org/conda-forge/noarch/markdown-it-py-4.2.0-pyhd8ed1ab_0.conda#6d03368f2b2b0a5fb6839df53b2eb5e0
https://conda.anaconda.org/conda-forge/noarch/matplotlib-inline-0.2.2-pyhd8ed1ab_0.conda#9acc1c385be401d533ff70ef5b50dae6
https://conda.anaconda.org/conda-forge/noarch/mistune-3.3.3-pyhcf101f3_0.conda#6bda0cbb7b7608101bc2c49ee6f38de7
https://conda.anaconda.org/conda-forge/noarch/nodeenv-1.10.0-pyhd8ed1ab_0.conda#eb52d14a901e23c39e9e7b4a1a5c015f
https://conda.anaconda.org/conda-forge/win-64/numpy-2.0.2-py311h35ffc71_1.conda#4bb6bca8e8c20873b9036643fff8af3b
https://conda.anaconda.org/conda-forge/noarch/overrides-7.7.0-pyhd8ed1ab_1.conda#e51f1e4089cad105b6cac64bd8166587
https://conda.anaconda.org/conda-forge/noarch/prompt-toolkit-3.0.52-pyha770c72_0.conda#edb16f14d920fb3faf17f5ce582942d6
https://conda.anaconda.org/conda-forge/noarch/pysocks-1.7.1-pyh09c184e_7.conda#e2fd202833c4a981ce8a65974fe4abd1
https://conda.anaconda.org/conda-forge/noarch/python-dateutil-2.9.0.post0-pyhe01879c_2.conda#5b8d21249ff20967101ffa321cab24e8
https://conda.anaconda.org/conda-forge/noarch/python-discovery-1.4.4-pyhcf101f3_0.conda#1b77c69c18f649eb348bafedb277fecb
https://conda.anaconda.org/conda-forge/noarch/python-gil-3.11.15-hd8ed1ab_1.conda#336ca63d560b4a4004d4c0fdf78a9075
https://conda.anaconda.org/conda-forge/noarch/python-json-logger-4.1.0-pyhd8ed1ab_0.conda#982ed0cbfc0fe09f25861e3d111e9717
https://conda.anaconda.org/conda-forge/win-64/pyzmq-27.1.0-py311h7a22eb7_3.conda#4b98b0c67d4f4d4e1181b07706a7bf0c
https://conda.anaconda.org/conda-forge/noarch/referencing-0.37.0-pyhcf101f3_0.conda#870293df500ca7e18bedefa5838a22ab
https://conda.anaconda.org/conda-forge/noarch/rfc3339-validator-0.1.4-pyhd8ed1ab_1.conda#36de09a8d3e5d5e6f4ee63af49e59706
https://conda.anaconda.org/conda-forge/noarch/rfc3987-syntax-1.1.0-pyhe01879c_1.conda#7234f99325263a5af6d4cd195035e8f2
https://conda.anaconda.org/conda-forge/noarch/send2trash-2.1.0-pyh6dadd2b_1.conda#6ac53f3fff2c416d63511843a04646fa
https://conda.anaconda.org/conda-forge/noarch/stack_data-0.6.3-pyhd8ed1ab_1.conda#b1b505328da7a6b246787df4b5a49fbc
https://conda.anaconda.org/conda-forge/noarch/sympy-1.14.0-pyh04b8f61_6.conda#1e739b165ad827042e48978718e6532b
https://conda.anaconda.org/conda-forge/win-64/tbb-2021.13.0-h3155e25_6.conda#f0818029a59baa8aac39a17ef2f769b6
https://conda.anaconda.org/conda-forge/noarch/terminado-0.18.1-pyh6dadd2b_1.conda#e43ca10d61e55d0a8ec5d8c62474ec9e
https://conda.anaconda.org/conda-forge/noarch/tinycss2-1.4.0-pyhd8ed1ab_0.conda#f1acf5fdefa8300de697982bcb1761c9
https://conda.anaconda.org/conda-forge/noarch/tqdm-4.68.4-pyha7b4d00_0.conda#a4708e48840dbcca9cb9c4344226080c
https://conda.anaconda.org/conda-forge/noarch/typing-extensions-4.16.0-h69aa097_0.conda#c680b5747e8c4c8f23dca0bb7042a8fc
https://conda.anaconda.org/conda-forge/noarch/typing-inspection-0.4.2-pyhcf101f3_2.conda#53f5409c5cfd6c5a66417d68e3f0a864
https://conda.anaconda.org/conda-forge/noarch/werkzeug-3.1.8-pyhcf101f3_0.conda#3eeca039e7316268627f4116da9df64c
https://conda.anaconda.org/conda-forge/noarch/wheel-0.47.0-pyhd8ed1ab_0.conda#d0e3b2f0030cf4fca58bde71d246e94c
https://conda.anaconda.org/conda-forge/noarch/_python_abi3_support-1.0-hd8ed1ab_2.conda#aaa2a381ccc56eac91d63b6c1240312f
https://conda.anaconda.org/conda-forge/noarch/annotated-types-0.7.0-pyhd8ed1ab_1.conda#2934f256a8acfe48f6ebb4fce6cde29c
https://conda.anaconda.org/conda-forge/noarch/anyio-4.14.2-pyhcf101f3_0.conda#fb568fbae6908ba86a090a85a089d11f
https://conda.anaconda.org/conda-forge/win-64/argon2-cffi-bindings-25.1.0-py311h3485c13_2.conda#5fde0926a521a37d454a5e3162cb6e51
https://conda.anaconda.org/conda-forge/noarch/arrow-1.4.0-pyhcf101f3_0.conda#85c4f19f377424eafc4ed7911b291642
https://conda.anaconda.org/conda-forge/win-64/aws-c-auth-0.8.6-h0855a55_4.conda#360a1172089a53de60490acf8f68b79f
https://conda.anaconda.org/conda-forge/win-64/aws-c-mqtt-0.12.2-h92a58f8_2.conda#ebd9558316efaec49b87b50100db0ca1
https://conda.anaconda.org/conda-forge/noarch/beautifulsoup4-4.15.0-pyha770c72_0.conda#3b261da3fe9b4168738712832410b022
https://conda.anaconda.org/conda-forge/noarch/bleach-with-css-6.4.0-hac0b51c_0.conda#5f710eab1f3c4e773c75686f5e8e6481
https://conda.anaconda.org/conda-forge/win-64/contourpy-1.3.3-py311h275cad7_4.conda#9fb1f375c704c5287c97c60f6a88d137
https://conda.anaconda.org/conda-forge/win-64/fontconfig-2.18.1-hd47e2ca_0.conda#abd79bad98c99c1a116154d6de74ea89
https://conda.anaconda.org/conda-forge/win-64/fonttools-4.63.0-py311h3f79411_0.conda#34ad635a09253ec93707415d5a65e27c
https://conda.anaconda.org/conda-forge/noarch/fqdn-1.5.1-pyhd8ed1ab_1.conda#d3549fd50d450b6d9e7dddff25dd2110
https://conda.anaconda.org/conda-forge/win-64/freetype-2.14.3-h57928b3_1.conda#e77293b32225b136a8be300f93d0e89f
https://conda.anaconda.org/conda-forge/win-64/grpcio-1.71.0-py311h05171df_0.conda#5158ff904be87241e75cdd73e71e6820
https://conda.anaconda.org/conda-forge/win-64/h5py-3.16.0-nompi_py311hc40ba4b_102.conda#9115b1b05f7fa1b3c53a25f44c0aaafe
https://conda.anaconda.org/conda-forge/noarch/ipython-9.15.0-pyhe2676ad_0.conda#a4c278221ad4da75ba1637f8d230e658
https://conda.anaconda.org/conda-forge/noarch/jsonschema-specifications-2025.9.1-pyhcf101f3_0.conda#439cd0f567d697b20a8f45cb70a1005a
https://conda.anaconda.org/conda-forge/noarch/jupyter-builder-1.1.0-pyhcf101f3_0.conda#67e33322de030b8b1852ee883002ec5b
https://conda.anaconda.org/conda-forge/noarch/jupyter_client-8.9.1-pyhcf101f3_0.conda#49440e66df843bee2273937e8032ec43
https://conda.anaconda.org/conda-forge/noarch/jupyter_server_terminals-0.5.4-pyhcf101f3_0.conda#7b8bace4943e0dc345fc45938826f2b8
https://repo.anaconda.com/pkgs/main/win-64/lcms2-2.17-h3732fa5_0.conda#5b0df25986193f68b6fdb8df87d192d5
https://conda.anaconda.org/conda-forge/win-64/libgoogle-cloud-2.36.0-hf249c01_1.conda#2842dfad9b784ab71293915db73ff093
https://conda.anaconda.org/conda-forge/noarch/markdown-3.10.2-pyhcf101f3_0.conda#ba0a9221ce1063f31692c07370d062f3
https://conda.anaconda.org/conda-forge/win-64/mkl-2023.1.0-h6a75c08_48682.conda#178c90a4d129d2c25150220a866b422d
https://conda.anaconda.org/conda-forge/win-64/ml_dtypes-0.5.4-np2py311hf2e69b3_1.conda#44576774aa4327df05bdb96171543599
https://conda.anaconda.org/conda-forge/win-64/numba-0.65.1-py311h34437f8_1.conda#e1cb9bbb5d53c03c2fc45b527ecfa310
https://conda.anaconda.org/conda-forge/win-64/openjpeg-2.5.4-h0e57b4f_0.conda#e723ab7cc2794c954e1b22fde51c16e4
https://conda.anaconda.org/conda-forge/win-64/optree-0.19.1-py311h3fd045d_0.conda#17caaf0594c7319fca76c853feb8e3f5
https://conda.anaconda.org/conda-forge/win-64/pandas-3.0.3-py311h0610301_0.conda#9656a201c2120159036ee645e5ceae59
https://conda.anaconda.org/conda-forge/noarch/pip-26.1.2-pyh8b19718_0.conda#511fbc2c63d2c73650ad1755e4d357ba
https://conda.anaconda.org/conda-forge/win-64/pydantic-core-2.46.4-py311hf51aa87_0.conda#85efdb748cbec9210e718c4a8860749c
https://conda.anaconda.org/conda-forge/noarch/pytest-9.1.1-pyhc364b38_2.conda#64c98a12c4e23eb238bf66bbecafdf3c
https://conda.anaconda.org/conda-forge/noarch/rich-15.0.0-pyhcf101f3_0.conda#0242025a3c804966bf71aa04eee82f66
https://conda.anaconda.org/conda-forge/win-64/scipy-1.17.1-py311h9c22a71_1.conda#0635502eadb751abecd2c68af249f50f
https://conda.anaconda.org/conda-forge/win-64/ukkonen-1.1.0-py311h3fd045d_0.conda#fb1cf06b4259739eaa61d94bc219c0e8
https://conda.anaconda.org/conda-forge/noarch/urllib3-2.7.0-pyhd8ed1ab_0.conda#cbb88288f74dbe6ada1c6c7d0a97223e
https://conda.anaconda.org/conda-forge/noarch/virtualenv-21.6.1-pyhcf101f3_0.conda#d88ad67ad6d55077bd1751736f3e84c1
https://conda.anaconda.org/conda-forge/noarch/argon2-cffi-25.1.0-pyhd8ed1ab_0.conda#8ac12aff0860280ee0cff7fa2cf63f3b
https://conda.anaconda.org/conda-forge/win-64/ast-serialize-0.6.0-py310ha413424_0.conda#76c848548ac90971be931212647a2639
https://conda.anaconda.org/conda-forge/win-64/aws-c-s3-0.7.13-h1a6e373_2.conda#8c1ec3fc6a7f03e66eaf958da28f6ceb
https://conda.anaconda.org/conda-forge/win-64/blas-1.0-mkl.tar.bz2#f621d7bbe874786272e62d72c5a7b4fc
https://conda.anaconda.org/conda-forge/win-64/cairo-1.18.0-h91e5215_2.conda#7a0b2818b003bd79106c29f55126d2c3
https://conda.anaconda.org/conda-forge/noarch/httpcore-1.0.9-pyh29332c3_0.conda#4f14640d58e2cc0aa0819d9d8ba125bb
https://conda.anaconda.org/conda-forge/noarch/identify-2.6.19-pyhd8ed1ab_0.conda#84a3233b709a289a4ddd7a2fd27dd988
https://conda.anaconda.org/conda-forge/noarch/ipykernel-7.3.0-pyh6dadd2b_0.conda#dd5c51d5c42381ba4a2e0ce32e02ba17
https://conda.anaconda.org/conda-forge/noarch/ipywidgets-8.1.8-pyhd8ed1ab_0.conda#d68e3f70d1f068f1b66d94822fdc644e
https://conda.anaconda.org/conda-forge/noarch/isoduration-20.11.0-pyhd8ed1ab_1.conda#0b0154421989637d424ccf0f104be51a
https://conda.anaconda.org/conda-forge/noarch/jsonschema-4.26.0-pyhcf101f3_0.conda#ada41c863af263cc4c5fcbaff7c3e4dc
https://conda.anaconda.org/conda-forge/noarch/keras-3.11.2-pyh753f3f9_0.conda#ad0b91bf2bab8992ae5869f0fce16301
https://conda.anaconda.org/conda-forge/win-64/libgoogle-cloud-storage-2.36.0-he5eb982_1.conda#8b5af0aa84ff9c2117c1cefc07622800
https://conda.anaconda.org/conda-forge/win-64/polars-runtime-32-1.42.1-py310hd2b7e2a_0.conda#e5210f4f68aee63ed0687f496767d366
https://conda.anaconda.org/conda-forge/noarch/pydantic-2.13.4-pyhcf101f3_0.conda#729843edafc0899b3348bd3f19525b9d
https://conda.anaconda.org/conda-forge/noarch/pytest-cov-7.1.0-pyhcf101f3_0.conda#67d1790eefa81ed305b89d8e314c7923
https://conda.anaconda.org/conda-forge/noarch/requests-2.34.2-pyhcf101f3_0.conda#4a85203c1d80c1059086ae860836ffb9
https://conda.anaconda.org/conda-forge/win-64/scikit-learn-1.9.0-np2py311hd01f973_0.conda#e4ccdf47b6d2070ae414d42e4c9903d7
https://conda.anaconda.org/conda-forge/noarch/tensorboard-2.18.0-pyhd8ed1ab_1.conda#90a735b377427589728e588b5241a253
https://conda.anaconda.org/conda-forge/noarch/typer-0.26.8-pyhcf101f3_0.conda#8bd9c1e0ff3a31a11e21c3f04c2d0f8b
https://conda.anaconda.org/conda-forge/win-64/aws-crt-cpp-0.31.0-h91694c7_4.conda#71839111bfce36c7402d6913a6fda86a
https://repo.anaconda.com/pkgs/main/win-64/harfbuzz-10.2.0-he2f9f60_1.conda#c94bd5c51054aaa1151f22d83e3bc8c3
https://conda.anaconda.org/conda-forge/noarch/httpx-0.28.1-pyhd8ed1ab_0.conda#d6989ead454181f4f9bc987d3dc4e285
https://conda.anaconda.org/conda-forge/noarch/jsonschema-with-format-nongpl-4.26.0-hcf101f3_0.conda#8368d58342d0825f0843dc6acdd0c483
https://conda.anaconda.org/conda-forge/win-64/mypy-2.2.0-py311h4ea48c9_0.conda#f4305d64faae96d4bb91a095417cb5c5
https://conda.anaconda.org/conda-forge/noarch/nbformat-5.10.4-pyhd8ed1ab_1.conda#bbe1963f1e47f594070ffe87cdf612ea
https://conda.anaconda.org/conda-forge/noarch/polars-1.42.1-pyh58ad624_0.conda#4e315d6adb68e84890cd7a630b2f316f
https://conda.anaconda.org/conda-forge/noarch/pre-commit-4.6.0-pyha770c72_0.conda#7859736b4f8ebe6c8481bf48d91c9a1e
https://conda.anaconda.org/pytorch/win-64/pytorch-2.5.1-py3.11_cpu_0.tar.bz2#51ec6b42ce6781811b80ba26e2d8a88c
https://repo.anaconda.com/pkgs/main/win-64/tensorflow-base-2.18.1-cpu_py311h1ab519a_0.conda#e45c0047dde4f75ade31369ec328acd6
https://conda.anaconda.org/conda-forge/win-64/aws-sdk-cpp-1.11.510-h2bfe9dd_3.conda#b30c2a98185d501c92ca120ceb245b3f
https://conda.anaconda.org/conda-forge/noarch/jupyter_events-0.12.1-pyhcf101f3_0.conda#bf42ee94c750c0b2e7e998b79ac299ea
https://conda.anaconda.org/conda-forge/noarch/nbclient-0.11.0-pyhd8ed1ab_0.conda#cf01a81d7960ad9c829bf2e794fcee9a
https://repo.anaconda.com/pkgs/main/win-64/pillow-12.0.0-py311h4212202_1.conda#73c10f2299ae9f46ac86444bfd43e137
https://repo.anaconda.com/pkgs/main/win-64/qtbase-6.9.2-hd965823_2.conda#fa54d9a80b526b8ae389729ff94e5ddf
https://repo.anaconda.com/pkgs/main/win-64/tensorflow-2.18.1-cpu_py311h6605a60_0.conda#189bb22011389bb4e095956e8212c0e3
https://conda.anaconda.org/pytorch/win-64/torchaudio-2.5.1-py311_cpu.tar.bz2#0b243f3fecbd2b4efb88fbaa7e5c327a
https://conda.anaconda.org/conda-forge/win-64/libarrow-19.0.1-h3d30abe_5_cpu.conda#efd255eed0213fa36b806d603688d5eb
https://repo.anaconda.com/pkgs/main/win-64/matplotlib-base-3.11.0-py311h330ff07_0.conda#3025e934aed892f4da275e7622a9d302
https://conda.anaconda.org/conda-forge/noarch/nbconvert-core-7.17.1-pyhcf101f3_0.conda#2bce0d047658a91b99441390b9b27045
https://repo.anaconda.com/pkgs/main/win-64/qtshadertools-6.9.2-heb02b0b_1.conda#bdc41926af3affcd11b266e7c8577912
https://repo.anaconda.com/pkgs/main/win-64/qtsvg-6.9.2-h30ace32_1.conda#3f4ab5815a649c9e864ba79d5ec0490d
https://conda.anaconda.org/pytorch/win-64/torchvision-0.20.1-py311_cpu.tar.bz2#72014231ece66f78aacb0be9a90117de
https://conda.anaconda.org/conda-forge/noarch/jupyter_server-2.20.0-pyhcf101f3_0.conda#b2ddb0e13b5600070c4019c4db8a78e6
https://conda.anaconda.org/conda-forge/win-64/libarrow-acero-19.0.1-h7d8d6a5_5_cpu.conda#ef9f7b6b10962b8dd76836fad973d0e1
https://conda.anaconda.org/conda-forge/win-64/libparquet-19.0.1-ha850022_5_cpu.conda#56692180ad1e0c0465da48f03e0034f5
https://conda.anaconda.org/conda-forge/win-64/pyarrow-core-19.0.1-py311ha836b3b_2_cpu.conda#96eeeda0830118648dc34e790156334d
https://repo.anaconda.com/pkgs/main/win-64/qtdeclarative-6.9.2-h88b4c33_1.conda#e36977b7442d115ffa88735acd0d73b2
https://conda.anaconda.org/conda-forge/noarch/jupyter-lsp-2.3.1-pyhcf101f3_0.conda#0c3b465ceee138b9c39279cc02e5c4a0
https://conda.anaconda.org/conda-forge/noarch/jupyterlab_server-2.28.0-pyhcf101f3_0.conda#a63877cb23de826b1620d3adfccc4014
https://conda.anaconda.org/conda-forge/win-64/libarrow-dataset-19.0.1-h7d8d6a5_5_cpu.conda#e925f0b791c79985cca7e2f8cf5ce37e
https://conda.anaconda.org/conda-forge/noarch/notebook-shim-0.2.4-pyhd8ed1ab_1.conda#e7f89ea5f7ea9401642758ff50a2d9c1
https://repo.anaconda.com/pkgs/main/win-64/qttools-6.9.2-h7e7b719_1.conda#8f9a33d8bc486435834d1e3ad1a6b8a1
https://repo.anaconda.com/pkgs/main/win-64/qtwebchannel-6.9.2-heb02b0b_1.conda#2a5ad938f762aa7a563c8fbc703932f1
https://repo.anaconda.com/pkgs/main/win-64/qtwebsockets-6.9.2-heb02b0b_1.conda#95949c9285a9477c1fcc4eabb061a965
https://conda.anaconda.org/conda-forge/noarch/jupyterlab-4.6.1-pyhd8ed1ab_0.conda#7ba07211c94d434f3223a4418f8b1ff8
https://conda.anaconda.org/conda-forge/win-64/libarrow-substrait-19.0.1-hb76e781_5_cpu.conda#3c5f8079fa4c8022026d1848c2b2929e
https://repo.anaconda.com/pkgs/main/win-64/qtwebengine-6.9.2-hebbe641_0.conda#3b6bef28a92faae34185ecb7208e833e
https://conda.anaconda.org/conda-forge/win-64/pyarrow-19.0.1-py311h1ea47a8_2.conda#5bcc13606f2afa2f2276de24c9b94aef
https://repo.anaconda.com/pkgs/main/win-64/pyside6-6.9.2-py311h151a370_0.conda#6e8c613721da26c2c06586a9dbd7cf9d
https://conda.anaconda.org/conda-forge/win-64/matplotlib-3.11.0-py311h1ea47a8_1.conda#9f0e091c1be3e8f660b356515ad1be9e
