# Generated by conda-lock.
# platform: linux-aarch64
# input_hash: 4a1d5943f4b5dc3bfe8b95187e3f721898ceb12bb0f95651fb98583a3af168c8
@EXPLICIT
https://conda.anaconda.org/conda-forge/noarch/font-ttf-dejavu-sans-mono-2.37-hab24e00_0.tar.bz2#0c96522c6bdaed4b1566d11387caaf45
https://conda.anaconda.org/conda-forge/noarch/font-ttf-inconsolata-3.000-h77eed37_0.tar.bz2#34893075a5c9e55cdafac56607368fc6
https://conda.anaconda.org/conda-forge/noarch/font-ttf-source-code-pro-2.038-h77eed37_0.tar.bz2#4d59c254e01d9cde7957100457e2d5fb
https://conda.anaconda.org/conda-forge/noarch/font-ttf-ubuntu-0.83-h77eed37_3.conda#49023d73832ef61042f6a237cb2687e7
https://conda.anaconda.org/conda-forge/linux-aarch64/libglvnd-1.7.0-hd24410f_2.conda#9e115653741810778c9a915a2f8439e7
https://conda.anaconda.org/conda-forge/linux-aarch64/libopentelemetry-cpp-headers-1.18.0-h8af1aa0_1.conda#282193b19a19e3b5d75d18ef82713ef0
https://conda.anaconda.org/conda-forge/linux-aarch64/llvm-openmp-21.1.8-he40846f_0.conda#028273c4b977ab88424464cc36f45cc9
https://conda.anaconda.org/conda-forge/linux-aarch64/nlohmann_json-3.12.0-h7ac5ae9_1.conda#6cbb2594cea5f2cc2907170655852ba9
https://conda.anaconda.org/conda-forge/noarch/nomkl-1.0-h5ca1d4c_0.tar.bz2#9a66894dfd07c4510beb6b3f9672ccc0
https://conda.anaconda.org/conda-forge/noarch/python_abi-3.11-8_cp311.conda#8fcb6b0e2161850556231336dae58358
https://conda.anaconda.org/pytorch/noarch/pytorch-mutex-1.0-cpu.tar.bz2#49565ed726991fd28d08a39885caa88d
https://conda.anaconda.org/conda-forge/noarch/tzdata-2025c-hc9c84f9_1.conda#ad659d0a2b3e47e38d829aa8cad2d610
https://conda.anaconda.org/conda-forge/linux-aarch64/_openmp_mutex-4.5-7_kmp_llvm.conda#ebcfdf7d6198fdb6f31f0e72efb15a26
https://conda.anaconda.org/conda-forge/noarch/ca-certificates-2025.11.12-hbd8a1cb_0.conda#f0991f0f84902f6b6009b4d2350a83aa
https://conda.anaconda.org/pytorch/noarch/cpuonly-2.0-0.tar.bz2#1cf3a59ef90a4078c253e3b02c272065
https://conda.anaconda.org/conda-forge/noarch/fonts-conda-forge-1-hc364b38_1.conda#a7970cd949a077b7cb9696379d338681
https://conda.anaconda.org/conda-forge/linux-aarch64/libegl-1.7.0-hd24410f_2.conda#cf105bce884e4ef8c8ccdca9fe6695e7
https://conda.anaconda.org/conda-forge/noarch/libml_dtypes-headers-0.5.4-h707e725_0.conda#597a39bc0946262b29644366059cd109
https://conda.anaconda.org/conda-forge/linux-aarch64/libopengl-1.7.0-hd24410f_2.conda#cf9d12bfab305e48d095a4c79002c922
https://conda.anaconda.org/conda-forge/noarch/fonts-conda-ecosystem-1-0.tar.bz2#fee5683a3f04bd15cbd8318b096a27ab
https://conda.anaconda.org/conda-forge/linux-aarch64/libgcc-15.2.0-h8acb6b2_16.conda#cf9cd6739a3b694dcf551d898e112331
https://conda.anaconda.org/conda-forge/linux-aarch64/alsa-lib-1.2.15.1-he30d5cf_0.conda#50a88426e78ae8eb7d52072ba2e8db21
https://conda.anaconda.org/conda-forge/linux-aarch64/aws-c-common-0.12.0-h86ecc28_0.conda#1bd8d42edfc6938ad2ca05769127b5f7
https://conda.anaconda.org/conda-forge/linux-aarch64/bzip2-1.0.8-h4777abc_8.conda#2921ac0b541bf37c69e66bd6d9a43bca
https://conda.anaconda.org/conda-forge/linux-aarch64/c-ares-1.34.6-he30d5cf_0.conda#1dfbec0d08f112103405756181304c16
https://conda.anaconda.org/conda-forge/linux-aarch64/keyutils-1.6.3-h86ecc28_0.conda#e7df0aab10b9cbb73ab2a467ebfaf8c7
https://conda.anaconda.org/conda-forge/linux-aarch64/libbrotlicommon-1.1.0-he30d5cf_4.conda#a94d4448efbf2053f07342bf56ea0607
https://conda.anaconda.org/conda-forge/linux-aarch64/libdeflate-1.25-h1af38f5_0.conda#a9138815598fe6b91a1d6782ca657b0c
https://conda.anaconda.org/conda-forge/linux-aarch64/libexpat-2.7.3-hfae3067_0.conda#b414e36fbb7ca122030276c75fa9c34a
https://conda.anaconda.org/conda-forge/linux-aarch64/libffi-3.5.2-hd65408f_0.conda#0c5ad486dcfb188885e3cf8ba209b97b
https://conda.anaconda.org/conda-forge/linux-aarch64/libgcc-ng-15.2.0-he9431aa_16.conda#3e54a6d0f2ff0172903c0acfda9efc0e
https://conda.anaconda.org/conda-forge/linux-aarch64/libgfortran5-15.2.0-h1b7bec0_16.conda#87b4ffedaba8b4d675479313af74f612
https://conda.anaconda.org/conda-forge/linux-aarch64/libiconv-1.18-h90929bb_2.conda#5a86bf847b9b926f3a4f203339748d78
https://conda.anaconda.org/conda-forge/linux-aarch64/libjpeg-turbo-3.1.2-he30d5cf_0.conda#5109d7f837a3dfdf5c60f60e311b041f
https://conda.anaconda.org/conda-forge/linux-aarch64/liblzma-5.8.1-h86ecc28_2.conda#7d362346a479256857ab338588190da0
https://conda.anaconda.org/conda-forge/linux-aarch64/libnsl-2.0.1-h86ecc28_1.conda#d5d58b2dc3e57073fe22303f5fed4db7
https://conda.anaconda.org/conda-forge/linux-aarch64/libpciaccess-0.18-h86ecc28_0.conda#5044e160c5306968d956c2a0a2a440d6
https://conda.anaconda.org/conda-forge/linux-aarch64/libstdcxx-15.2.0-hef695bb_16.conda#52d9df8055af3f1665ba471cce77da48
https://conda.anaconda.org/conda-forge/linux-aarch64/libutf8proc-2.10.0-hb15dbc2_0.conda#4f9f12d268e0d74e7ac839869fbeb313
https://conda.anaconda.org/conda-forge/linux-aarch64/libuuid-2.41.3-h1022ec0_0.conda#cf2861212053d05f27ec49c3784ff8bb
https://conda.anaconda.org/conda-forge/linux-aarch64/libuv-1.51.0-he30d5cf_1.conda#8e62bf5af966325ee416f19c6f14ffa3
https://conda.anaconda.org/conda-forge/linux-aarch64/libwebp-base-1.6.0-ha2e29f5_0.conda#24e92d0942c799db387f5c9d7b81f1af
https://conda.anaconda.org/conda-forge/linux-aarch64/libzlib-1.3.1-h86ecc28_2.conda#08aad7cbe9f5a6b460d0976076b6ae64
https://conda.anaconda.org/conda-forge/linux-aarch64/ncurses-6.5-ha32ae93_3.conda#182afabe009dc78d8b73100255ee6868
https://conda.anaconda.org/conda-forge/linux-aarch64/openssl-3.6.0-h8e36d6e_0.conda#7624c6e01aecba942e9115e0f5a2af9d
https://conda.anaconda.org/conda-forge/linux-aarch64/pthread-stubs-0.4-h86ecc28_1002.conda#bb5a90c93e3bac3d5690acf76b4a6386
https://conda.anaconda.org/conda-forge/linux-aarch64/rav1e-0.7.1-ha3529ed_3.conda#0a6e034273782e6e863d46f1d2a5078b
https://conda.anaconda.org/conda-forge/linux-aarch64/xorg-libice-1.1.2-h86ecc28_0.conda#c8d8ec3e00cd0fd8a231789b91a7c5b7
https://conda.anaconda.org/conda-forge/linux-aarch64/xorg-libxau-1.0.12-he30d5cf_1.conda#1c246e1105000c3660558459e2fd6d43
https://conda.anaconda.org/conda-forge/linux-aarch64/xorg-libxdmcp-1.1.5-he30d5cf_1.conda#bff06dcde4a707339d66d45d96ceb2e2
https://conda.anaconda.org/conda-forge/linux-aarch64/yaml-0.2.5-h80f16a2_3.conda#032d8030e4a24fe1f72c74423a46fb88
https://conda.anaconda.org/conda-forge/linux-aarch64/aws-c-cal-0.8.7-hecd3a65_0.conda#07cc32f1b707c6d887fc40cf53fe9fbc
https://conda.anaconda.org/conda-forge/linux-aarch64/aws-c-compression-0.3.1-hf8d13f6_2.conda#92a50963d4cff24f07bc644514b8e817
https://conda.anaconda.org/conda-forge/linux-aarch64/aws-c-sdkutils-0.2.3-hf8d13f6_2.conda#1e0d09b207109491bc02a97c7e2cf6b4
https://conda.anaconda.org/conda-forge/linux-aarch64/aws-checksums-0.2.3-hf8d13f6_2.conda#b7aa86c0fde8adbb2263d00c8b407040
https://conda.anaconda.org/conda-forge/linux-aarch64/dav1d-1.2.1-h31becfc_0.conda#6e5a87182d66b2d1328a96b61ca43a62
https://conda.anaconda.org/conda-forge/linux-aarch64/double-conversion-3.3.1-h5ad3122_0.conda#399959d889e1a73fc99f12ce480e77e1
https://conda.anaconda.org/conda-forge/linux-aarch64/flatbuffers-24.12.23-hb76e14f_0.conda#9308cc23dde88cee8bb791d68a54c106
https://conda.anaconda.org/conda-forge/linux-aarch64/gflags-2.2.2-h5ad3122_1005.conda#4ff634d515abbf664774b5e1168a9744
https://conda.anaconda.org/conda-forge/linux-aarch64/giflib-5.2.2-h31becfc_0.conda#2f809afaf0ba1ea4135dce158169efac
https://conda.anaconda.org/conda-forge/linux-aarch64/graphite2-1.3.14-hfae3067_2.conda#4aa540e9541cc9d6581ab23ff2043f13
https://conda.anaconda.org/conda-forge/linux-aarch64/lerc-4.0.0-hfdc4d58_1.conda#60dceb7e876f4d74a9cbd42bbbc6b9cf
https://conda.anaconda.org/conda-forge/linux-aarch64/libabseil-20240722.0-cxx17_h18dbdb1_4.conda#633b9fe454ffea2aaf29e191d946a83b
https://conda.anaconda.org/conda-forge/linux-aarch64/libaec-1.1.4-h1e66f74_0.conda#6360d4091c919d6e185f1fc3ac36716e
https://conda.anaconda.org/conda-forge/linux-aarch64/libbrotlidec-1.1.0-he30d5cf_4.conda#2ca8c800d43a86ea1c5108ff9400560e
https://conda.anaconda.org/conda-forge/linux-aarch64/libbrotlienc-1.1.0-he30d5cf_4.conda#275458cac08857155a1add14524634bb
https://conda.anaconda.org/conda-forge/linux-aarch64/libdrm-2.4.125-he30d5cf_1.conda#2079727b538f6dd16f3fa579d4c3c53f
https://conda.anaconda.org/conda-forge/linux-aarch64/libedit-3.1.20250104-pl5321h976ea20_0.conda#fb640d776fc92b682a14e001980825b1
https://conda.anaconda.org/conda-forge/linux-aarch64/libev-4.33-h31becfc_2.conda#a9a13cb143bbaa477b1ebaefbe47a302
https://conda.anaconda.org/conda-forge/linux-aarch64/libevent-2.1.12-h4ba1bb4_1.conda#96ae6083cd1ac9f6bc81631ac835b317
https://conda.anaconda.org/conda-forge/linux-aarch64/libgfortran-15.2.0-he9431aa_16.conda#776cca322459d09aad229a49761c0654
https://conda.anaconda.org/conda-forge/linux-aarch64/libntlm-1.4-hf897c2e_1002.tar.bz2#835c7c4137821de5c309f4266a51ba89
https://conda.anaconda.org/conda-forge/linux-aarch64/libpng-1.6.53-h1abf092_0.conda#7591d867dbcba9eb7fb5e88a5f756591
https://conda.anaconda.org/conda-forge/linux-aarch64/libsodium-1.0.20-h68df207_0.conda#2e4a8f23bebdcb85ca8e5a0fbe75666a
https://conda.anaconda.org/conda-forge/linux-aarch64/libsqlite-3.51.1-h022381a_1.conda#e58189dfb17dd3f871427bd2fe8dd99b
https://conda.anaconda.org/conda-forge/linux-aarch64/libssh2-1.11.1-h18c354c_0.conda#eecc495bcfdd9da8058969656f916cc2
https://conda.anaconda.org/conda-forge/linux-aarch64/libstdcxx-ng-15.2.0-hdbbeba8_16.conda#20b7f96f58ccbe8931c3a20778fb3b32
https://conda.anaconda.org/conda-forge/linux-aarch64/libxcb-1.17.0-h262b8f6_0.conda#cd14ee5cca2464a425b1dbfc24d90db2
https://conda.anaconda.org/conda-forge/linux-aarch64/libxcrypt-4.4.36-h31becfc_1.conda#b4df5d7d4b63579d081fd3a4cf99740e
https://conda.anaconda.org/conda-forge/linux-aarch64/lz4-c-1.10.0-h5ad3122_1.conda#6654e411da94011e8fbe004eacb8fe11
https://conda.anaconda.org/conda-forge/linux-aarch64/openfst-1.8.3-h17cf362_3.conda#b8a27c555c0a8ff1b12b175100002ecd
https://conda.anaconda.org/conda-forge/linux-aarch64/pcre2-10.46-h15761aa_0.conda#5128cb5188b630a58387799ea1366e37
https://conda.anaconda.org/conda-forge/linux-aarch64/pixman-0.46.4-h7ac5ae9_1.conda#1587081d537bd4ae77d1c0635d465ba5
https://conda.anaconda.org/conda-forge/linux-aarch64/readline-8.3-hb682ff5_0.conda#3d49cad61f829f4f0e0611547a9cda12
https://conda.anaconda.org/conda-forge/linux-aarch64/s2n-1.5.14-h2975ace_0.conda#c1f0e52894ce330d5695d7d64a787677
https://conda.anaconda.org/conda-forge/linux-aarch64/sleef-3.9.0-h5bb93e2_0.conda#b90e82764e7de5a291e263ead7950ad4
https://conda.anaconda.org/conda-forge/linux-aarch64/snappy-1.2.2-he774c54_1.conda#3dec912091fb88614afa0af2712c1362
https://conda.anaconda.org/conda-forge/linux-aarch64/svt-av1-3.1.2-hfae3067_0.conda#7602d3004ed53b3f8e5e0e04e5de4de7
https://conda.anaconda.org/conda-forge/linux-aarch64/tk-8.6.13-noxft_h561c983_103.conda#631db4799bc2bfe4daccf80bb3cbc433
https://conda.anaconda.org/conda-forge/linux-aarch64/wayland-1.24.0-h4f8a99f_1.conda#f6966cb1f000c230359ae98c29e37d87
https://conda.anaconda.org/conda-forge/linux-aarch64/xorg-libsm-1.2.6-h0808dbd_0.conda#2d1409c50882819cb1af2de82e2b7208
https://conda.anaconda.org/conda-forge/linux-aarch64/zlib-1.3.1-h86ecc28_2.conda#bc230abb5d21b63ff4799b0e75204783
https://conda.anaconda.org/conda-forge/linux-aarch64/zlib-ng-2.3.2-ha7cb516_1.conda#055d3357e5d6f57291a687c6983e1884
https://conda.anaconda.org/conda-forge/linux-aarch64/zstd-1.5.7-h85ac4a6_6.conda#c3655f82dcea2aa179b291e7099c1fcc
https://conda.anaconda.org/conda-forge/linux-aarch64/aom-3.9.1-hcccb83c_0.conda#cc744ac4efe5bcaa8cca51ff5b850df0
https://conda.anaconda.org/conda-forge/linux-aarch64/aws-c-io-0.17.0-h7301f71_6.conda#4a511600ec5f83bf6e84cbed1841dd38
https://conda.anaconda.org/conda-forge/linux-aarch64/brotli-bin-1.1.0-he30d5cf_4.conda#42461478386a95cc4535707fc0e2fb57
https://conda.anaconda.org/conda-forge/linux-aarch64/glog-0.7.1-h468a4a4_0.conda#08940a32c6ced3703d1412dd37df4f62
https://conda.anaconda.org/conda-forge/linux-aarch64/gmp-6.3.0-h0a1ffab_2.conda#7cbfb3a8bb1b78a7f5518654ac6725ad
https://conda.anaconda.org/conda-forge/linux-aarch64/icu-75.1-hf9b3779_0.conda#268203e8b983fddb6412b36f2024e75c
https://conda.anaconda.org/conda-forge/linux-aarch64/krb5-1.21.3-h50a48e9_0.conda#29c10432a2ca1472b53f299ffb2ffa37
https://conda.anaconda.org/conda-forge/linux-aarch64/ld_impl_linux-aarch64-2.45-default_h1979696_105.conda#849c4cbbf8dd1d71e66c13afed1d2f12
https://conda.anaconda.org/conda-forge/linux-aarch64/libcrc32c-1.1.2-h01db608_0.tar.bz2#268ee639c17ada0002fb04dd21816cc2
https://conda.anaconda.org/conda-forge/linux-aarch64/libde265-1.0.15-h2a328a1_0.conda#c5417cadddd73ace53e7152d8265f16a
https://conda.anaconda.org/conda-forge/linux-aarch64/libfreetype6-2.14.1-hdae7a39_0.conda#9c2f56b6e011c6d8010ff43b796aab2f
https://conda.anaconda.org/conda-forge/linux-aarch64/libglib-2.86.2-he84ff74_0.conda#d184d68eaa57125062786e10440ff461
https://conda.anaconda.org/conda-forge/linux-aarch64/libnghttp2-1.67.0-ha888d0e_0.conda#981082c1cc262f514a5a2cf37cab9b81
https://conda.anaconda.org/conda-forge/linux-aarch64/libopenblas-0.3.30-pthreads_h9d3fd7e_4.conda#11d7d57b7bdd01da745bbf2b67020b2e
https://conda.anaconda.org/conda-forge/linux-aarch64/libprotobuf-5.28.3-h44a3b7b_1.conda#68f807f7cc13951652bbe048253fd405
https://conda.anaconda.org/conda-forge/linux-aarch64/libre2-11-2024.07.02-h18dbdb1_2.conda#9a7dbbaab49f76a6f36e5c9d98e323a7
https://conda.anaconda.org/conda-forge/linux-aarch64/libthrift-0.21.0-h154c74f_0.conda#c28792bf37f4ecdce8e3cb9e40750650
https://conda.anaconda.org/conda-forge/linux-aarch64/libtiff-4.7.1-hdb009f0_1.conda#8c6fd84f9c87ac00636007c6131e457d
https://conda.anaconda.org/conda-forge/linux-aarch64/qhull-2020.2-h70be974_5.conda#bb138086d938e2b64f5f364945793ebf
https://conda.anaconda.org/conda-forge/linux-aarch64/x265-3.5-hdd96247_3.tar.bz2#786853760099c74a1d4f0da98dd67aea
https://conda.anaconda.org/conda-forge/linux-aarch64/xcb-util-0.4.1-hca56bd8_2.conda#159ffec8f7fab775669a538f0b29373a
https://conda.anaconda.org/conda-forge/linux-aarch64/xcb-util-keysyms-0.4.1-h5c728e9_0.conda#57ca8564599ddf8b633c4ea6afee6f3a
https://conda.anaconda.org/conda-forge/linux-aarch64/xcb-util-renderutil-0.3.10-h5c728e9_0.conda#7beeda4223c5484ef72d89fb66b7e8c1
https://conda.anaconda.org/conda-forge/linux-aarch64/xcb-util-wm-0.4.2-h5c728e9_0.conda#f14dcda6894722e421da2b7dcffb0b78
https://conda.anaconda.org/conda-forge/linux-aarch64/xorg-libx11-1.8.12-hca56bd8_0.conda#3df132f0048b9639bc091ef22937c111
https://conda.anaconda.org/conda-forge/linux-aarch64/aws-c-event-stream-0.5.4-hcb500a6_2.conda#4e3e0d3bccb09d116cba9a66acb002a9
https://conda.anaconda.org/conda-forge/linux-aarch64/aws-c-http-0.9.4-hb17b6f7_4.conda#c67e3ce222c5e1bbf2fc4f811ea84053
https://conda.anaconda.org/conda-forge/linux-aarch64/brotli-1.1.0-he30d5cf_4.conda#65e3d3c3bcad1aaaf9df12e7dec3368d
https://conda.anaconda.org/conda-forge/linux-aarch64/cyrus-sasl-2.1.28-h6c5dea3_0.conda#b6d06b46e791add99cc39fbbc34530d5
https://conda.anaconda.org/conda-forge/linux-aarch64/dbus-1.16.2-h70963c4_1.conda#a4b6b82427d15f0489cef0df2d82f926
https://conda.anaconda.org/conda-forge/linux-aarch64/lcms2-2.17-hc88f144_0.conda#b87b1abd2542cf65a00ad2e2461a3083
https://conda.anaconda.org/conda-forge/linux-aarch64/libavif16-1.3.0-hfe54310_2.conda#b195be7724abc09a1a5efc57c0969004
https://conda.anaconda.org/conda-forge/linux-aarch64/libblas-3.11.0-5_haddc8a3_openblas.conda#5afcea37a46f76ec1322943b3c4dfdc0
https://conda.anaconda.org/conda-forge/linux-aarch64/libcups-2.3.3-h5cdc715_5.conda#ac0333d338076ef19170938bbaf97582
https://conda.anaconda.org/conda-forge/linux-aarch64/libcurl-8.17.0-h7bfdcfb_1.conda#3b71a8bb2b714aa8d0a34c9a90e0eec2
https://conda.anaconda.org/conda-forge/linux-aarch64/libfreetype-2.14.1-h8af1aa0_0.conda#1e61fb236ccd3d6ccaf9e91cb2d7e12d
https://conda.anaconda.org/conda-forge/linux-aarch64/libglx-1.7.0-hd24410f_2.conda#1d4269e233636148696a67e2d30dad2a
https://conda.anaconda.org/conda-forge/linux-aarch64/libxml2-2.13.9-he58860d_0.conda#1e22b9412f9cb2eb7e5a65dd9475534a
https://conda.anaconda.org/conda-forge/linux-aarch64/mpfr-4.2.1-h2305555_3.conda#65b21e8d5f0ec6a2f7e87630caed3318
https://conda.anaconda.org/conda-forge/linux-aarch64/openjpeg-2.5.4-h5da879a_0.conda#cea962410e327262346d48d01f05936c
https://conda.anaconda.org/conda-forge/linux-aarch64/orc-2.1.1-h5ce931a_0.conda#4d48b26e4072d881223f1e484ac1993b
https://conda.anaconda.org/conda-forge/linux-aarch64/python-3.11.14-h91f4b29_2_cpython.conda#622ae39bb186be3eeeaa564a9c7e1eec
https://conda.anaconda.org/conda-forge/linux-aarch64/re2-2024.07.02-haa97905_2.conda#1bf0135339b4a7419a198a795d2d4be0
https://conda.anaconda.org/conda-forge/linux-aarch64/xcb-util-image-0.4.0-h5c728e9_2.conda#b82e5c78dbbfa931980e8bfe83bce913
https://conda.anaconda.org/conda-forge/linux-aarch64/xkeyboard-config-2.46-he30d5cf_0.conda#9524f30d9dea7dd5d6ead43a8823b6c2
https://conda.anaconda.org/conda-forge/linux-aarch64/xorg-libxext-1.3.6-h57736b2_0.conda#bd1e86dd8aa3afd78a4bfdb4ef918165
https://conda.anaconda.org/conda-forge/linux-aarch64/xorg-libxfixes-6.0.2-he30d5cf_0.conda#e8b4056544341daf1d415eaeae7a040c
https://conda.anaconda.org/conda-forge/linux-aarch64/xorg-libxrender-0.9.12-h86ecc28_0.conda#ae2c2dd0e2d38d249887727db2af960e
https://conda.anaconda.org/conda-forge/linux-aarch64/zeromq-4.3.5-hefbcea8_9.conda#5676806bba055c901a62f969cb3fbe02
https://conda.anaconda.org/conda-forge/noarch/absl-py-2.3.1-pyhd8ed1ab_0.conda#7d4f1ddc43d323c916b2c744835eb093
https://conda.anaconda.org/conda-forge/noarch/asttokens-3.0.1-pyhd8ed1ab_0.conda#9673a61a297b00016442e022d689faa6
https://conda.anaconda.org/conda-forge/noarch/attrs-25.4.0-pyhcf101f3_1.conda#537296d57ea995666c68c821b00e360b
https://conda.anaconda.org/conda-forge/linux-aarch64/aws-c-auth-0.8.6-h69c2fd0_4.conda#0546ac3cb88589af5036ae2c9e319df3
https://conda.anaconda.org/conda-forge/linux-aarch64/aws-c-mqtt-0.12.2-h8f239a8_2.conda#4131abaa461c8005d4a00f4d3f32268a
https://conda.anaconda.org/conda-forge/linux-aarch64/azure-core-cpp-1.14.0-h1887c18_0.conda#e0c3a906a41be769f0ae20ca3e31cfc0
https://conda.anaconda.org/conda-forge/linux-aarch64/backports.zstd-1.3.0-py311h6ce31b0_0.conda#219e216268cad83c58f10435ce2001fb
https://repo.anaconda.com/pkgs/main/linux-aarch64/brotli-python-1.2.0-py311hfd798bb_0.conda#566c2fdb2b921fd166cde0ac7169e7ca
https://conda.anaconda.org/conda-forge/noarch/cached_property-1.5.2-pyha770c72_1.tar.bz2#576d629e47797577ab0f1b351297ef4a
https://conda.anaconda.org/conda-forge/noarch/certifi-2025.11.12-pyhd8ed1ab_0.conda#96a02a5c1a65470a7e4eedb644c872fd
https://conda.anaconda.org/conda-forge/noarch/cfgv-3.5.0-pyhd8ed1ab_0.conda#381bd45fb7aa032691f3063aff47e3a1
https://conda.anaconda.org/conda-forge/noarch/charset-normalizer-3.4.4-pyhd8ed1ab_0.conda#a22d1fd9bf98827e280a02875d9a007a
https://conda.anaconda.org/conda-forge/noarch/click-8.3.1-pyh8f84b5b_1.conda#ea8a6c3256897cc31263de9f455e25d9
https://conda.anaconda.org/conda-forge/noarch/colorama-0.4.6-pyhd8ed1ab_1.conda#962b9857ee8e7018c22f2776ffa0b2d7
https://conda.anaconda.org/conda-forge/noarch/comm-0.2.3-pyhe01879c_0.conda#2da13f2b299d8e1995bafbbe9689a2f7
https://conda.anaconda.org/conda-forge/noarch/cpython-3.11.14-py311hd8ed1ab_2.conda#43ed151bed1a0eb7181d305fed7cf051
https://conda.anaconda.org/conda-forge/noarch/cycler-0.12.1-pyhcf101f3_2.conda#4c2a8fef270f6c69591889b93f9f55c1
https://conda.anaconda.org/conda-forge/linux-aarch64/debugpy-1.8.18-py311h8e4e6a5_0.conda#3aa62b6d7db504f26d2d976a6c657659
https://conda.anaconda.org/conda-forge/noarch/decorator-5.2.1-pyhd8ed1ab_0.conda#9ce473d1d1be1cc3810856a48b3fab32
https://conda.anaconda.org/conda-forge/noarch/defusedxml-0.7.1-pyhd8ed1ab_0.tar.bz2#961b3a227b437d82ad7054484cfa71b2
https://conda.anaconda.org/conda-forge/noarch/distlib-0.4.0-pyhd8ed1ab_0.conda#003b8ba0a94e2f1e117d0bd46aebc901
https://conda.anaconda.org/conda-forge/noarch/executing-2.2.1-pyhd8ed1ab_0.conda#ff9efb7f7469aed3c4a8106ffa29593c
https://conda.anaconda.org/conda-forge/noarch/filelock-3.20.2-pyhd8ed1ab_0.conda#7e7cf4d6c2be6991e6ae2b3f4331701c
https://conda.anaconda.org/conda-forge/linux-aarch64/freetype-2.14.1-h8af1aa0_0.conda#0c8f36ebd3678eed1685f0fc93fc2175
https://conda.anaconda.org/conda-forge/noarch/fsspec-2025.12.0-pyhd8ed1ab_0.conda#a3b9510e2491c20c7fc0f5e730227fbb
https://conda.anaconda.org/conda-forge/noarch/gast-0.7.0-pyhd8ed1ab_0.conda#377a825d91b5d6fcc0e6cdb98bbe9799
https://conda.anaconda.org/conda-forge/linux-aarch64/hdf5-1.14.6-nompi_hc619b4a_104.conda#8b090efce0a74026d56350bae0c5a23b
https://conda.anaconda.org/conda-forge/noarch/hpack-4.1.0-pyhd8ed1ab_0.conda#0a802cb9888dd14eeefc611f05c40b6e
https://conda.anaconda.org/conda-forge/noarch/hyperframe-6.1.0-pyhd8ed1ab_0.conda#8e6923fc12f1fe8f8c4e5c9f343256ac
https://conda.anaconda.org/conda-forge/noarch/idna-3.11-pyhd8ed1ab_0.conda#53abe63df7e10a6ba605dc5f9f961d36
https://conda.anaconda.org/conda-forge/noarch/iniconfig-2.3.0-pyhd8ed1ab_0.conda#9614359868482abba1bd15ce465e3c42
https://conda.anaconda.org/conda-forge/noarch/json5-0.13.0-pyhd8ed1ab_0.conda#8d5f66ebf832c4ce28d5c37a0e76605c
https://conda.anaconda.org/conda-forge/noarch/jsonpointer-3.0.0-pyhcf101f3_3.conda#cd2214824e36b0180141d422aba01938
https://conda.anaconda.org/conda-forge/noarch/jupyterlab_widgets-3.0.16-pyhcf101f3_1.conda#dbf8b81974504fa51d34e436ca7ef389
https://conda.anaconda.org/conda-forge/linux-aarch64/kiwisolver-1.4.9-py311h229e7f7_2.conda#18358d47ebdc1f936003b7d407c9e16f
https://conda.anaconda.org/conda-forge/noarch/lark-1.3.1-pyhd8ed1ab_0.conda#9b965c999135d43a3d0f7bd7d024e26a
https://conda.anaconda.org/conda-forge/linux-aarch64/libcblas-3.11.0-5_hd72aa62_openblas.conda#0b2f1143ae2d0aa4c991959d0daaf256
https://conda.anaconda.org/conda-forge/linux-aarch64/libgl-1.7.0-hd24410f_2.conda#0d00176464ebb25af83d40736a2cd3bb
https://conda.anaconda.org/conda-forge/linux-aarch64/libgrpc-1.67.1-hf7ccdd3_2.conda#ccc6301f028063362fdc95a4582d0eaa
https://conda.anaconda.org/conda-forge/linux-aarch64/libheif-1.19.7-gpl_hf91bf23_100.conda#19def7dc71bbb7068cfcb83fce033f6b
https://conda.anaconda.org/conda-forge/linux-aarch64/liblapack-3.11.0-5_h88aeb00_openblas.conda#88d1e4133d1182522b403e9ba7435f04
https://conda.anaconda.org/conda-forge/linux-aarch64/libllvm21-21.1.0-h2b567e5_0.conda#2f7ec415da2566effa22beb4ba47bfb4
https://conda.anaconda.org/conda-forge/linux-aarch64/libxkbcommon-1.11.0-h95ca766_0.conda#21efa5fee8795bc04bd79bfc02f05c65
https://conda.anaconda.org/conda-forge/linux-aarch64/libxslt-1.1.43-h4552c8e_0.conda#fcf40dcbe5841e9b125ca98858e24205
https://conda.anaconda.org/conda-forge/linux-aarch64/llvmlite-0.46.0-py311h33fc238_0.conda#dda66b363c45c09cbb1ee12edcd34535
https://conda.anaconda.org/conda-forge/linux-aarch64/markupsafe-3.0.3-py311h2dad8b0_0.conda#ff6e48e0ba263a5f446237001fd59c4a
https://conda.anaconda.org/conda-forge/noarch/mdurl-0.1.2-pyhd8ed1ab_1.conda#592132998493b3ff25fd7479396e8351
https://conda.anaconda.org/conda-forge/linux-aarch64/mpc-1.3.1-h783934e_1.conda#d3758cd24507dc1bda3483ce051d48ac
https://conda.anaconda.org/conda-forge/noarch/mpmath-1.3.0-pyhd8ed1ab_1.conda#3585aa87c43ab15b167b574cd73b057b
https://conda.anaconda.org/conda-forge/noarch/munkres-1.1.4-pyhd8ed1ab_1.conda#37293a85a0f4f77bbd9cf7aaefc62609
https://conda.anaconda.org/conda-forge/noarch/mypy_extensions-1.1.0-pyha770c72_0.conda#e9c622e0d00fa24a6292279af3ab6d06
https://conda.anaconda.org/conda-forge/noarch/namex-0.1.0-pyhd8ed1ab_0.conda#3eb854547a0183b994431957fa0e05d2
https://conda.anaconda.org/conda-forge/noarch/nest-asyncio-1.6.0-pyhd8ed1ab_1.conda#598fd7d4d0de2455fb74f56063969a97
https://conda.anaconda.org/conda-forge/noarch/networkx-3.6.1-pyhcf101f3_0.conda#a2c1eeadae7a309daed9d62c96012a2b
https://conda.anaconda.org/conda-forge/linux-aarch64/openldap-2.6.10-h30c48ee_0.conda#48f31a61be512ec1929f4b4a9cedf4bd
https://conda.anaconda.org/conda-forge/noarch/opt_einsum-3.4.0-pyhd8ed1ab_1.conda#52919815cd35c4e1a0298af658ccda04
https://conda.anaconda.org/conda-forge/noarch/packaging-25.0-pyh29332c3_1.conda#58335b26c38bf4a20f399384c33cbcf9
https://conda.anaconda.org/conda-forge/noarch/pandocfilters-1.5.0-pyhd8ed1ab_0.tar.bz2#457c2c8c08e54905d6954e79cb5b5db9
https://conda.anaconda.org/conda-forge/noarch/parso-0.8.5-pyhcf101f3_0.conda#a110716cdb11cf51482ff4000dc253d7
https://conda.anaconda.org/conda-forge/noarch/pathspec-0.12.1-pyhd8ed1ab_1.conda#617f15191456cc6a13db418a275435e5
https://conda.anaconda.org/conda-forge/linux-aarch64/pillow-12.1.0-py311h8e17b9e_0.conda#c771bf4d9191e68f1a09c573a9de897f
https://conda.anaconda.org/conda-forge/noarch/platformdirs-4.5.1-pyhcf101f3_0.conda#1bd2e65c8c7ef24f4639ae6e850dacc2
https://conda.anaconda.org/conda-forge/noarch/pluggy-1.6.0-pyhf9edf01_1.conda#d7585b6550ad04c8c5e21097ada2888e
https://conda.anaconda.org/conda-forge/linux-aarch64/prometheus-cpp-1.3.0-h7938499_0.conda#10f4301290e51c49979ff98d1bdf2556
https://conda.anaconda.org/conda-forge/noarch/prometheus_client-0.23.1-pyhd8ed1ab_0.conda#a1e91db2d17fd258c64921cb38e6745a
https://conda.anaconda.org/conda-forge/linux-aarch64/protobuf-5.28.3-py311h89d996e_0.conda#6dd92bec86836581e235fb7c42de7df2
https://conda.anaconda.org/conda-forge/linux-aarch64/psutil-7.2.1-py311h51cfe5d_0.conda#3362690872172be699b1e83460f74313
https://conda.anaconda.org/conda-forge/noarch/ptyprocess-0.7.0-pyhd8ed1ab_1.conda#7d9daffbb8d8e0af0f769dbbcd173a54
https://conda.anaconda.org/conda-forge/noarch/pure_eval-0.2.3-pyhd8ed1ab_1.conda#3bfdfb8dbcdc4af1ae3f9a8eb3948f04
https://conda.anaconda.org/conda-forge/noarch/pybind11-global-3.0.1-pyhc7ab6ef_0.conda#fe10b422ce8b5af5dab3740e4084c3f9
https://conda.anaconda.org/conda-forge/noarch/pycparser-2.22-pyh29332c3_1.conda#12c566707c80111f9799308d9e265aef
https://conda.anaconda.org/conda-forge/noarch/pygments-2.19.2-pyhd8ed1ab_0.conda#6b6ece66ebcae2d5f326c77ef2c5a066
https://conda.anaconda.org/conda-forge/noarch/pyparsing-3.3.1-pyhcf101f3_0.conda#d837065e4e0de4962c3462079c23f969
https://conda.anaconda.org/conda-forge/noarch/pysocks-1.7.1-pyha55dd90_7.conda#461219d1a5bd61342293efa2c0c90eac
https://conda.anaconda.org/conda-forge/noarch/python-dotenv-1.2.1-pyhcf101f3_0.conda#083725d6cd3dc007f06d04bcf1e613a2
https://conda.anaconda.org/conda-forge/linux-aarch64/python-duckdb-1.4.3-py311h2cb90db_0.conda#6131b31a1618fdc4352d0ec06b64ac48
https://conda.anaconda.org/conda-forge/noarch/python-fastjsonschema-2.21.2-pyhe01879c_0.conda#23029aae904a2ba587daba708208012f
https://conda.anaconda.org/conda-forge/noarch/python-flatbuffers-25.9.23-pyh1e1bc0e_0.conda#611207751a2c0b5b999b07b78985d7a0
https://conda.anaconda.org/conda-forge/noarch/python-json-logger-2.0.7-pyhd8ed1ab_0.conda#a61bf9ec79426938ff785eb69dbb1960
https://conda.anaconda.org/conda-forge/linux-aarch64/python-librt-0.7.7-py311h51cfe5d_0.conda#61b0ef880f4be6584f3d4d3abe756611
https://conda.anaconda.org/conda-forge/noarch/python-tzdata-2025.3-pyhd8ed1ab_0.conda#7ead57407430ba33f681738905278d03
https://conda.anaconda.org/conda-forge/noarch/pytz-2025.2-pyhd8ed1ab_0.conda#bc8e3267d44011051f2eb14d22fb0960
https://conda.anaconda.org/conda-forge/linux-aarch64/pyyaml-6.0.3-py311h164a683_0.conda#3b798096c0411fe74c24a95c3965a62a
https://conda.anaconda.org/conda-forge/linux-aarch64/pyzmq-27.1.0-py311h5e4e491_0.conda#e000dfab1843362bc7030a3a957b3146
https://conda.anaconda.org/conda-forge/noarch/rfc3986-validator-0.1.1-pyh9f0ad1d_0.tar.bz2#912a71cc01012ee38e6b90ddd561e36f
https://conda.anaconda.org/conda-forge/linux-aarch64/rpds-py-0.30.0-py311hc91c717_0.conda#cb84fbb151ed3af3855c95e5f855e639
https://conda.anaconda.org/conda-forge/linux-aarch64/ruff-0.14.10-hc0dabaa_0.conda#cd19c0de4d78564fc9e4758fa2280606
https://conda.anaconda.org/conda-forge/noarch/send2trash-2.0.0-pyha191276_0.conda#f2cc28627a451a28ddd5ef5ab0bf579d
https://conda.anaconda.org/conda-forge/noarch/setuptools-80.9.0-pyhff2d567_0.conda#4de79c071274a53dcaf2a8c749d1499e
https://conda.anaconda.org/conda-forge/noarch/shellingham-1.5.4-pyhd8ed1ab_2.conda#83ea3a2ddb7a75c1b09cea582aa4f106
https://conda.anaconda.org/conda-forge/noarch/six-1.17.0-pyhe01879c_1.conda#3339e3b65d58accf4ca4fb8748ab16b3
https://conda.anaconda.org/conda-forge/noarch/sniffio-1.3.1-pyhd8ed1ab_2.conda#03fe290994c5e4ec17293cfb6bdce520
https://conda.anaconda.org/conda-forge/noarch/soupsieve-2.8.1-pyhd8ed1ab_0.conda#7de28c27fe620a4f7dbfaea137c6232b
https://conda.anaconda.org/conda-forge/linux-aarch64/tensorboard-data-server-0.7.0-py311hff7e3a0_4.conda#07bec85bc72805c454dd1fca2b0680c7
https://conda.anaconda.org/conda-forge/noarch/termcolor-3.3.0-pyhd8ed1ab_0.conda#bc6228906129e420c74a5ebaf0d63936
https://conda.anaconda.org/conda-forge/noarch/threadpoolctl-3.6.0-pyhecae5ae_0.conda#9d64911b31d57ca443e9f1e36b04385f
https://conda.anaconda.org/conda-forge/noarch/tomli-2.3.0-pyhcf101f3_0.conda#d2732eb636c264dc9aa4cbee404b1a53
https://conda.anaconda.org/conda-forge/linux-aarch64/tornado-6.5.3-py311hb9158a3_0.conda#e3afe76a49a1a9f85e0c5cd42a408e68
https://conda.anaconda.org/conda-forge/noarch/traitlets-5.14.3-pyhd8ed1ab_1.conda#019a7385be9af33791c989871317e1ed
https://conda.anaconda.org/conda-forge/noarch/typing_extensions-4.15.0-pyhcf101f3_0.conda#0caa1af407ecff61170c9437a808404d
https://conda.anaconda.org/conda-forge/noarch/typing_utils-0.1.0-pyhd8ed1ab_1.conda#f6d7aa696c67756a650e91e15e88223c
https://conda.anaconda.org/conda-forge/linux-aarch64/unicodedata2-17.0.0-py311h19352d5_1.conda#4a55814831e0ec9be84ccef6aed798c1
https://conda.anaconda.org/conda-forge/noarch/uri-template-1.3.0-pyhd8ed1ab_1.conda#e7cb0f5745e4c5035a460248334af7eb
https://conda.anaconda.org/conda-forge/noarch/wcwidth-0.2.14-pyhd8ed1ab_0.conda#7e1e5ff31239f9cd5855714df8a3783d
https://conda.anaconda.org/conda-forge/noarch/webcolors-25.10.0-pyhd8ed1ab_0.conda#6639b6b0d8b5a284f027a2003669aa65
https://conda.anaconda.org/conda-forge/noarch/webencodings-0.5.1-pyhd8ed1ab_3.conda#2841eb5bfc75ce15e9a0054b98dcd64d
https://conda.anaconda.org/conda-forge/noarch/websocket-client-1.9.0-pyhd8ed1ab_0.conda#2f1ed718fcd829c184a6d4f0f2e07409
https://conda.anaconda.org/conda-forge/noarch/wheel-0.45.1-pyhd8ed1ab_1.conda#75cb7132eb58d97896e173ef12ac9986
https://conda.anaconda.org/conda-forge/noarch/widgetsnbextension-4.0.15-pyhd8ed1ab_0.conda#dc257b7e7cad9b79c1dfba194e92297b
https://conda.anaconda.org/conda-forge/linux-aarch64/wrapt-2.0.1-py311h19352d5_1.conda#9f063d7c2c6e488846ee7af8fb4dc130
https://conda.anaconda.org/conda-forge/linux-aarch64/xcb-util-cursor-0.1.6-he30d5cf_0.conda#8b70063c86f7f9a0b045e78d2d9971f7
https://conda.anaconda.org/conda-forge/linux-aarch64/xorg-libxcomposite-0.4.6-h86ecc28_2.conda#86051eee0766c3542be24844a9c3cf36
https://conda.anaconda.org/conda-forge/linux-aarch64/xorg-libxcursor-1.2.3-h86ecc28_0.conda#f2054759c2203d12d0007005e1f1296d
https://conda.anaconda.org/conda-forge/linux-aarch64/xorg-libxdamage-1.1.6-h86ecc28_0.conda#d5773c4e4d64428d7ddaa01f6f845dc7
https://conda.anaconda.org/conda-forge/linux-aarch64/xorg-libxi-1.8.2-h57736b2_0.conda#eeee3bdb31c6acde2b81ad1b8c287087
https://conda.anaconda.org/conda-forge/linux-aarch64/xorg-libxrandr-1.5.4-h86ecc28_0.conda#dd3e74283a082381aa3860312e3c721e
https://conda.anaconda.org/conda-forge/linux-aarch64/xorg-libxxf86vm-1.1.6-h86ecc28_0.conda#d745faa2d7c15092652e40a22bb261ed
https://conda.anaconda.org/conda-forge/noarch/zipp-3.23.0-pyhcf101f3_1.conda#30cd29cb87d819caead4d55184c1d115
https://conda.anaconda.org/conda-forge/noarch/astunparse-1.6.3-pyhd8ed1ab_3.conda#d3f195dfdbbf736e4ec178bbec2a975c
https://conda.anaconda.org/conda-forge/noarch/async-lru-2.0.5-pyh29332c3_0.conda#d9d0f99095a9bb7e3641bca8c6ad2ac7
https://conda.anaconda.org/conda-forge/linux-aarch64/aws-c-s3-0.7.13-had425a3_2.conda#afb25cbada440e1e7e7ad28da37ef79c
https://conda.anaconda.org/conda-forge/linux-aarch64/azure-identity-cpp-1.10.0-h47b0b28_0.conda#94e73a7877743a85c57091d8afab2348
https://conda.anaconda.org/conda-forge/linux-aarch64/azure-storage-common-cpp-12.8.0-h1b94036_1.conda#793b1080ab2d958980f137a8643cd6e8
https://conda.anaconda.org/conda-forge/noarch/babel-2.17.0-pyhd8ed1ab_0.conda#0a01c169f0ab0f91b26e77a3301fbfe4
https://conda.anaconda.org/conda-forge/noarch/bleach-6.3.0-pyhcf101f3_0.conda#b1a27250d70881943cca0dd6b4ba0956
https://conda.anaconda.org/conda-forge/noarch/cached-property-1.5.2-hd8ed1ab_1.tar.bz2#9b347a7ec10940d3f7941ff6c460b551
https://conda.anaconda.org/conda-forge/linux-aarch64/cffi-2.0.0-py311h460c349_1.conda#eef8f2527e60a82df85eba1cc4f9d5e1
https://conda.anaconda.org/conda-forge/linux-aarch64/coverage-7.13.1-py311h2dad8b0_0.conda#a74e8e0a91d3fbbd8d5edef3ce5fca56
https://conda.anaconda.org/conda-forge/noarch/duckdb-1.4.3-h332efcf_0.conda#4e4801668804955f657f32b9d2721b9c
https://conda.anaconda.org/conda-forge/noarch/exceptiongroup-1.3.1-pyhd8ed1ab_0.conda#8e662bd460bda79b1ea39194e3c4c9ab
https://conda.anaconda.org/conda-forge/linux-aarch64/fontconfig-2.15.0-h8dda3cd_1.conda#112b71b6af28b47c624bcbeefeea685b
https://conda.anaconda.org/conda-forge/linux-aarch64/fonttools-4.61.1-py311h164a683_0.conda#b59452fef1470e7e5c34a7c5deefe853
https://conda.anaconda.org/conda-forge/linux-aarch64/gmpy2-2.2.1-py311hc14af3f_2.conda#6ec0bdef2844b73d0cabdaaa9ee175e4
https://conda.anaconda.org/conda-forge/noarch/google-pasta-0.2.0-pyhd8ed1ab_2.conda#005b9749218cb8c9e94ac2a77ca3c8c0
https://conda.anaconda.org/conda-forge/linux-aarch64/grpcio-1.67.1-py311h6bb2f5f_2.conda#46a22942ee9fd0825f1d43e4c5ba7d31
https://conda.anaconda.org/conda-forge/noarch/h11-0.16.0-pyhd8ed1ab_0.conda#4b69232755285701bc86a5afe4d9933a
https://conda.anaconda.org/conda-forge/noarch/h2-4.3.0-pyhcf101f3_0.conda#164fc43f0b53b6e3a7bc7dce5e4f1dc9
https://conda.anaconda.org/conda-forge/noarch/importlib-metadata-8.7.0-pyhe01879c_1.conda#63ccfdc3a3ce25b027b8767eb722fca8
https://conda.anaconda.org/conda-forge/noarch/ipython_pygments_lexers-1.1.1-pyhd8ed1ab_0.conda#bd80ba060603cc228d9d81c257093119
https://conda.anaconda.org/conda-forge/noarch/jedi-0.19.2-pyhd8ed1ab_1.conda#a4f4c5dc9b80bc50e0d3dc4e6e8f1bd9
https://conda.anaconda.org/conda-forge/noarch/jinja2-3.1.6-pyhcf101f3_1.conda#04558c96691bed63104678757beb4f8d
https://conda.anaconda.org/conda-forge/noarch/joblib-1.5.3-pyhd8ed1ab_0.conda#615de2a4d97af50c350e5cf160149e77
https://conda.anaconda.org/conda-forge/noarch/jupyter_core-5.9.1-pyhc90fa1f_0.conda#b38fe4e78ee75def7e599843ef4c1ab0
https://conda.anaconda.org/conda-forge/noarch/jupyterlab_pygments-0.3.0-pyhd8ed1ab_2.conda#fd312693df06da3578383232528c468d
https://conda.anaconda.org/conda-forge/linux-aarch64/libclang-cpp21.1-21.1.0-default_he95a3c9_1.conda#5ba23c2bd9a11033e4c9647215a949ce
https://conda.anaconda.org/conda-forge/linux-aarch64/libclang13-21.1.0-default_h94a09a5_1.conda#daf07a8287e12c3812d98bca3812ecf2
https://conda.anaconda.org/conda-forge/linux-aarch64/libgoogle-cloud-2.36.0-hccf9d24_0.conda#9dd5314e58b37e31191ea9281841a98d
https://conda.anaconda.org/conda-forge/linux-aarch64/liblapacke-3.11.0-5_hb558247_openblas.conda#8046d5ae90150f00c8b40455d9b2e180
https://conda.anaconda.org/conda-forge/linux-aarch64/libopentelemetry-cpp-1.18.0-h60b47f9_1.conda#afe3c8c53f4b6d27d553c230d4b34038
https://conda.anaconda.org/conda-forge/linux-aarch64/libpq-17.7-haf03d9f_1.conda#16b3ba316edb147bf2063b8003ea8939
https://conda.anaconda.org/conda-forge/linux-aarch64/libtensorflow_framework-2.18.0-cpu_h78d15be_2.conda#e2533059b269ac3a8bf519c023cb18b2
https://conda.anaconda.org/conda-forge/linux-aarch64/libtorch-2.6.0-cpu_generic_h547bd90_1.conda#d07324f618e1f60020a67d9ffe3f8b8e
https://conda.anaconda.org/conda-forge/noarch/markdown-it-py-4.0.0-pyhd8ed1ab_0.conda#5b5203189eb668f042ac2b0826244964
https://conda.anaconda.org/conda-forge/noarch/matplotlib-inline-0.2.1-pyhd8ed1ab_0.conda#00e120ce3e40bad7bfc78861ce3c4a25
https://conda.anaconda.org/conda-forge/noarch/mistune-3.2.0-pyhcf101f3_0.conda#b11e360fc4de2b0035fc8aaa74f17fd6
https://conda.anaconda.org/conda-forge/linux-aarch64/mypy-1.19.1-py311hec3470c_0.conda#64967e1157793d91f93087476e3a2f59
https://conda.anaconda.org/conda-forge/noarch/nodeenv-1.10.0-pyhd8ed1ab_0.conda#eb52d14a901e23c39e9e7b4a1a5c015f
https://conda.anaconda.org/conda-forge/linux-aarch64/numpy-2.3.5-py311h669026d_1.conda#75133fb0d4fda71622f4bdb9faaaff95
https://conda.anaconda.org/conda-forge/noarch/overrides-7.7.0-pyhd8ed1ab_1.conda#e51f1e4089cad105b6cac64bd8166587
https://conda.anaconda.org/conda-forge/noarch/pexpect-4.9.0-pyhd8ed1ab_1.conda#d0d408b1f18883a944376da5cf8101ea
https://conda.anaconda.org/conda-forge/noarch/pip-25.3-pyh8b19718_0.conda#c55515ca43c6444d2572e0f0d93cb6b9
https://conda.anaconda.org/conda-forge/noarch/prompt-toolkit-3.0.52-pyha770c72_0.conda#edb16f14d920fb3faf17f5ce582942d6
https://conda.anaconda.org/conda-forge/noarch/pybind11-3.0.1-pyh7a1b43c_0.conda#70ece62498c769280f791e836ac53fff
https://conda.anaconda.org/conda-forge/noarch/python-dateutil-2.9.0.post0-pyhe01879c_2.conda#5b8d21249ff20967101ffa321cab24e8
https://conda.anaconda.org/conda-forge/noarch/python-gil-3.11.14-hd8ed1ab_2.conda#a4effc7e6eb335d0e1080a5554590425
https://conda.anaconda.org/conda-forge/noarch/referencing-0.37.0-pyhcf101f3_0.conda#870293df500ca7e18bedefa5838a22ab
https://conda.anaconda.org/conda-forge/noarch/rfc3339-validator-0.1.4-pyhd8ed1ab_1.conda#36de09a8d3e5d5e6f4ee63af49e59706
https://conda.anaconda.org/conda-forge/noarch/rfc3987-syntax-1.1.0-pyhe01879c_1.conda#7234f99325263a5af6d4cd195035e8f2
https://conda.anaconda.org/conda-forge/noarch/stack_data-0.6.3-pyhd8ed1ab_1.conda#b1b505328da7a6b246787df4b5a49fbc
https://conda.anaconda.org/conda-forge/noarch/terminado-0.18.1-pyhc90fa1f_1.conda#17b43cee5cc84969529d5d0b0309b2cb
https://conda.anaconda.org/conda-forge/noarch/tinycss2-1.5.1-pyhcf101f3_0.conda#c0d0b883e97906f7524e2aac94be0e0d
https://conda.anaconda.org/conda-forge/noarch/tqdm-4.67.1-pyhd8ed1ab_1.conda#9efbfdc37242619130ea42b1cc4ed861
https://conda.anaconda.org/conda-forge/noarch/typer-slim-0.21.0-pyhcf101f3_0.conda#1bf7599d9f131a06288a2173284b1e4f
https://conda.anaconda.org/conda-forge/noarch/typing-extensions-4.15.0-h396c80c_0.conda#edd329d7d3a4ab45dcf905899a7a6115
https://conda.anaconda.org/conda-forge/noarch/typing-inspection-0.4.2-pyhd8ed1ab_1.conda#a0a4a3035667fc34f29bfbd5c190baa6
https://conda.anaconda.org/conda-forge/noarch/virtualenv-20.35.4-pyhd8ed1ab_0.conda#cfccfd4e8d9de82ed75c8e2c91cab375
https://conda.anaconda.org/conda-forge/noarch/werkzeug-3.1.4-pyhcf101f3_0.conda#de082192dffe45d19aff3d86a4d06a24
https://conda.anaconda.org/conda-forge/linux-aarch64/xorg-libxtst-1.2.5-h57736b2_3.conda#c05698071b5c8e0da82a282085845860
https://conda.anaconda.org/conda-forge/noarch/_python_abi3_support-1.0-hd8ed1ab_2.conda#aaa2a381ccc56eac91d63b6c1240312f
https://conda.anaconda.org/conda-forge/noarch/annotated-types-0.7.0-pyhd8ed1ab_1.conda#2934f256a8acfe48f6ebb4fce6cde29c
https://conda.anaconda.org/conda-forge/noarch/anyio-4.12.0-pyhcf101f3_0.conda#9958d4a1ee7e9c768fe8f4fb51bd07ea
https://conda.anaconda.org/conda-forge/linux-aarch64/argon2-cffi-bindings-25.1.0-py311h19352d5_2.conda#8123f4ad96e5caa031d513920145d5d1
https://conda.anaconda.org/conda-forge/noarch/arrow-1.4.0-pyhcf101f3_0.conda#85c4f19f377424eafc4ed7911b291642
https://conda.anaconda.org/conda-forge/linux-aarch64/aws-crt-cpp-0.31.0-hcd2073e_4.conda#4030d98c02f1512bf0d58726a9b6cc04
https://conda.anaconda.org/conda-forge/linux-aarch64/azure-storage-blobs-cpp-12.13.0-h185ecfd_1.conda#221e1e5ecb2643e113f32b3229d5ba33
https://conda.anaconda.org/conda-forge/noarch/beautifulsoup4-4.14.3-pyha770c72_0.conda#5267bef8efea4127aacd1f4e1f149b6e
https://conda.anaconda.org/conda-forge/noarch/bleach-with-css-6.3.0-h5f6438b_0.conda#08a03378bc5293c6f97637323802f480
https://conda.anaconda.org/conda-forge/linux-aarch64/cairo-1.18.4-h83712da_0.conda#cd55953a67ec727db5dc32b167201aa6
https://conda.anaconda.org/conda-forge/linux-aarch64/contourpy-1.3.3-py311hfca10b7_3.conda#47c305536dbf44cd3e629b6851605a50
https://conda.anaconda.org/conda-forge/noarch/fqdn-1.5.1-pyhd8ed1ab_1.conda#d3549fd50d450b6d9e7dddff25dd2110
https://conda.anaconda.org/conda-forge/linux-aarch64/h5py-3.15.1-nompi_py311h330c8c8_101.conda#69d71dcb06d9761687298ee5bc936f0f
https://conda.anaconda.org/conda-forge/noarch/ipython-9.8.0-pyh53cf698_0.conda#fd77b1039118a3e8ce1070ac8ed45bae
https://conda.anaconda.org/conda-forge/noarch/jsonschema-specifications-2025.9.1-pyhcf101f3_0.conda#439cd0f567d697b20a8f45cb70a1005a
https://conda.anaconda.org/conda-forge/noarch/jupyter_client-8.7.0-pyhcf101f3_0.conda#1b0397a7b1fbffa031feb690b5fd0277
https://conda.anaconda.org/conda-forge/noarch/jupyter_server_terminals-0.5.3-pyhd8ed1ab_1.conda#2d983ff1b82a1ccb6f2e9d8784bdd6bd
https://conda.anaconda.org/conda-forge/linux-aarch64/kaldi-5.5.1112-cpu_h0a9ba76_9.conda#cabcf732510ac4ed499d3d09bb100934
https://conda.anaconda.org/conda-forge/linux-aarch64/libgoogle-cloud-storage-2.36.0-hb9b2b65_0.conda#6ee249840776704ff89b125fcffa2ef2
https://conda.anaconda.org/conda-forge/linux-aarch64/libtensorflow_cc-2.18.0-cpu_h26186cf_2.conda#fe3d607b65d3627797c8488ab6d0bf74
https://conda.anaconda.org/conda-forge/noarch/markdown-3.10-pyhcf101f3_1.conda#934afb77580165027b869d4104ee002f
https://conda.anaconda.org/conda-forge/linux-aarch64/ml_dtypes-0.4.0-py311h848c333_2.conda#eef535989d7716846edccbe4b4cd2175
https://conda.anaconda.org/conda-forge/linux-aarch64/numba-0.63.1-py311h1f64d6b_0.conda#f16c29f309ba7f088cf6c3144e7bd97a
https://conda.anaconda.org/conda-forge/linux-aarch64/optree-0.18.0-py311hfca10b7_0.conda#ff3f3b9879172684b52aafd25fa689bf
https://conda.anaconda.org/conda-forge/linux-aarch64/pandas-2.3.3-py311hffd966a_1.conda#9750cdbd8017bf613dadc5bcaac3136e
https://conda.anaconda.org/conda-forge/linux-aarch64/pydantic-core-2.41.5-py311hddf1d3d_1.conda#3635a8f38b998d0125bceff30b13168c
https://conda.anaconda.org/conda-forge/noarch/pytest-9.0.2-pyhcf101f3_0.conda#2b694bad8a50dc2f712f5368de866480
https://conda.anaconda.org/conda-forge/noarch/rich-14.2.0-pyhcf101f3_0.conda#a247579d8a59931091b16a1e932bbed6
https://conda.anaconda.org/conda-forge/linux-aarch64/scipy-1.16.3-py311h399493a_2.conda#cacb6fbad878af1122e1301482fbc957
https://conda.anaconda.org/conda-forge/noarch/sympy-1.14.0-pyh2585a3b_105.conda#8c09fac3785696e1c477156192d64b91
https://conda.anaconda.org/conda-forge/linux-aarch64/ukkonen-1.0.1-py311hfca10b7_6.conda#7efa031126cd330933e0fdc2f4be730c
https://conda.anaconda.org/conda-forge/noarch/urllib3-2.6.2-pyhd8ed1ab_0.conda#4949ca7b83065cfe94ebe320aece8c72
https://conda.anaconda.org/conda-forge/noarch/argon2-cffi-25.1.0-pyhd8ed1ab_0.conda#8ac12aff0860280ee0cff7fa2cf63f3b
https://conda.anaconda.org/conda-forge/linux-aarch64/aws-sdk-cpp-1.11.510-h21cc9ff_3.conda#3eaf150709946c2c4a36d74fe1b21237
https://conda.anaconda.org/conda-forge/linux-aarch64/azure-storage-files-datalake-cpp-12.12.0-h37d6d07_1.conda#b724f3b4b7f4e9b36c58cbe3ed8610a2
https://conda.anaconda.org/conda-forge/linux-aarch64/harfbuzz-12.2.0-he4899c9_0.conda#1437bf9690976948f90175a65407b65f
https://conda.anaconda.org/conda-forge/noarch/httpcore-1.0.9-pyh29332c3_0.conda#4f14640d58e2cc0aa0819d9d8ba125bb
https://conda.anaconda.org/conda-forge/noarch/identify-2.6.15-pyhd8ed1ab_0.conda#25f954b7dae6dd7b0dc004dab74f1ce9
https://conda.anaconda.org/conda-forge/noarch/ipykernel-7.1.0-pyha191276_0.conda#c6f63cfe66adaa5650788e3106b6683a
https://conda.anaconda.org/conda-forge/noarch/ipywidgets-8.1.8-pyhd8ed1ab_0.conda#d68e3f70d1f068f1b66d94822fdc644e
https://conda.anaconda.org/conda-forge/noarch/isoduration-20.11.0-pyhd8ed1ab_1.conda#0b0154421989637d424ccf0f104be51a
https://conda.anaconda.org/conda-forge/noarch/jsonschema-4.25.1-pyhe01879c_0.conda#341fd940c242cf33e832c0402face56f
https://conda.anaconda.org/conda-forge/noarch/keras-3.12.0-pyh753f3f9_0.conda#3e82727e0621a5d90ea57e4e345f42be
https://conda.anaconda.org/conda-forge/linux-aarch64/matplotlib-base-3.10.8-py311hb9c6b48_0.conda#4c9c9538c5a0a581b2dac04e2ea8c305
https://conda.anaconda.org/conda-forge/linux-aarch64/polars-runtime-32-1.36.1-py310hff09b76_0.conda#c282f5e96f8ca8ea0b58aa10e8d99f06
https://conda.anaconda.org/conda-forge/noarch/pydantic-2.12.5-pyhcf101f3_1.conda#c3946ed24acdb28db1b5d63321dbca7d
https://conda.anaconda.org/conda-forge/noarch/pytest-cov-7.0.0-pyhcf101f3_1.conda#6891acad5e136cb62a8c2ed2679d6528
https://conda.anaconda.org/conda-forge/linux-aarch64/pytorch-2.6.0-cpu_generic_py311_h2b3b145_1.conda#b4fc946249ca52d2408a6c0170baf5ae
https://conda.anaconda.org/conda-forge/noarch/requests-2.32.5-pyhcf101f3_1.conda#c65df89a0b2e321045a9e01d1337b182
https://conda.anaconda.org/conda-forge/linux-aarch64/scikit-learn-1.8.0-np2py311h5905fc1_1.conda#8a1149bb368c31a5e0f763717b66abc8
https://conda.anaconda.org/conda-forge/noarch/tensorboard-2.18.0-pyhd8ed1ab_1.conda#90a735b377427589728e588b5241a253
https://conda.anaconda.org/conda-forge/noarch/typer-slim-standard-0.21.0-hd63da06_0.conda#b9b9911609c8371886a79e8fdccaff0f
https://conda.anaconda.org/conda-forge/noarch/httpx-0.28.1-pyhd8ed1ab_0.conda#d6989ead454181f4f9bc987d3dc4e285
https://conda.anaconda.org/conda-forge/noarch/jsonschema-with-format-nongpl-4.25.1-he01879c_0.conda#13e31c573c884962318a738405ca3487
https://conda.anaconda.org/conda-forge/linux-aarch64/libarrow-19.0.1-h6f9bc65_3_cpu.conda#e26c4ec01f4be091b8d898027f79d923
https://conda.anaconda.org/conda-forge/noarch/nbformat-5.10.4-pyhd8ed1ab_1.conda#bbe1963f1e47f594070ffe87cdf612ea
https://conda.anaconda.org/conda-forge/noarch/polars-1.36.1-pyh6a1acc5_0.conda#160b41862a43936cbe509d1879d67f54
https://conda.anaconda.org/conda-forge/noarch/pre-commit-4.5.1-pyha770c72_0.conda#7f3ac694319c7eaf81a0325d6405e974
https://conda.anaconda.org/conda-forge/linux-aarch64/qt6-main-6.9.2-h6c90349_1.conda#261978e93951e0802df3acd28557848a
https://conda.anaconda.org/conda-forge/linux-aarch64/tensorflow-base-2.18.0-cpu_py311h1a4a130_2.conda#02f3be8fe9adbe03e6b3115938b6cb4b
https://conda.anaconda.org/conda-forge/linux-aarch64/torchaudio-2.7.0-cpu_py311h8010c02_0.conda#4fd516b648c43fc0c1f2bc9a322a0543
https://conda.anaconda.org/conda-forge/linux-aarch64/torchvision-extra-decoders-0.0.2-py311ha760117_2.conda#57506f9c246909ddcf5bd2f92f257280
https://conda.anaconda.org/conda-forge/noarch/typer-0.21.0-pyhbb89825_0.conda#053a45ad64fe08064eff395e4532673f
https://conda.anaconda.org/conda-forge/noarch/jupyter_events-0.12.0-pyh29332c3_0.conda#f56000b36f09ab7533877e695e4e8cb0
https://conda.anaconda.org/conda-forge/linux-aarch64/libarrow-acero-19.0.1-h3b568fd_3_cpu.conda#d1aebefadc39576d342ccbb72e2b9b10
https://conda.anaconda.org/conda-forge/linux-aarch64/libparquet-19.0.1-hfc78867_3_cpu.conda#5ac5a73c4c1166dc6816d8df145c4f9e
https://conda.anaconda.org/conda-forge/noarch/nbclient-0.10.4-pyhd8ed1ab_0.conda#00f5b8dafa842e0c27c1cd7296aa4875
https://conda.anaconda.org/conda-forge/linux-aarch64/pyarrow-core-19.0.1-py311ha6d2531_0_cpu.conda#6f724062a826865b5fddc8f7c6173231
https://conda.anaconda.org/conda-forge/linux-aarch64/pyside6-6.9.2-py311hbfbf20b_1.conda#3c238b3cb329aef9d99b465ce3287ccf
https://conda.anaconda.org/conda-forge/linux-aarch64/tensorflow-estimator-2.18.0-cpu_py311h7033752_2.conda#d76c882d000c499fb70c1e6e3fda6b7f
https://conda.anaconda.org/conda-forge/linux-aarch64/torchvision-0.21.0-cpu_py311_h264a3cf_1.conda#a07a174980d0b57a6260373c517e77ac
https://conda.anaconda.org/conda-forge/linux-aarch64/libarrow-dataset-19.0.1-h3b568fd_3_cpu.conda#4f48c32cd979a3a06db2a9ee62cab5a2
https://conda.anaconda.org/conda-forge/linux-aarch64/matplotlib-3.10.8-py311hfecb2dc_0.conda#3920b856b59a909812f1913b96adaad8
https://conda.anaconda.org/conda-forge/noarch/nbconvert-core-7.16.6-pyhcf101f3_1.conda#cfc86ccc3b1de35d36ccaae4c50391f5
https://conda.anaconda.org/conda-forge/linux-aarch64/tensorflow-2.18.0-cpu_py311hb5cebc2_2.conda#77ac1d39d0ba4e0021b15a200f792a7a
https://conda.anaconda.org/conda-forge/noarch/jupyter_server-2.17.0-pyhcf101f3_0.conda#d79a87dcfa726bcea8e61275feed6f83
https://conda.anaconda.org/conda-forge/linux-aarch64/libarrow-substrait-19.0.1-h1e9d426_3_cpu.conda#716575aa254391d9a512dc5236f402d1
https://conda.anaconda.org/conda-forge/noarch/jupyter-lsp-2.3.0-pyhcf101f3_0.conda#62b7c96c6cd77f8173cc5cada6a9acaa
https://conda.anaconda.org/conda-forge/noarch/jupyterlab_server-2.28.0-pyhcf101f3_0.conda#a63877cb23de826b1620d3adfccc4014
https://conda.anaconda.org/conda-forge/noarch/notebook-shim-0.2.4-pyhd8ed1ab_1.conda#e7f89ea5f7ea9401642758ff50a2d9c1
https://conda.anaconda.org/conda-forge/linux-aarch64/pyarrow-19.0.1-py311hfecb2dc_0.conda#88687827cda5e94ec36b7185bc2b1446
https://conda.anaconda.org/conda-forge/noarch/jupyterlab-4.5.1-pyhd8ed1ab_0.conda#f8e8f8db45e1a946ce9b20b0f60b3111
