# Generated by conda-lock.
# platform: osx-arm64
# input_hash: fec31b5b9eb0f3434b8357d144758e5876d7f807fc9d777f8f7f15838fafd0ed
@EXPLICIT
https://conda.anaconda.org/conda-forge/osx-arm64/dav1d-1.2.1-hb547adb_0.conda#5a74cdee497e6b65173e10d94582fae6
https://conda.anaconda.org/conda-forge/noarch/font-ttf-dejavu-sans-mono-2.37-hab24e00_0.tar.bz2#0c96522c6bdaed4b1566d11387caaf45
https://conda.anaconda.org/conda-forge/noarch/font-ttf-inconsolata-3.000-h77eed37_0.tar.bz2#34893075a5c9e55cdafac56607368fc6
https://conda.anaconda.org/conda-forge/noarch/font-ttf-source-code-pro-2.038-h77eed37_0.tar.bz2#4d59c254e01d9cde7957100457e2d5fb
https://conda.anaconda.org/conda-forge/noarch/font-ttf-ubuntu-0.83-h77eed37_3.conda#49023d73832ef61042f6a237cb2687e7
https://conda.anaconda.org/conda-forge/osx-arm64/giflib-5.2.2-h93a5062_0.conda#95fa1486c77505330c20f7202492b913
https://conda.anaconda.org/conda-forge/osx-arm64/icu-73.2-hc8870d7_0.conda#8521bd47c0e11c5902535bb1a17c565f
https://conda.anaconda.org/conda-forge/osx-arm64/jpeg-9e-he4db4b2_2.tar.bz2#ad1e3584bfef678a4ca6f9daa6695159
https://conda.anaconda.org/conda-forge/osx-arm64/libev-4.33-h93a5062_2.conda#36d33e440c31857372a72137f78bacf5
https://conda.anaconda.org/conda-forge/osx-arm64/libjpeg-turbo-2.1.4-h1a8c8d9_0.tar.bz2#bd550dd10ccf96d75a16a0d7194aacf7
https://conda.anaconda.org/conda-forge/osx-arm64/libopentelemetry-cpp-headers-1.19.0-hce30654_0.conda#1bfbfd562ac8258c9f01b71af57f47b3
https://conda.anaconda.org/conda-forge/osx-arm64/libwebp-base-1.3.2-h93a5062_1.conda#ce4e2ea0aa859a8796b1437fe5cb07ed
https://conda.anaconda.org/conda-forge/osx-arm64/nlohmann_json-3.12.0-h784d473_1.conda#755cfa6c08ed7b7acbee20ccbf15a47c
https://conda.anaconda.org/conda-forge/noarch/nomkl-1.0-h5ca1d4c_0.tar.bz2#9a66894dfd07c4510beb6b3f9672ccc0
https://conda.anaconda.org/conda-forge/noarch/python_abi-3.12-8_cp312.conda#c3efd25ac4d74b1584d2f7a57195ddf1
https://conda.anaconda.org/pytorch/noarch/pytorch-mutex-1.0-cpu.tar.bz2#49565ed726991fd28d08a39885caa88d
https://conda.anaconda.org/conda-forge/noarch/tzdata-2025c-hc9c84f9_1.conda#ad659d0a2b3e47e38d829aa8cad2d610
https://conda.anaconda.org/conda-forge/osx-arm64/aws-c-common-0.12.0-h5505292_0.conda#3889562c31b3a8bb38122edbc72a1f38
https://conda.anaconda.org/conda-forge/osx-arm64/bzip2-1.0.8-hd037594_9.conda#620b85a3f45526a8bc4d23fd78fc22f0
https://conda.anaconda.org/conda-forge/osx-arm64/c-ares-1.34.7-h84a0fba_0.conda#3c93a6af81f29a03b42f1bd6deaf8c74
https://conda.anaconda.org/conda-forge/noarch/ca-certificates-2026.6.17-hbd8a1cb_0.conda#a9965dd99f683c5f444428f896635716
https://conda.anaconda.org/pytorch/noarch/cpuonly-2.0-0.tar.bz2#1cf3a59ef90a4078c253e3b02c272065
https://conda.anaconda.org/conda-forge/noarch/fonts-conda-forge-1-hc364b38_1.conda#a7970cd949a077b7cb9696379d338681
https://conda.anaconda.org/conda-forge/osx-arm64/fribidi-1.0.16-hc919400_0.conda#04bdce8d93a4ed181d1d726163c2d447
https://conda.anaconda.org/conda-forge/osx-arm64/libbrotlicommon-1.1.0-h6caf38d_4.conda#231cffe69d41716afe4525c5c1cc5ddd
https://conda.anaconda.org/conda-forge/osx-arm64/libcxx-22.1.8-h55c6f16_0.conda#89f76a2a21a3ec3ec983b5eb237c4113
https://conda.anaconda.org/conda-forge/osx-arm64/libdeflate-1.22-hd74edd7_0.conda#2d3e3f3d8ab315748420ef58d5a3ae0f
https://conda.anaconda.org/conda-forge/osx-arm64/libexpat-2.8.1-hf6b4638_1.conda#a915151d5d3c5bf039f5ccc8402a436f
https://conda.anaconda.org/conda-forge/osx-arm64/libffi-3.5.2-hcf2aa1b_0.conda#43c04d9cb46ef176bb2a4c77e324d599
https://conda.anaconda.org/conda-forge/osx-arm64/libiconv-1.18-h23cfdf5_2.conda#4d5a7445f0b25b6a3ddbb56e790f5251
https://conda.anaconda.org/conda-forge/osx-arm64/liblzma-5.8.3-h8088a28_0.conda#b1fd823b5ae54fbec272cea0811bd8a9
https://conda.anaconda.org/conda-forge/osx-arm64/libsodium-1.0.22-h1a92334_1.conda#9ed5ab909c449bdcae72322e44875a18
https://conda.anaconda.org/conda-forge/osx-arm64/libutf8proc-2.10.0-h74a6958_0.conda#639880d40b6e2083e20b86a726154864
https://conda.anaconda.org/conda-forge/osx-arm64/libuv-1.52.1-h1a92334_0.conda#fa9fef7d9f33724b7c3899c883c25a3e
https://conda.anaconda.org/conda-forge/osx-arm64/libzlib-1.3.2-h8088a28_2.conda#bc5a5721b6439f2f62a84f2548136082
https://conda.anaconda.org/conda-forge/osx-arm64/llvm-openmp-22.1.8-hc7d1edf_0.conda#a9c118f6343fb6301b6f3b4e94c4c562
https://conda.anaconda.org/conda-forge/osx-arm64/ncurses-6.6-h1d4f5a5_0.conda#343d10ed5b44030a2f67193905aea159
https://conda.anaconda.org/conda-forge/osx-arm64/rav1e-0.8.1-h8246384_0.conda#4706a8a71474c692482c3f86c2175454
https://conda.anaconda.org/conda-forge/osx-arm64/xxhash-0.8.3-haa4e116_0.conda#54a24201d62fc17c73523e4b86f71ae8
https://conda.anaconda.org/conda-forge/osx-arm64/yaml-0.2.5-h925e9cb_3.conda#78a0fe9e9c50d2c381e8ee47e3ea437d
https://conda.anaconda.org/conda-forge/osx-arm64/_openmp_mutex-4.5-7_kmp_llvm.conda#a44032f282e7d2acdeb1c240308052dd
https://conda.anaconda.org/conda-forge/osx-arm64/aom-3.14.1-pl5321h513545f_1.conda#506b0327a51de9871ce2725022c0c955
https://conda.anaconda.org/conda-forge/osx-arm64/aws-c-cal-0.8.7-h8f38403_0.conda#47d04b28f334f56c6ec8655ce54069b7
https://conda.anaconda.org/conda-forge/osx-arm64/aws-c-compression-0.3.1-hd84a0f8_2.conda#31ffcebe13d018d49bff2b5607666fd7
https://conda.anaconda.org/conda-forge/osx-arm64/aws-c-sdkutils-0.2.3-hd84a0f8_2.conda#e5e1ca9d65acd0ec7a2917c88f99325f
https://conda.anaconda.org/conda-forge/osx-arm64/aws-checksums-0.2.3-hd84a0f8_2.conda#b3fc57eda4085649a3f9d80664f3e14d
https://conda.anaconda.org/conda-forge/osx-arm64/flatbuffers-24.3.25-hebf3989_0.conda#f23852b1b71bc82768a6a33f6122efff
https://conda.anaconda.org/conda-forge/noarch/fonts-conda-ecosystem-1-0.tar.bz2#fee5683a3f04bd15cbd8318b096a27ab
https://conda.anaconda.org/conda-forge/osx-arm64/gflags-2.2.2-hf9b8971_1005.conda#57a511a5905caa37540eb914dfcbf1fb
https://conda.anaconda.org/conda-forge/osx-arm64/gmp-6.3.0-h7bae524_2.conda#eed7278dfbab727b56f2c0b64330814b
https://conda.anaconda.org/conda-forge/osx-arm64/graphite2-1.3.15-hf6b4638_0.conda#0d576cff278a2e60456d5b2c0a1ffda3
https://conda.anaconda.org/conda-forge/osx-arm64/lerc-4.1.0-h1eee2c3_0.conda#095e5749868adab9cae42d4b460e5443
https://conda.anaconda.org/conda-forge/osx-arm64/libabseil-20250127.0-cxx17_h07bc746_0.conda#fc8e122b60122397da917df25e101c2a
https://conda.anaconda.org/conda-forge/osx-arm64/libaec-1.1.5-h8664d51_0.conda#13e6d9ae0efbc9d2e9a01a91f4372b41
https://conda.anaconda.org/conda-forge/osx-arm64/libbrotlidec-1.1.0-h6caf38d_4.conda#cb7e7fe96c9eee23a464afd57648d2cd
https://conda.anaconda.org/conda-forge/osx-arm64/libbrotlienc-1.1.0-h6caf38d_4.conda#4ce5651ae5cd6eebc5899f9bfe0eac3c
https://conda.anaconda.org/conda-forge/osx-arm64/libcrc32c-1.1.2-hbdafb3b_0.tar.bz2#32bd82a6a625ea6ce090a81c3d34edeb
https://conda.anaconda.org/conda-forge/osx-arm64/libedit-3.1.20250104-pl5321hafb1f1b_0.conda#44083d2d2c2025afca315c7a172eab2b
https://conda.anaconda.org/conda-forge/osx-arm64/libintl-0.25.1-h493aca8_0.conda#5103f6a6b210a3912faf8d7db516918c
https://conda.anaconda.org/conda-forge/osx-arm64/liblzma-devel-5.8.3-h8088a28_0.conda#ebe1f5418d6e2d4bbc26b2c906a0a470
https://conda.anaconda.org/conda-forge/osx-arm64/libpng-1.6.58-h132b30e_0.conda#2259ae0949dbe20c0665850365109b27
https://conda.anaconda.org/conda-forge/osx-arm64/libsqlite-3.53.3-h1b79a29_0.conda#7184d95871a58b8258a8ea124ed5aabc
https://conda.anaconda.org/conda-forge/osx-arm64/lz4-c-1.10.0-h286801f_1.conda#01511afc6cc1909c5303cf31be17b44f
https://conda.anaconda.org/conda-forge/osx-arm64/openjdk-25.0.2-h258754b_0.conda#a4024e03865a7411c1028eac83d1956c
https://conda.anaconda.org/conda-forge/osx-arm64/openssl-3.6.3-hd24854e_0.conda#8187a86242741725bfa74785fe812979
https://conda.anaconda.org/conda-forge/osx-arm64/pcre2-10.47-h30297fc_0.conda#9b4190c4055435ca3502070186eba53a
https://conda.anaconda.org/conda-forge/osx-arm64/pixman-0.46.4-h81086ad_1.conda#17c3d745db6ea72ae2fce17e7338547f
https://conda.anaconda.org/conda-forge/osx-arm64/qhull-2020.2-h420ef59_5.conda#6483b1f59526e05d7d894e466b5b6924
https://conda.anaconda.org/conda-forge/osx-arm64/readline-8.3-h46df422_0.conda#f8381319127120ce51e081dce4865cf4
https://conda.anaconda.org/conda-forge/osx-arm64/sleef-3.9.0-hb028509_0.conda#68f833178f171cfffdd18854c0e9b7f9
https://conda.anaconda.org/conda-forge/osx-arm64/snappy-1.2.2-hada39a4_1.conda#fca4a2222994acd7f691e57f94b750c5
https://conda.anaconda.org/conda-forge/osx-arm64/svt-av1-4.0.1-h0cb729a_0.conda#8badc3bf16b62272aa2458f138223821
https://conda.anaconda.org/conda-forge/osx-arm64/tk-8.6.13-h010d191_3.conda#a9d86bc62f39b94c4661716624eb21b0
https://conda.anaconda.org/conda-forge/osx-arm64/xz-gpl-tools-5.8.3-hd0f0c4f_0.conda#43d168a8c95a8fcdcc44c2a0a7887653
https://conda.anaconda.org/conda-forge/osx-arm64/xz-tools-5.8.3-h8088a28_0.conda#b8c47eab4e58fe7015a12ceb9d5b114c
https://conda.anaconda.org/conda-forge/osx-arm64/zlib-1.3.2-h8088a28_2.conda#f1c0bce276210bed45a04949cfe8dc20
https://conda.anaconda.org/conda-forge/osx-arm64/zstd-1.5.7-hbf9d68e_6.conda#ab136e4c34e97f34fb621d2592a393d8
https://conda.anaconda.org/conda-forge/osx-arm64/aws-c-io-0.17.0-ha705ebb_6.conda#1567e388e63dd0fe5418045380f69f26
https://conda.anaconda.org/conda-forge/osx-arm64/brotli-bin-1.1.0-h6caf38d_4.conda#ab57f389f304c4d2eb86d8ae46d219c3
https://conda.anaconda.org/conda-forge/osx-arm64/glog-0.7.1-heb240a5_0.conda#fef68d0a95aa5b84b5c1a4f6f3bf40e1
https://conda.anaconda.org/conda-forge/osx-arm64/krb5-1.22.2-hfd3d5f3_1.conda#8780f41b013d19219faef9c82260744b
https://conda.anaconda.org/conda-forge/osx-arm64/libavif16-1.4.2-hb274fc6_2.conda#7f5ec48626c409825086d6b76ea9cbca
https://conda.anaconda.org/conda-forge/osx-arm64/libevent-2.1.12-h2757513_1.conda#1a109764bff3bdc7bdd84088347d71dc
https://conda.anaconda.org/conda-forge/osx-arm64/libfreetype6-2.14.3-hdfa99f5_1.conda#a0bb0678f67c464938d3693fa96f6884
https://conda.anaconda.org/conda-forge/osx-arm64/libgcc-15.2.0-hcbb3090_19.conda#644058123986582db33aebd4ae2ca184
https://conda.anaconda.org/conda-forge/osx-arm64/libglib-2.88.2-ha08bb59_0.conda#03123cafdc96cef79fc8a615f9119b79
https://conda.anaconda.org/conda-forge/osx-arm64/libnghttp2-1.68.1-h8f3e76b_0.conda#6ea18834adbc3b33df9bd9fb45eaf95b
https://conda.anaconda.org/conda-forge/osx-arm64/libprotobuf-5.29.3-hccd9074_0.conda#243704f59b7c09aab5b3070538026c92
https://conda.anaconda.org/conda-forge/osx-arm64/libre2-11-2024.07.02-hd41c47c_3.conda#1466284c71c62f7a9c4fa08ed8940f20
https://conda.anaconda.org/conda-forge/osx-arm64/libssh2-1.11.1-h1590b86_0.conda#b68e8f66b94b44aaa8de4583d3d4cc40
https://conda.anaconda.org/conda-forge/osx-arm64/mpfr-4.2.2-h6bc93b0_0.conda#a47a14da2103c9c7a390f7c8bc8d7f9b
https://conda.anaconda.org/conda-forge/osx-arm64/python-3.12.13-h8561d8f_0_cpython.conda#8e7608172fa4d1b90de9a745c2fd2b81
https://conda.anaconda.org/conda-forge/osx-arm64/sqlite-3.53.3-h85ec8f2_0.conda#b9df2fcb7e9eba945c1c946c438c4586
https://conda.anaconda.org/conda-forge/osx-arm64/xz-5.8.3-hd0f0c4f_0.conda#4df12be699991b97b66a85cc46ea75b5
https://conda.anaconda.org/conda-forge/noarch/absl-py-2.5.0-pyhd8ed1ab_0.conda#1ec5202407b4006470f9a21c32c4b90c
https://conda.anaconda.org/conda-forge/noarch/aiohappyeyeballs-2.7.1-pyhd8ed1ab_0.conda#e51e09bf3b91c62b7461a9f94e92c2c9
https://conda.anaconda.org/conda-forge/noarch/annotated-doc-0.0.4-pyhcf101f3_0.conda#52be5139047efadaeeb19c6a5103f92a
https://conda.anaconda.org/conda-forge/noarch/antlr-python-runtime-4.9.3-pyhd8ed1ab_1.tar.bz2#c88eaec8de9ae1fa161205aa18e7a5b1
https://conda.anaconda.org/conda-forge/noarch/appnope-0.1.4-pyhd8ed1ab_1.conda#54898d0f524c9dee622d44bbb081a8ab
https://conda.anaconda.org/conda-forge/noarch/asttokens-3.0.2-pyhd8ed1ab_0.conda#89d495168582cb00428dad699d149624
https://conda.anaconda.org/conda-forge/noarch/attrs-26.1.0-pyhcf101f3_0.conda#c6b0543676ecb1fb2d7643941fe375f2
https://conda.anaconda.org/conda-forge/osx-arm64/aws-c-event-stream-0.5.4-h3c33643_2.conda#0117e1dbf8de18d6caae49a5df075d0f
https://conda.anaconda.org/conda-forge/osx-arm64/aws-c-http-0.9.4-hedcc1e3_4.conda#99852aaf483001b174f251c7052f92e9
https://conda.anaconda.org/conda-forge/noarch/babel-2.18.0-pyhcf101f3_1.conda#f1976ce927373500cc19d3c0b2c85177
https://conda.anaconda.org/conda-forge/osx-arm64/brotli-1.1.0-h6caf38d_4.conda#ce8659623cea44cc812bc0bfae4041c5
https://conda.anaconda.org/conda-forge/osx-arm64/brotli-python-1.1.0-py312h6b01ec3_4.conda#0d50ab05d6d8fa7a38213c809637ba6d
https://conda.anaconda.org/conda-forge/noarch/cached_property-1.5.2-pyha770c72_2.conda#f71e6840332854fd2eac6c3229768a9c
https://conda.anaconda.org/conda-forge/noarch/certifi-2026.6.17-pyhd8ed1ab_0.conda#c13824fedced67005d3832c152fe9c2f
https://conda.anaconda.org/conda-forge/noarch/cfgv-3.5.0-pyhd8ed1ab_0.conda#381bd45fb7aa032691f3063aff47e3a1
https://conda.anaconda.org/conda-forge/noarch/charset-normalizer-3.4.9-pyhd8ed1ab_0.conda#d154b40b109e503430979e8a8d099eaf
https://conda.anaconda.org/conda-forge/noarch/colorama-0.4.6-pyhd8ed1ab_1.conda#962b9857ee8e7018c22f2776ffa0b2d7
https://conda.anaconda.org/conda-forge/noarch/comm-0.2.3-pyhe01879c_0.conda#2da13f2b299d8e1995bafbbe9689a2f7
https://conda.anaconda.org/conda-forge/noarch/cpython-3.12.13-py312hd8ed1ab_0.conda#f54c1ffb8ecedb85a8b7fcde3a187212
https://conda.anaconda.org/conda-forge/noarch/cycler-0.12.1-pyhcf101f3_2.conda#4c2a8fef270f6c69591889b93f9f55c1
https://conda.anaconda.org/conda-forge/osx-arm64/debugpy-1.8.21-py312h6510ced_0.conda#178381b74c5e84ea90751c5e4291c41e
https://conda.anaconda.org/conda-forge/noarch/decorator-5.3.1-pyhd8ed1ab_0.conda#61dcf784d59ef0bd62c57d982b154ace
https://conda.anaconda.org/conda-forge/noarch/defusedxml-0.7.1-pyhd8ed1ab_0.tar.bz2#961b3a227b437d82ad7054484cfa71b2
https://conda.anaconda.org/conda-forge/noarch/dill-0.3.7-pyhd8ed1ab_0.conda#5e4f3466526c52bc9af2d2353a1460bd
https://conda.anaconda.org/conda-forge/noarch/distlib-0.4.3-pyhcf101f3_0.conda#58638f77697c4f6726753eb8be34818b
https://conda.anaconda.org/conda-forge/noarch/einops-0.8.2-pyhd8ed1ab_0.conda#59f72c47e4c63aacae4b322ac00bda7c
https://conda.anaconda.org/conda-forge/noarch/executing-2.2.1-pyhd8ed1ab_0.conda#ff9efb7f7469aed3c4a8106ffa29593c
https://conda.anaconda.org/conda-forge/noarch/filelock-3.29.7-pyhd8ed1ab_0.conda#ee29c64d6fc4ab42e47c4a59b756d958
https://conda.anaconda.org/conda-forge/osx-arm64/frozenlist-1.8.0-py312ha0ce254_0.conda#4dba3a2eb282b85b3f6e0a25b6af0d8a
https://conda.anaconda.org/conda-forge/noarch/fsspec-2026.6.0-pyhd8ed1ab_0.conda#7d7e6c826ba0743fc491ebee0e7b899c
https://conda.anaconda.org/conda-forge/noarch/gast-0.7.0-pyhd8ed1ab_0.conda#377a825d91b5d6fcc0e6cdb98bbe9799
https://conda.anaconda.org/conda-forge/noarch/hpack-4.2.0-pyhd8ed1ab_0.conda#b395909221b9bd1df066e5930e18855b
https://conda.anaconda.org/conda-forge/noarch/hyperframe-6.1.0-pyhd8ed1ab_0.conda#8e6923fc12f1fe8f8c4e5c9f343256ac
https://conda.anaconda.org/conda-forge/noarch/idna-3.18-pyhcf101f3_0.conda#577b04680ae422adb86fc60d7b940659
https://conda.anaconda.org/conda-forge/noarch/iniconfig-2.3.0-pyhd8ed1ab_0.conda#9614359868482abba1bd15ce465e3c42
https://conda.anaconda.org/conda-forge/noarch/json5-0.15.0-pyhd8ed1ab_0.conda#761a4a6b9cba303c66a97ca642447171
https://conda.anaconda.org/conda-forge/noarch/jsonpointer-3.1.1-pyhcf101f3_0.conda#89bf346df77603055d3c8fe5811691e6
https://conda.anaconda.org/conda-forge/noarch/jupyterlab_widgets-3.0.16-pyhcf101f3_1.conda#dbf8b81974504fa51d34e436ca7ef389
https://conda.anaconda.org/conda-forge/osx-arm64/kiwisolver-1.5.0-py312h3093aea_0.conda#58261af35f0d33fd28e2257b208a1be0
https://conda.anaconda.org/conda-forge/noarch/lark-1.3.1-pyhd8ed1ab_0.conda#9b965c999135d43a3d0f7bd7d024e26a
https://conda.anaconda.org/conda-forge/osx-arm64/libavif-1.4.2-h1b237cc_2.conda#54db8b14029661f4c6be66cefa11a76a
https://conda.anaconda.org/conda-forge/osx-arm64/libcurl-8.21.0-hd5a2499_1.conda#27c5b464c5fbee7411aab3bc0195f9c2
https://conda.anaconda.org/conda-forge/osx-arm64/libfreetype-2.14.3-hce30654_1.conda#0582e67cd14cfed773be2f3b1aba08e0
https://conda.anaconda.org/conda-forge/osx-arm64/libgfortran5-15.2.0-hdae7583_19.conda#ba36d8c606a6a53fe0b8c12d47267b3d
https://conda.anaconda.org/conda-forge/osx-arm64/libthrift-0.21.0-h64651cc_0.conda#7ce2bd2f650f8c31ad7ba4c7bfea61b7
https://repo.anaconda.com/pkgs/main/osx-arm64/libtiff-4.7.0-h91aec0a_0.conda#0a2360f2181c3dd184e5f877a1e43585
https://conda.anaconda.org/conda-forge/osx-arm64/libxml2-2.12.7-h9a80f22_3.conda#705829a78a7ce3dff19a967f0f0f5ed3
https://conda.anaconda.org/conda-forge/osx-arm64/llvmlite-0.47.0-py312h7ca588d_1.conda#24c6c9295e1048c90b8b1c3e9b6340f0
https://conda.anaconda.org/conda-forge/osx-arm64/markupsafe-3.0.3-py312h04c11ed_1.conda#11d95ab83ef0a82cc2de12c1e0b47fe4
https://conda.anaconda.org/conda-forge/noarch/mdurl-0.1.2-pyhd8ed1ab_1.conda#592132998493b3ff25fd7479396e8351
https://conda.anaconda.org/conda-forge/osx-arm64/mpc-1.4.0-h169892a_0.conda#2845c3a1d0d8da1db92aba8323892475
https://conda.anaconda.org/conda-forge/noarch/mpmath-1.3.0-pyhd8ed1ab_1.conda#3585aa87c43ab15b167b574cd73b057b
https://conda.anaconda.org/conda-forge/osx-arm64/multidict-6.7.1-py312h43af8aa_0.conda#8094abe00f22955a9396d91c690f36e8
https://conda.anaconda.org/conda-forge/noarch/munkres-1.1.4-pyhd8ed1ab_1.conda#37293a85a0f4f77bbd9cf7aaefc62609
https://conda.anaconda.org/conda-forge/noarch/mypy_extensions-1.1.0-pyha770c72_0.conda#e9c622e0d00fa24a6292279af3ab6d06
https://conda.anaconda.org/conda-forge/noarch/namex-0.1.0-pyhd8ed1ab_0.conda#3eb854547a0183b994431957fa0e05d2
https://conda.anaconda.org/conda-forge/noarch/narwhals-2.24.0-pyhcf101f3_0.conda#42ef6cbb3e1d0e6689b9dd160f560eae
https://conda.anaconda.org/conda-forge/noarch/nest-asyncio2-1.7.2-pyhcf101f3_0.conda#fcd832bfd4749e9b246112b6894f97fc
https://conda.anaconda.org/conda-forge/noarch/networkx-3.6.1-pyhcf101f3_0.conda#a2c1eeadae7a309daed9d62c96012a2b
https://conda.anaconda.org/conda-forge/noarch/opt_einsum-3.4.0-pyhd8ed1ab_1.conda#52919815cd35c4e1a0298af658ccda04
https://conda.anaconda.org/conda-forge/osx-arm64/orc-2.1.1-hd90e43c_1.conda#c021648f89082b32d4be335af53b40a2
https://conda.anaconda.org/conda-forge/noarch/packaging-26.2-pyhc364b38_0.conda#4c06a92e74452cfa53623a81592e8934
https://conda.anaconda.org/conda-forge/noarch/pandocfilters-1.5.0-pyhd8ed1ab_0.tar.bz2#457c2c8c08e54905d6954e79cb5b5db9
https://conda.anaconda.org/conda-forge/noarch/parso-0.8.7-pyhcf101f3_0.conda#39894c952938276405a1bd30e4ce2caf
https://conda.anaconda.org/conda-forge/noarch/pathspec-1.1.1-pyhd8ed1ab_0.conda#11adc78451c998c0fd162584abfa3559
https://conda.anaconda.org/conda-forge/noarch/platformdirs-4.10.0-pyhcf101f3_0.conda#2c5ef45db85d34799771629bd5860fd7
https://conda.anaconda.org/conda-forge/noarch/pluggy-1.6.0-pyhf9edf01_1.conda#d7585b6550ad04c8c5e21097ada2888e
https://conda.anaconda.org/conda-forge/noarch/prometheus_client-0.25.0-pyhd8ed1ab_0.conda#a11ab1f31af799dd93c3a39881528884
https://conda.anaconda.org/conda-forge/osx-arm64/propcache-0.5.2-py312h04c11ed_0.conda#6c4420db8ea9288594164a8b5f8bcf6c
https://conda.anaconda.org/conda-forge/osx-arm64/protobuf-5.29.3-py312hbb633d4_0.conda#35cdff74fe24867041f8e87d3a62b764
https://conda.anaconda.org/conda-forge/osx-arm64/psutil-7.2.2-py312hb3ab3e3_0.conda#fd856899666759403b3c16dcba2f56ff
https://conda.anaconda.org/conda-forge/noarch/ptyprocess-0.7.0-pyhd8ed1ab_1.conda#7d9daffbb8d8e0af0f769dbbcd173a54
https://conda.anaconda.org/conda-forge/noarch/pure_eval-0.2.3-pyhd8ed1ab_1.conda#3bfdfb8dbcdc4af1ae3f9a8eb3948f04
https://conda.anaconda.org/conda-forge/noarch/pybind11-global-3.0.3-pyh648e204_0.conda#7fdc3e18c14b862ae5f064c1ea8e2636
https://conda.anaconda.org/conda-forge/noarch/pycparser-3.0-pyhcf101f3_0.conda#9c5491066224083c41b6d5635ed7107b
https://conda.anaconda.org/conda-forge/noarch/pygments-2.20.0-pyhd8ed1ab_0.conda#16c18772b340887160c79a6acc022db0
https://conda.anaconda.org/conda-forge/noarch/pyparsing-3.3.2-pyhcf101f3_0.conda#3687cc0b82a8b4c17e1f0eb7e47163d5
https://conda.anaconda.org/conda-forge/noarch/pysocks-1.7.1-pyha55dd90_7.conda#461219d1a5bd61342293efa2c0c90eac
https://conda.anaconda.org/conda-forge/noarch/python-dotenv-1.2.2-pyhcf101f3_0.conda#130584ad9f3a513cdd71b1fdc1244e9c
https://conda.anaconda.org/conda-forge/osx-arm64/python-duckdb-1.5.4-py312h6d95f44_0.conda#470f790786d89cbeb57e848cccac52d3
https://conda.anaconda.org/conda-forge/noarch/python-fastjsonschema-2.21.2-pyhe01879c_0.conda#23029aae904a2ba587daba708208012f
https://conda.anaconda.org/conda-forge/noarch/python-flatbuffers-25.12.19-pyh9d96877_0.conda#3a28cf4d2187c1dfb0c31aedbf275b8c
https://conda.anaconda.org/conda-forge/osx-arm64/python-librt-0.13.0-py312hb3ab3e3_0.conda#a58e24db90bd4fc12e94974aa59c6413
https://conda.anaconda.org/conda-forge/noarch/python-tzdata-2026.3-pyhd8ed1ab_0.conda#eefc8d916bd2e708d76d40398ef9a1ee
https://conda.anaconda.org/conda-forge/osx-arm64/python-xxhash-3.7.0-py312ha7df8c8_0.conda#522f54db4ce1427f056c9415e8080b1f
https://conda.anaconda.org/conda-forge/osx-arm64/pyyaml-6.0.3-py312h04c11ed_1.conda#95a5f0831b5e0b1075bbd80fcffc52ac
https://conda.anaconda.org/conda-forge/osx-arm64/re2-2024.07.02-h6589ca4_3.conda#d4e82bd66b71c29da35e1f634548e039
https://conda.anaconda.org/conda-forge/osx-arm64/regex-2026.7.10-py312h2bbb03f_0.conda#ef5f0ce897e8d7439400dc6dbe3cd084
https://conda.anaconda.org/conda-forge/noarch/rfc3986-validator-0.1.1-pyh9f0ad1d_0.tar.bz2#912a71cc01012ee38e6b90ddd561e36f
https://conda.anaconda.org/conda-forge/osx-arm64/rpds-py-2026.6.3-py312h8b1d842_0.conda#ca4e32f2b1794e0e3ca071cc84995c4a
https://conda.anaconda.org/conda-forge/osx-arm64/ruff-0.15.21-h80928e0_0.conda#802c895a8f535ce9342dc0c968a05ded
https://conda.anaconda.org/conda-forge/osx-arm64/safetensors-0.8.0-py312hb9d4441_0.conda#476572662f6df82edd6ca2f1b8bd6d8e
https://conda.anaconda.org/conda-forge/noarch/setuptools-83.0.0-pyh332efcf_0.conda#6bf6acbab2499830180ec88c3aff2fa4
https://conda.anaconda.org/conda-forge/noarch/shellingham-1.5.4-pyhd8ed1ab_2.conda#83ea3a2ddb7a75c1b09cea582aa4f106
https://conda.anaconda.org/conda-forge/noarch/six-1.17.0-pyhe01879c_1.conda#3339e3b65d58accf4ca4fb8748ab16b3
https://conda.anaconda.org/conda-forge/noarch/sniffio-1.3.1-pyhd8ed1ab_2.conda#03fe290994c5e4ec17293cfb6bdce520
https://conda.anaconda.org/conda-forge/noarch/soupsieve-2.8.4-pyhd8ed1ab_0.conda#9e21f087f087f805debe877d88e00a14
https://conda.anaconda.org/conda-forge/osx-arm64/tensorboard-data-server-0.7.0-py312h9536bd2_4.conda#2c911f542edf82b500cb08f6164cd3e7
https://conda.anaconda.org/conda-forge/noarch/termcolor-3.3.0-pyhd8ed1ab_0.conda#bc6228906129e420c74a5ebaf0d63936
https://conda.anaconda.org/conda-forge/noarch/threadpoolctl-3.6.0-pyhecae5ae_0.conda#9d64911b31d57ca443e9f1e36b04385f
https://conda.anaconda.org/conda-forge/noarch/tomli-2.4.1-pyhcf101f3_0.conda#b5325cf06a000c5b14970462ff5e4d58
https://conda.anaconda.org/conda-forge/osx-arm64/tornado-6.5.7-py312h2bbb03f_0.conda#d037e9adb0365ab53445f357bd9a035f
https://conda.anaconda.org/conda-forge/noarch/tqdm-4.68.4-pyh8f84b5b_0.conda#54772f97dc361b1659ef0b34d71d39b4
https://conda.anaconda.org/conda-forge/noarch/traitlets-5.15.1-pyhcf101f3_0.conda#37e3be7b6e2977d37b8fa5da229f5dc0
https://conda.anaconda.org/conda-forge/noarch/typing_extensions-4.16.0-pyhcf101f3_0.conda#c70ad746c22219b9700931707482992c
https://conda.anaconda.org/conda-forge/noarch/typing_utils-0.1.0-pyhd8ed1ab_1.conda#f6d7aa696c67756a650e91e15e88223c
https://conda.anaconda.org/conda-forge/osx-arm64/unicodedata2-17.0.1-py312h2bbb03f_0.conda#45b836f333fd3e282c16fff7dc82994e
https://conda.anaconda.org/conda-forge/noarch/uri-template-1.3.0-pyhd8ed1ab_1.conda#e7cb0f5745e4c5035a460248334af7eb
https://conda.anaconda.org/conda-forge/noarch/wcwidth-0.8.2-pyhd8ed1ab_0.conda#99f7755ec8648a042b0dbe906234f888
https://conda.anaconda.org/conda-forge/noarch/webcolors-25.10.0-pyhd8ed1ab_0.conda#6639b6b0d8b5a284f027a2003669aa65
https://conda.anaconda.org/conda-forge/noarch/webencodings-0.5.1-pyhd8ed1ab_3.conda#2841eb5bfc75ce15e9a0054b98dcd64d
https://conda.anaconda.org/conda-forge/noarch/websocket-client-1.9.0-pyhd8ed1ab_0.conda#2f1ed718fcd829c184a6d4f0f2e07409
https://conda.anaconda.org/conda-forge/noarch/widgetsnbextension-4.0.15-pyhd8ed1ab_0.conda#dc257b7e7cad9b79c1dfba194e92297b
https://conda.anaconda.org/conda-forge/osx-arm64/wrapt-2.2.2-py312h2bbb03f_0.conda#f7115a8060360996f419b397727293ab
https://conda.anaconda.org/conda-forge/osx-arm64/zeromq-4.3.5-h10816f8_11.conda#d31c0e54c4f9c51100ec8c812ee925d1
https://conda.anaconda.org/conda-forge/noarch/zipp-4.1.0-pyhcf101f3_0.conda#ba3dcdc8584155c97c648ae9c044b7a3
https://conda.anaconda.org/conda-forge/noarch/aiosignal-1.4.0-pyhd8ed1ab_0.conda#421a865222cd0c9d83ff08bc78bf3a61
https://conda.anaconda.org/conda-forge/noarch/astunparse-1.6.3-pyhd8ed1ab_3.conda#d3f195dfdbbf736e4ec178bbec2a975c
https://conda.anaconda.org/conda-forge/noarch/async-lru-2.3.0-pyhcf101f3_0.conda#b85e84cb64c762569cc1a760c2327e0a
https://conda.anaconda.org/conda-forge/osx-arm64/aws-c-auth-0.8.6-h660070d_4.conda#53121e315ec35a689a761646d761af14
https://conda.anaconda.org/conda-forge/osx-arm64/aws-c-mqtt-0.12.2-h82c6c6a_2.conda#1545c6b828a1c4a6eb720e10368a6734
https://conda.anaconda.org/conda-forge/osx-arm64/azure-core-cpp-1.14.0-hd50102c_0.conda#f093a11dcf3cdcca010b20a818fcc6dc
https://conda.anaconda.org/conda-forge/noarch/bleach-6.4.0-pyhcf101f3_0.conda#93009c29cdd6f2500468f2502fff9209
https://conda.anaconda.org/conda-forge/noarch/cached-property-1.5.2-hd8ed1ab_2.conda#1990eb3f49022846fbc7fc9624a0ee43
https://conda.anaconda.org/conda-forge/osx-arm64/cffi-2.1.0-py312h652e2b1_0.conda#aa86ced9f5d10592ebdccec40bce7370
https://conda.anaconda.org/conda-forge/osx-arm64/coverage-7.15.1-py312h04c11ed_0.conda#814faeb49ad88dec7a2623a03a906827
https://conda.anaconda.org/conda-forge/noarch/duckdb-1.5.4-h332efcf_0.conda#f51ca93d4a9729d2e0c388ccf612f325
https://conda.anaconda.org/conda-forge/noarch/exceptiongroup-1.3.1-pyhd8ed1ab_0.conda#8e662bd460bda79b1ea39194e3c4c9ab
https://conda.anaconda.org/conda-forge/osx-arm64/fontconfig-2.18.1-h2b252f5_0.conda#9d928e6a62192141fb6540a3125b1345
https://conda.anaconda.org/conda-forge/osx-arm64/fonttools-4.63.0-py312h04c11ed_0.conda#77e64a600d8426c3863942f67491f5fb
https://conda.anaconda.org/conda-forge/osx-arm64/freetype-2.14.3-hce30654_1.conda#7bd06ab4ed807154c2d9031eb5ebf025
https://conda.anaconda.org/conda-forge/osx-arm64/gmpy2-2.3.0-py312he1ee7cc_1.conda#bd0f515e01326c13cc81424233ac7b18
https://conda.anaconda.org/conda-forge/noarch/google-pasta-0.2.0-pyhd8ed1ab_2.conda#005b9749218cb8c9e94ac2a77ca3c8c0
https://conda.anaconda.org/conda-forge/noarch/h11-0.16.0-pyhcf101f3_1.conda#b8993c19b0c32a2f7b66cbb58ca27069
https://conda.anaconda.org/conda-forge/noarch/h2-4.3.0-pyhcf101f3_0.conda#164fc43f0b53b6e3a7bc7dce5e4f1dc9
https://conda.anaconda.org/conda-forge/noarch/importlib-metadata-9.0.0-pyhcf101f3_0.conda#ffc17e785d64e12fc311af9184221839
https://conda.anaconda.org/conda-forge/noarch/ipython_pygments_lexers-1.1.1-pyhd8ed1ab_0.conda#bd80ba060603cc228d9d81c257093119
https://conda.anaconda.org/conda-forge/noarch/jedi-0.20.0-pyhcf101f3_0.conda#c2b3d37aa1411031126036ee76a8a861
https://conda.anaconda.org/conda-forge/noarch/jinja2-3.1.6-pyhcf101f3_1.conda#04558c96691bed63104678757beb4f8d
https://conda.anaconda.org/conda-forge/noarch/joblib-1.5.3-pyhd8ed1ab_0.conda#615de2a4d97af50c350e5cf160149e77
https://conda.anaconda.org/conda-forge/noarch/jupyter_core-5.9.1-pyhc90fa1f_0.conda#b38fe4e78ee75def7e599843ef4c1ab0
https://conda.anaconda.org/conda-forge/noarch/jupyterlab_pygments-0.3.0-pyhd8ed1ab_2.conda#fd312693df06da3578383232528c468d
https://repo.anaconda.com/pkgs/main/osx-arm64/lcms2-2.16-he26ebf3_1.conda#72846c18cac8db0025797103f37c8395
https://conda.anaconda.org/conda-forge/osx-arm64/libgfortran-15.2.0-h07b0088_19.conda#1ea03f87cdb1078fbc0e2b2deb63752c
https://conda.anaconda.org/conda-forge/osx-arm64/libgrpc-1.71.0-hf667ad3_0.conda#4c0d9b0ade1b4e01ee5a37c00cdb538d
https://repo.anaconda.com/pkgs/main/osx-arm64/libwebp-1.3.2-hf40cdb4_1.conda#7e54e14d43bf693c30705cb871b1b16e
https://conda.anaconda.org/conda-forge/noarch/lightning-utilities-0.15.3-pyhd8ed1ab_0.conda#237d294ca3acd678f590f1754e090802
https://conda.anaconda.org/conda-forge/noarch/markdown-it-py-4.2.0-pyhd8ed1ab_0.conda#6d03368f2b2b0a5fb6839df53b2eb5e0
https://conda.anaconda.org/conda-forge/noarch/matplotlib-inline-0.2.2-pyhd8ed1ab_0.conda#9acc1c385be401d533ff70ef5b50dae6
https://conda.anaconda.org/conda-forge/noarch/mistune-3.3.3-pyhcf101f3_0.conda#6bda0cbb7b7608101bc2c49ee6f38de7
https://conda.anaconda.org/conda-forge/osx-arm64/multiprocess-0.70.15-py312h02f2b3b_1.conda#910ef2223c71902175418d9163152788
https://conda.anaconda.org/conda-forge/noarch/nodeenv-1.10.0-pyhd8ed1ab_0.conda#eb52d14a901e23c39e9e7b4a1a5c015f
https://conda.anaconda.org/conda-forge/noarch/omegaconf-2.3.0-pyhd8ed1ab_0.conda#23cc056834cab53849b91f78d6ee3ea0
https://conda.anaconda.org/conda-forge/osx-arm64/openjpeg-2.5.3-h889cd5d_1.conda#ab581998c77c512d455a13befcddaac3
https://conda.anaconda.org/conda-forge/noarch/overrides-7.7.0-pyhd8ed1ab_1.conda#e51f1e4089cad105b6cac64bd8166587
https://conda.anaconda.org/conda-forge/noarch/pexpect-4.9.0-pyhd8ed1ab_1.conda#d0d408b1f18883a944376da5cf8101ea
https://conda.anaconda.org/conda-forge/osx-arm64/prometheus-cpp-1.3.0-h0967b3e_0.conda#7172339b49c94275ba42fec3eaeda34f
https://conda.anaconda.org/conda-forge/noarch/prompt-toolkit-3.0.52-pyha770c72_0.conda#edb16f14d920fb3faf17f5ce582942d6
https://conda.anaconda.org/conda-forge/noarch/pybind11-3.0.3-pyhfe8187e_0.conda#e0f4549ccb507d4af8ed5c5345210673
https://conda.anaconda.org/conda-forge/osx-arm64/pyobjc-core-12.1-py312h19bbe71_0.conda#c65d7abdc9e60fd3af0ed852591adf1b
https://conda.anaconda.org/conda-forge/noarch/python-dateutil-2.9.0.post0-pyhe01879c_2.conda#5b8d21249ff20967101ffa321cab24e8
https://conda.anaconda.org/conda-forge/noarch/python-discovery-1.4.4-pyhcf101f3_0.conda#1b77c69c18f649eb348bafedb277fecb
https://conda.anaconda.org/conda-forge/noarch/python-gil-3.12.13-hd8ed1ab_0.conda#32780d6794b8056b78602103a04e90ef
https://conda.anaconda.org/conda-forge/noarch/python-json-logger-4.1.0-pyhd8ed1ab_0.conda#982ed0cbfc0fe09f25861e3d111e9717
https://conda.anaconda.org/conda-forge/noarch/referencing-0.37.0-pyhcf101f3_0.conda#870293df500ca7e18bedefa5838a22ab
https://conda.anaconda.org/conda-forge/noarch/rfc3339-validator-0.1.4-pyhd8ed1ab_1.conda#36de09a8d3e5d5e6f4ee63af49e59706
https://conda.anaconda.org/conda-forge/noarch/rfc3987-syntax-1.1.0-pyhe01879c_1.conda#7234f99325263a5af6d4cd195035e8f2
https://conda.anaconda.org/conda-forge/noarch/stack_data-0.6.3-pyhd8ed1ab_1.conda#b1b505328da7a6b246787df4b5a49fbc
https://conda.anaconda.org/conda-forge/noarch/terminado-0.18.1-pyhc90fa1f_1.conda#17b43cee5cc84969529d5d0b0309b2cb
https://conda.anaconda.org/conda-forge/noarch/tinycss2-1.4.0-pyhd8ed1ab_0.conda#f1acf5fdefa8300de697982bcb1761c9
https://conda.anaconda.org/conda-forge/noarch/typing-extensions-4.16.0-h69aa097_0.conda#c680b5747e8c4c8f23dca0bb7042a8fc
https://conda.anaconda.org/conda-forge/noarch/typing-inspection-0.4.2-pyhcf101f3_2.conda#53f5409c5cfd6c5a66417d68e3f0a864
https://conda.anaconda.org/conda-forge/noarch/werkzeug-3.1.8-pyhcf101f3_0.conda#3eeca039e7316268627f4116da9df64c
https://conda.anaconda.org/conda-forge/noarch/wheel-0.47.0-pyhd8ed1ab_0.conda#d0e3b2f0030cf4fca58bde71d246e94c
https://conda.anaconda.org/conda-forge/osx-arm64/yarl-1.24.2-py312h04c11ed_0.conda#06fdb5dc3e653b8edfd9475feae69bab
https://conda.anaconda.org/conda-forge/noarch/_python_abi3_support-1.0-hd8ed1ab_2.conda#aaa2a381ccc56eac91d63b6c1240312f
https://conda.anaconda.org/conda-forge/osx-arm64/aiohttp-3.14.1-py312h9f8c436_0.conda#3946bccca9216a21d4a61a49a902aa06
https://conda.anaconda.org/conda-forge/noarch/annotated-types-0.7.0-pyhd8ed1ab_1.conda#2934f256a8acfe48f6ebb4fce6cde29c
https://conda.anaconda.org/conda-forge/noarch/anyio-4.14.2-pyhcf101f3_0.conda#fb568fbae6908ba86a090a85a089d11f
https://conda.anaconda.org/conda-forge/osx-arm64/argon2-cffi-bindings-25.1.0-py312h4409184_2.conda#0a2a07b42db3f92b8dccf0f60b5ebee8
https://conda.anaconda.org/conda-forge/noarch/arrow-1.4.0-pyhcf101f3_0.conda#85c4f19f377424eafc4ed7911b291642
https://conda.anaconda.org/conda-forge/osx-arm64/aws-c-s3-0.7.13-hb857f95_2.conda#2aeb64dc221ddd7ab1e13dddc22e94f2
https://conda.anaconda.org/conda-forge/osx-arm64/azure-identity-cpp-1.10.0-hc602bab_0.conda#d7b71593a937459f2d4b67e1a4727dc2
https://conda.anaconda.org/conda-forge/osx-arm64/azure-storage-common-cpp-12.8.0-h9ca1f76_1.conda#7a187cd7b1445afc80253bb186a607cc
https://conda.anaconda.org/conda-forge/noarch/beautifulsoup4-4.15.0-pyha770c72_0.conda#3b261da3fe9b4168738712832410b022
https://conda.anaconda.org/conda-forge/noarch/bleach-with-css-6.4.0-hac0b51c_0.conda#5f710eab1f3c4e773c75686f5e8e6481
https://conda.anaconda.org/conda-forge/osx-arm64/cairo-1.18.0-hc6c324b_2.conda#6efeefcad878c15377f49f64e2cbf232
https://conda.anaconda.org/conda-forge/noarch/fqdn-1.5.1-pyhd8ed1ab_1.conda#d3549fd50d450b6d9e7dddff25dd2110
https://conda.anaconda.org/conda-forge/osx-arm64/grpcio-1.71.0-py312h5f72a00_0.conda#0ae4c3f3ec7d80bb3bb2c54e403619e5
https://conda.anaconda.org/conda-forge/osx-arm64/hdf5-1.14.6-nompi_had3affe_110.conda#65797138355b90a8e219afcf7e77b273
https://conda.anaconda.org/conda-forge/noarch/hydra-core-1.3.2-pyhd8ed1ab_1.conda#a189dd36bcaaf4c7647deb2dcb4e1b05
https://conda.anaconda.org/conda-forge/noarch/ipython-9.15.0-pyh53cf698_0.conda#2f4ea7f616b30363d8dde5cc15e7af2e
https://conda.anaconda.org/conda-forge/noarch/jsonschema-specifications-2025.9.1-pyhcf101f3_0.conda#439cd0f567d697b20a8f45cb70a1005a
https://conda.anaconda.org/conda-forge/noarch/jupyter-builder-1.1.0-pyhcf101f3_0.conda#67e33322de030b8b1852ee883002ec5b
https://conda.anaconda.org/conda-forge/noarch/jupyter_server_terminals-0.5.4-pyhcf101f3_0.conda#7b8bace4943e0dc345fc45938826f2b8
https://conda.anaconda.org/conda-forge/osx-arm64/libgoogle-cloud-2.36.0-h9484b08_1.conda#c3d4e6a0aee35d92c99b25bb6fb617eb
https://conda.anaconda.org/conda-forge/osx-arm64/libopenblas-0.3.33-openmp_he657e61_0.conda#909e41855c29f0d52ae630198cd57135
https://conda.anaconda.org/conda-forge/osx-arm64/libopentelemetry-cpp-1.19.0-h0181452_0.conda#d972b2adb1bcb9d590e18a95809994a4
https://conda.anaconda.org/conda-forge/noarch/markdown-3.10.2-pyhcf101f3_0.conda#ba0a9221ce1063f31692c07370d062f3
https://conda.anaconda.org/conda-forge/osx-arm64/optree-0.19.1-py312h766f71e_0.conda#af48088edf339bdea37725f49d4fefea
https://conda.anaconda.org/conda-forge/noarch/pip-26.1.2-pyh8b19718_0.conda#511fbc2c63d2c73650ad1755e4d357ba
https://conda.anaconda.org/conda-forge/osx-arm64/pydantic-core-2.46.4-py312hb9d4441_0.conda#e38d54c5e4318faa79f71b713b059566
https://conda.anaconda.org/conda-forge/osx-arm64/pyobjc-framework-cocoa-12.1-py312h1de3e18_0.conda#f0bae1b67ece138378923e340b940051
https://conda.anaconda.org/conda-forge/noarch/pytest-9.1.1-pyhc364b38_2.conda#64c98a12c4e23eb238bf66bbecafdf3c
https://conda.anaconda.org/conda-forge/noarch/rich-15.0.0-pyhcf101f3_0.conda#0242025a3c804966bf71aa04eee82f66
https://conda.anaconda.org/conda-forge/noarch/sympy-1.13.1-pypyh2585a3b_103.conda#e8095a7cdbe43c73ba5a381ead1a52f4
https://conda.anaconda.org/conda-forge/osx-arm64/ukkonen-1.1.0-py312h766f71e_0.conda#e80504aa921f5ab11456f27bd9ef5d25
https://conda.anaconda.org/conda-forge/noarch/virtualenv-21.6.1-pyhcf101f3_0.conda#d88ad67ad6d55077bd1751736f3e84c1
https://conda.anaconda.org/conda-forge/osx-arm64/zstandard-0.25.0-py312h37e1c23_1.conda#9300889791d4decceea3728ad3b423ec
https://conda.anaconda.org/conda-forge/noarch/argon2-cffi-25.1.0-pyhd8ed1ab_0.conda#8ac12aff0860280ee0cff7fa2cf63f3b
https://conda.anaconda.org/conda-forge/osx-arm64/ast-serialize-0.6.0-py310h3b8a9b8_0.conda#9bc9209a773faadbdca5fe45d9aa9cdc
https://conda.anaconda.org/conda-forge/osx-arm64/aws-crt-cpp-0.31.0-h7378f02_4.conda#1f8955a9e1a8ac37938143e0d298d54e
https://conda.anaconda.org/conda-forge/osx-arm64/azure-storage-blobs-cpp-12.13.0-h7585a09_1.conda#704238ef05d46144dae2e6b5853df8bc
https://repo.anaconda.com/pkgs/main/osx-arm64/harfbuzz-10.2.0-he637ebf_1.conda#52e1f5ff108ed200158b130a6424fded
https://conda.anaconda.org/conda-forge/osx-arm64/hf-xet-1.5.1-py310he76dbf2_0.conda#70c55b3b15fc310de7bc510a0e1e74f2
https://conda.anaconda.org/conda-forge/noarch/httpcore-1.0.9-pyh29332c3_0.conda#4f14640d58e2cc0aa0819d9d8ba125bb
https://conda.anaconda.org/conda-forge/noarch/identify-2.6.19-pyhd8ed1ab_0.conda#84a3233b709a289a4ddd7a2fd27dd988
https://conda.anaconda.org/conda-forge/noarch/ipywidgets-8.1.8-pyhd8ed1ab_0.conda#d68e3f70d1f068f1b66d94822fdc644e
https://conda.anaconda.org/conda-forge/noarch/isoduration-20.11.0-pyhd8ed1ab_1.conda#0b0154421989637d424ccf0f104be51a
https://conda.anaconda.org/conda-forge/noarch/jsonschema-4.26.0-pyhcf101f3_0.conda#ada41c863af263cc4c5fcbaff7c3e4dc
https://conda.anaconda.org/conda-forge/osx-arm64/libblas-3.11.0-8_h51639a9_openblas.conda#dbfe729181a32741ae63ecb41eefbac6
https://conda.anaconda.org/conda-forge/osx-arm64/libgoogle-cloud-storage-2.36.0-h7081f7f_1.conda#d363a9e8d601aace65af282870a40a09
https://conda.anaconda.org/conda-forge/osx-arm64/polars-runtime-32-1.42.1-py310hb2fc7d1_0.conda#90910e101fc17157ecdae98d11d40f95
https://conda.anaconda.org/conda-forge/noarch/pydantic-2.13.4-pyhcf101f3_0.conda#729843edafc0899b3348bd3f19525b9d
https://conda.anaconda.org/conda-forge/noarch/pytest-cov-7.1.0-pyhcf101f3_0.conda#67d1790eefa81ed305b89d8e314c7923
https://conda.anaconda.org/conda-forge/osx-arm64/pyzmq-27.1.0-py312h022ad19_3.conda#73f22bde4991f30ae2bfac3811577c15
https://conda.anaconda.org/conda-forge/noarch/send2trash-2.1.0-pyh5552912_1.conda#b70e2d44e6aa2beb69ba64206a16e4c6
https://conda.anaconda.org/conda-forge/noarch/typer-0.26.8-pyhcf101f3_0.conda#8bd9c1e0ff3a31a11e21c3f04c2d0f8b
https://conda.anaconda.org/conda-forge/noarch/urllib3-2.5.0-pyhd8ed1ab_0.conda#436c165519e140cb08d246a4472a9d6a
https://conda.anaconda.org/conda-forge/osx-arm64/aws-sdk-cpp-1.11.510-hf067f9e_3.conda#01d5e5a0269c8f0dfe3b31e0353de4f3
https://conda.anaconda.org/conda-forge/osx-arm64/azure-storage-files-datalake-cpp-12.12.0-hcdd55da_1.conda#c49fbc5233fcbaa86391162ff1adef38
https://conda.anaconda.org/conda-forge/noarch/httpx-0.28.1-pyhd8ed1ab_0.conda#d6989ead454181f4f9bc987d3dc4e285
https://conda.anaconda.org/conda-forge/noarch/jsonschema-with-format-nongpl-4.26.0-hcf101f3_0.conda#8368d58342d0825f0843dc6acdd0c483
https://conda.anaconda.org/conda-forge/noarch/jupyter_client-8.9.1-pyhcf101f3_0.conda#49440e66df843bee2273937e8032ec43
https://conda.anaconda.org/conda-forge/osx-arm64/libcblas-3.11.0-8_hb0561ab_openblas.conda#03a2ef3491da9e5b4d18c03e9f4b3109
https://conda.anaconda.org/conda-forge/osx-arm64/liblapack-3.11.0-8_hd9741b5_openblas.conda#85adeb3d469d082dbd9c8c39e36dec57
https://conda.anaconda.org/conda-forge/osx-arm64/mypy-2.3.0-py312h939899b_0.conda#1abd3081c61490edf210561db8644fc8
https://conda.anaconda.org/conda-forge/noarch/nbformat-5.10.4-pyhd8ed1ab_1.conda#bbe1963f1e47f594070ffe87cdf612ea
https://repo.anaconda.com/pkgs/main/osx-arm64/pillow-11.3.0-py312h6dd570d_0.conda#f63f32ad6fa124ee71b5125b3f41efb4
https://conda.anaconda.org/conda-forge/noarch/polars-1.42.1-pyh58ad624_0.conda#4e315d6adb68e84890cd7a630b2f316f
https://conda.anaconda.org/conda-forge/noarch/pre-commit-4.6.0-pyha770c72_0.conda#7859736b4f8ebe6c8481bf48d91c9a1e
https://conda.anaconda.org/conda-forge/noarch/requests-2.34.2-pyhcf101f3_0.conda#4a85203c1d80c1059086ae860836ffb9
https://conda.anaconda.org/conda-forge/noarch/huggingface_hub-0.36.0-pyhd8ed1ab_0.conda#39e591c87bc60fcf0944f5b878ed3e27
https://conda.anaconda.org/conda-forge/noarch/ipykernel-7.3.0-pyh01cf8df_0.conda#a1ddab91145f7f06eee769d2f3ac69cd
https://conda.anaconda.org/conda-forge/noarch/jupyter_events-0.12.1-pyhcf101f3_0.conda#bf42ee94c750c0b2e7e998b79ac299ea
https://conda.anaconda.org/conda-forge/osx-arm64/libarrow-19.0.1-h75a50e1_5_cpu.conda#fcbb5e0c789f72824a637031b179d4c1
https://conda.anaconda.org/conda-forge/noarch/nbclient-0.11.0-pyhd8ed1ab_0.conda#cf01a81d7960ad9c829bf2e794fcee9a
https://conda.anaconda.org/conda-forge/osx-arm64/numpy-1.26.4-py312h8442bc7_0.conda#d83fc83d589e2625a3451c9a7e21047c
https://conda.anaconda.org/conda-forge/osx-arm64/contourpy-1.3.3-py312h3093aea_4.conda#f9cce0bc86b46533489a994a47d3c7d2
https://conda.anaconda.org/conda-forge/osx-arm64/h5py-3.16.0-nompi_py312hdd01ddf_102.conda#d6561da751793e9f534b175e070b19d3
https://conda.anaconda.org/conda-forge/osx-arm64/libarrow-acero-19.0.1-hf07054f_5_cpu.conda#d80f27426ead44cf0af06cf769a77535
https://conda.anaconda.org/conda-forge/osx-arm64/libparquet-19.0.1-h636d7b7_5_cpu.conda#ed65a27ee32d114c10b138ec4752b278
https://conda.anaconda.org/conda-forge/osx-arm64/libtorch-2.5.1-cpu_generic_h6100933_16.conda#bf88d51f8f97a07e15be2a0dafe26ade
https://conda.anaconda.org/conda-forge/osx-arm64/ml_dtypes-0.5.4-np2py312h60fbb24_1.conda#75b22b97f4e00dd1bcdf6e9c9d8610bb
https://conda.anaconda.org/conda-forge/noarch/nbconvert-core-7.17.1-pyhcf101f3_0.conda#2bce0d047658a91b99441390b9b27045
https://conda.anaconda.org/conda-forge/osx-arm64/numba-0.65.1-py312h2d3d6e9_1.conda#489bd27f778c3194664c82447b73bc96
https://conda.anaconda.org/conda-forge/osx-arm64/pandas-3.0.3-py312h6510ced_0.conda#4581a32b837950217327fcab93214313
https://conda.anaconda.org/conda-forge/osx-arm64/pyarrow-core-19.0.1-py312hae6ed00_2_cpu.conda#e2e3a0d5884ca99bf6d0c381fad9a67d
https://conda.anaconda.org/conda-forge/osx-arm64/scipy-1.17.1-py312h4519d97_1.conda#173d5eeba324363d9171946e86a81687
https://conda.anaconda.org/conda-forge/noarch/tensorboard-2.18.0-pyhd8ed1ab_1.conda#90a735b377427589728e588b5241a253
https://conda.anaconda.org/conda-forge/osx-arm64/tokenizers-0.21.4-py312hb03527c_0.conda#705c18139aeba9ec2e5af3c3d36d44c2
https://conda.anaconda.org/conda-forge/noarch/jupyter_server-2.20.0-pyhcf101f3_0.conda#b2ddb0e13b5600070c4019c4db8a78e6
https://conda.anaconda.org/conda-forge/noarch/keras-3.11.2-pyh753f3f9_0.conda#ad0b91bf2bab8992ae5869f0fce16301
https://conda.anaconda.org/conda-forge/osx-arm64/libarrow-dataset-19.0.1-hf07054f_5_cpu.conda#2593649b505b70c35df145e0a9865f8b
https://conda.anaconda.org/conda-forge/osx-arm64/matplotlib-base-3.10.9-py312hf3defc7_0.conda#e5d83f3ae6ada32d4e64e366a41f9ff6
https://conda.anaconda.org/conda-forge/osx-arm64/pytorch-2.5.1-cpu_generic_py312_h8a46fbe_16.conda#4f3fcb91c66f80272983bf1feb546d4a
https://conda.anaconda.org/conda-forge/osx-arm64/scikit-learn-1.9.0-np2py312he5ca3e3_0.conda#b2b777cdad320a08da92bb1f58040bfd
https://conda.anaconda.org/conda-forge/noarch/accelerate-1.14.0-pyhcf101f3_0.conda#44ee5c055d1ca9b37fc6115478eab63f
https://conda.anaconda.org/conda-forge/noarch/jupyter-lsp-2.3.1-pyhcf101f3_0.conda#0c3b465ceee138b9c39279cc02e5c4a0
https://conda.anaconda.org/conda-forge/noarch/jupyterlab_server-2.28.0-pyhcf101f3_0.conda#a63877cb23de826b1620d3adfccc4014
https://conda.anaconda.org/conda-forge/osx-arm64/libarrow-substrait-19.0.1-he749cb8_5_cpu.conda#242106d82af7baa27487efeab307e366
https://conda.anaconda.org/conda-forge/osx-arm64/matplotlib-3.10.9-py312h1f38498_0.conda#94174d301ce2f5962197fb9b880ea8ff
https://conda.anaconda.org/conda-forge/noarch/notebook-shim-0.2.4-pyhd8ed1ab_1.conda#e7f89ea5f7ea9401642758ff50a2d9c1
https://repo.anaconda.com/pkgs/main/osx-arm64/tensorflow-base-2.18.1-cpu_py312h97f355d_0.conda#3d59a55d58c595610cf334b57799c87b
https://conda.anaconda.org/pytorch/osx-arm64/torchaudio-2.5.1-py312_cpu.tar.bz2#cfe17d78856347bac4a0a448ec6c27ca
https://conda.anaconda.org/conda-forge/noarch/torchmetrics-1.9.0-pyhd8ed1ab_0.conda#307ddb12f595fd5910ebd5b98cb00561
https://conda.anaconda.org/pytorch/osx-arm64/torchvision-0.20.1-py312_cpu.tar.bz2#fc434939bfadbec6d89849f9bc6c8fe5
https://conda.anaconda.org/conda-forge/noarch/jupyterlab-4.6.1-pyhd8ed1ab_0.conda#7ba07211c94d434f3223a4418f8b1ff8
https://conda.anaconda.org/conda-forge/osx-arm64/pyarrow-19.0.1-py312h1f38498_2.conda#7d73cf1f4124df09e8ca870ef2ce8a02
https://conda.anaconda.org/conda-forge/noarch/pytorch-lightning-2.6.5-pyhcf101f3_0.conda#a8969a079d3f73c06855ac07d50d412b
https://repo.anaconda.com/pkgs/main/osx-arm64/tensorflow-2.18.1-cpu_py312h18e2dce_0.conda#b157abb0969afa7fcf8be5e53f38f7d2
https://conda.anaconda.org/conda-forge/noarch/datasets-2.14.4-pyhd8ed1ab_0.conda#3e087f072ce03c43a9b60522f5d0ca2f
https://conda.anaconda.org/conda-forge/noarch/lightning-2.5.6-pyhd8ed1ab_0.conda#056416ddda70a18e952283ab8bf79d55
https://conda.anaconda.org/conda-forge/noarch/transformers-4.48.3-pyhd8ed1ab_0.conda#e209937cde0d5a0b15022c43fdd628fc
# pip bigtree @ https://files.pythonhosted.org/packages/36/c5/e4f51b20402967ca0303dd7ed3b808db45089b3fc906bf3665867d05bcdd/bigtree-0.31.2-py3-none-any.whl#sha256=f63c0aba038ae863ba5c59c36805da7bb232f68f57bc20ef98ad499453209291
# pip pathlib-abc @ https://files.pythonhosted.org/packages/b1/29/c028a0731e202035f0e2e0bfbf1a3e46ad6c628cbb17f6f1cc9eea5d9ff1/pathlib_abc-0.5.2-py3-none-any.whl#sha256=4c9d94cf1b23af417ce7c0417b43333b06a106c01000b286c99de230d95eefbb
# pip pytimeparse @ https://files.pythonhosted.org/packages/1b/b4/afd75551a3b910abd1d922dbd45e49e5deeb4d47dc50209ce489ba9844dd/pytimeparse-1.1.8-py2.py3-none-any.whl#sha256=04b7be6cc8bd9f5647a6325444926c3ac34ee6bc7e69da4367ba282f076036bd
# pip ruamel-yaml @ https://files.pythonhosted.org/packages/b8/0c/51f6841f1d84f404f92463fc2b1ba0da357ca1e3db6b7fbda26956c3b82a/ruamel_yaml-0.19.1-py3-none-any.whl#sha256=27592957fedf6e0b62f281e96effd28043345e0e66001f97683aa9a40c667c93
# pip dftly @ https://files.pythonhosted.org/packages/37/df/8af572009467a49981af636311e87f1a4c31acd8a7e67b947682d69a73ff/dftly-0.1.5-py3-none-any.whl#sha256=4e6c8dec4bdd543494cc3f4b06f51ca2e29302204f90a95a3a70617c4b0aecd6
# pip flexible-schema @ https://files.pythonhosted.org/packages/33/b4/c8a0fa542aa7134ad5e0b55e2c18b6de457103f13d04ec63ee62ae35c9c5/flexible_schema-0.1.1-py3-none-any.whl#sha256=6ab3a35ce4e518897f142c82470933ea7bfb6a9abc0220e58638b67b16c51f67
# pip hydra-joblib-launcher @ https://files.pythonhosted.org/packages/bd/50/40613fdf65f9227bc0b073c1ee9db2e2298f7b6cd248e8b4825eedc292eb/hydra_joblib_launcher-1.2.0-py3-none-any.whl#sha256=57bfd042b015056157297de93e8ec1c6bc75fd39bd3b300e1599db0c5d992eee
# pip pretty-print-directory @ https://files.pythonhosted.org/packages/78/eb/6bad26f6d0a7fc6dc2aaa53caced96b46d3fd112686ccfa5559da6bb09da/pretty_print_directory-0.1.3-py3-none-any.whl#sha256=e651113270a3db0dda524dd3f53dd2a1e98f7927c4c2fa0ddc73e8dc985dc8e6
# pip universal-pathlib @ https://files.pythonhosted.org/packages/dd/1a/5d9a402b39ec892d856bbdd9db502ff73ce28cdf4aff72eb1ce1d6843506/universal_pathlib-0.3.10-py3-none-any.whl#sha256=dfaf2fb35683d2eb1287a3ed7b215e4d6016aa6eaf339c607023d22f90821c66
# pip yaml-to-disk @ https://files.pythonhosted.org/packages/4f/11/be763a4f337032e2ec4b1b9bbf267d8b35f4e60a831b59b4ac5ca2ad30d9/yaml_to_disk-0.0.5-py3-none-any.whl#sha256=2fac9794d5ff22dfef96707038017a3288eea2b1d490fd680cebd37373e972db
# pip meds @ https://files.pythonhosted.org/packages/a0/4c/2c40e3ba53504728d6895bba26d69c165757424cfa79ce2bc20679cbb0b0/meds-0.4.1-py3-none-any.whl#sha256=3a83e2410d720da10d133fd6920180a249e063565edbe41f78ac1c5e75c42b6b
# pip es-aces @ https://files.pythonhosted.org/packages/e3/b1/6e2dbec4ec004c30500fd83865101b083f9449c0310e6ddc5579a9a529c0/es_aces-0.7.3-py3-none-any.whl#sha256=4bd48c5558379a8b3c22c6b600f1c3e1582ef465b3ad8f0f72a6ce4b12f244d7
# pip meds-testing-helpers @ https://files.pythonhosted.org/packages/ff/8b/8b25f6e674a84091868b72a5c32946ecd61ef7b56915b110b3f69dd4f98d/meds_testing_helpers-0.3.1-py3-none-any.whl#sha256=e69761632c7941cfa2839d0222dd3ce44e87f4e8ec0df805d2446d58645a19b9
# pip meds-transforms @ https://files.pythonhosted.org/packages/40/19/55d217de368c7fb643f89f7ef312092740c24c189f75ec28d7c68b0b1dbd/meds_transforms-0.6.7-py3-none-any.whl#sha256=ce4b458f9e26e31a3e1fe7000769bb7be5b3bf58c3ba0da071d639a6a4a013c0
# pip meds-extract @ https://files.pythonhosted.org/packages/7f/e7/c23965ec1935f1fd9d1a2f2c712c1f65d7cd39d9812acb5e208968570cb7/meds_extract-0.6.2-py3-none-any.whl#sha256=a374bc7eb06d400eaa44e3933ce75beb7197ff9a932b6426faf7132e3a40836b
# pip meds-trajectory-evaluation @ https://files.pythonhosted.org/packages/9d/86/74b6300211faff2f2213a46dcaab6e7052cd44fff97e188a6b36b84348a0/meds_trajectory_evaluation-0.0.6-py3-none-any.whl#sha256=8a394df0a46dd544737dce9b397bcb0c356f290df98c5d679521245c7614becb
