# Generated by conda-lock.
# platform: osx-64
# input_hash: 1ce5e2e4caff2d61d0ec8a9484f8baebe6ab87aa86162d63c600dba29bdf10f2
@EXPLICIT
https://conda.anaconda.org/conda-forge/osx-64/giflib-5.2.2-h10d778d_0.conda#03e8c9b4d3da5f3d6eabdd020c2d63ac
https://conda.anaconda.org/conda-forge/osx-64/libev-4.33-h10d778d_2.conda#899db79329439820b7e8f8de41bca902
https://conda.anaconda.org/conda-forge/osx-64/libopentelemetry-cpp-headers-1.18.0-h694c41f_1.conda#4c996e9294dd750e824e15f6a05ba247
https://conda.anaconda.org/conda-forge/osx-64/mkl-include-2023.2.0-h694c41f_50502.conda#f394610725ab086080230c5d8fd96cd4
https://conda.anaconda.org/conda-forge/osx-64/nlohmann_json-3.12.0-h06076ce_1.conda#97d7a1cda5546cb0bbdefa3777cb9897
https://conda.anaconda.org/conda-forge/noarch/python_abi-3.12-8_cp312.conda#c3efd25ac4d74b1584d2f7a57195ddf1
https://conda.anaconda.org/pytorch/noarch/pytorch-mutex-1.0-cpu.tar.bz2#49565ed726991fd28d08a39885caa88d
https://conda.anaconda.org/conda-forge/noarch/tzdata-2025c-hc9c84f9_1.conda#ad659d0a2b3e47e38d829aa8cad2d610
https://conda.anaconda.org/conda-forge/osx-64/aws-c-common-0.12.0-h6e16a3a_0.conda#bbf9f704502504e1f8de409c322116a8
https://conda.anaconda.org/conda-forge/osx-64/bzip2-1.0.8-h500dc9f_9.conda#4173ac3b19ec0a4f400b4f782910368b
https://conda.anaconda.org/conda-forge/osx-64/c-ares-1.34.6-hb5e19a0_0.conda#fc9a153c57c9f070bebaa7eef30a8f17
https://conda.anaconda.org/conda-forge/noarch/ca-certificates-2026.6.17-hbd8a1cb_0.conda#a9965dd99f683c5f444428f896635716
https://conda.anaconda.org/pytorch/noarch/cpuonly-2.0-0.tar.bz2#1cf3a59ef90a4078c253e3b02c272065
https://conda.anaconda.org/conda-forge/osx-64/icu-75.1-h120a0e1_0.conda#d68d48a3060eb5abdc1cdc8e2a3a5966
https://conda.anaconda.org/conda-forge/osx-64/libbrotlicommon-1.1.0-h1c43f85_4.conda#b8e1ee78815e0ba7835de4183304f96b
https://conda.anaconda.org/conda-forge/osx-64/libcxx-22.1.8-h19cb2f5_0.conda#0f600157f28fc7bc9549ecafdfa5bc12
https://conda.anaconda.org/conda-forge/osx-64/libdeflate-1.25-h517ebb2_0.conda#31aa65919a729dc48180893f62c25221
https://conda.anaconda.org/conda-forge/osx-64/libexpat-2.8.1-hcc62823_1.conda#dcfdea7b7013beef0a4d744d776ea38f
https://conda.anaconda.org/conda-forge/osx-64/libffi-3.5.2-hd1f9c09_0.conda#66a0dc7464927d0853b590b6f53ba3ea
https://conda.anaconda.org/conda-forge/osx-64/libiconv-1.18-h57a12c2_2.conda#210a85a1119f97ea7887188d176db135
https://conda.anaconda.org/conda-forge/osx-64/libjpeg-turbo-3.2.0-ha1e9b39_0.conda#d86c1b9259377fb4dcd76fe7472bd2d2
https://conda.anaconda.org/conda-forge/osx-64/liblzma-5.8.3-hbb4bfdb_0.conda#becdfbfe7049fa248e52aa37a9df09e2
https://conda.anaconda.org/conda-forge/noarch/libml_dtypes-headers-0.5.4-h707e725_0.conda#597a39bc0946262b29644366059cd109
https://conda.anaconda.org/conda-forge/osx-64/libsodium-1.0.22-ha3d0635_1.conda#bf0ce6af8f7628e34cdb399f6aa82e53
https://conda.anaconda.org/conda-forge/osx-64/libutf8proc-2.10.0-h5b79583_0.conda#9959d0d69e3b42a127e3c9d32f21ca16
https://conda.anaconda.org/conda-forge/osx-64/libwebp-base-1.6.0-hb807250_0.conda#7bb6608cf1f83578587297a158a6630b
https://conda.anaconda.org/conda-forge/osx-64/libzlib-1.3.2-hbb4bfdb_2.conda#30439ff30578e504ee5e0b390afc8c65
https://conda.anaconda.org/conda-forge/osx-64/llvm-openmp-22.1.8-h0d3cbff_0.conda#9d5828c46147a47f828ca47a18407621
https://conda.anaconda.org/conda-forge/osx-64/ncurses-6.6-hcc0dc9a_0.conda#31b8740cf1b2588d4e61c81191004061
https://conda.anaconda.org/conda-forge/osx-64/pthread-stubs-0.4-h00291cd_1002.conda#8bcf980d2c6b17094961198284b8e862
https://conda.anaconda.org/conda-forge/osx-64/xorg-libxau-1.0.12-h8616949_1.conda#47f1b8b4a76ebd0cd22bd7153e54a4dc
https://conda.anaconda.org/conda-forge/osx-64/xorg-libxdmcp-1.1.5-h8616949_1.conda#435446d9d7db8e094d2c989766cfb146
https://conda.anaconda.org/conda-forge/osx-64/yaml-0.2.5-h4132b18_3.conda#a645bb90997d3fc2aea0adf6517059bd
https://conda.anaconda.org/conda-forge/osx-64/_openmp_mutex-4.5-7_kmp_llvm.conda#eaac87c21aff3ed21ad9656697bb8326
https://conda.anaconda.org/conda-forge/osx-64/aws-c-cal-0.8.7-hfaf822f_0.conda#0f75bc0b404ec6f2a618954899bdeaa5
https://conda.anaconda.org/conda-forge/osx-64/aws-c-compression-0.3.1-hb1ee187_2.conda#df9b2b438e6bd5c4dbfb850a0a0d28e4
https://conda.anaconda.org/conda-forge/osx-64/aws-c-sdkutils-0.2.3-hb1ee187_2.conda#ab5df97fea3d906fcaad57abbad16b73
https://conda.anaconda.org/conda-forge/osx-64/aws-checksums-0.2.3-hb1ee187_2.conda#3369340bde4d0e86a699090d09de0908
https://conda.anaconda.org/conda-forge/osx-64/flatbuffers-24.12.23-hd70532e_0.conda#d4b89a999846df9400075aeffb83ed17
https://conda.anaconda.org/conda-forge/osx-64/gflags-2.2.2-hac325c4_1005.conda#a26de8814083a6971f14f9c8c3cb36c2
https://conda.anaconda.org/conda-forge/osx-64/gmp-6.3.0-hf036a51_2.conda#427101d13f19c4974552a4e5b072eef1
https://conda.anaconda.org/conda-forge/osx-64/lerc-4.1.0-h35c7297_0.conda#d2fe7e177d1c97c985140bd54e2a5e33
https://conda.anaconda.org/conda-forge/osx-64/libabseil-20240722.0-cxx17_h0e468a2_4.conda#03dd3d0563d01c2b82881734ee0eb334
https://conda.anaconda.org/conda-forge/osx-64/libaec-1.1.5-he7c3a48_0.conda#975f98248cde8d54884c6d1eb5184e13
https://conda.anaconda.org/conda-forge/osx-64/libbrotlidec-1.1.0-h1c43f85_4.conda#9cc4be0cc163d793d5d4bcc405c81bf3
https://conda.anaconda.org/conda-forge/osx-64/libbrotlienc-1.1.0-h1c43f85_4.conda#f2c000dc0185561b15de7f969f435e61
https://conda.anaconda.org/conda-forge/osx-64/libcrc32c-1.1.2-he49afe7_0.tar.bz2#23d6d5a69918a438355d7cbc4c3d54c9
https://conda.anaconda.org/conda-forge/osx-64/libedit-3.1.20250104-pl5321ha958ccf_0.conda#1f4ed31220402fcddc083b4bff406868
https://conda.anaconda.org/conda-forge/osx-64/libpng-1.6.58-he930e7c_0.conda#9744d43d5200f284260637304a069ddd
https://conda.anaconda.org/conda-forge/osx-64/libsqlite-3.53.3-h77d7759_0.conda#8d307fb88bcddb53f544f7417a402a10
https://conda.anaconda.org/conda-forge/osx-64/libxcb-1.17.0-hf1f96e2_0.conda#bbeca862892e2898bdb45792a61c4afc
https://conda.anaconda.org/conda-forge/osx-64/libxml2-2.13.9-he1bc88e_0.conda#af41ebf4621373c4eeeda69cc703f19c
https://conda.anaconda.org/conda-forge/osx-64/lz4-c-1.10.0-h240833e_1.conda#d6b9bd7e356abd7e3a633d59b753495a
https://conda.anaconda.org/conda-forge/osx-64/openjdk-25.0.2-h48c29e7_0.conda#7039d4add86c40fed1ff9371d405391f
https://conda.anaconda.org/conda-forge/osx-64/openssl-3.6.3-hc881268_0.conda#46be42ab403712fd349d007d763bf767
https://conda.anaconda.org/conda-forge/osx-64/qhull-2020.2-h3c5361c_5.conda#dd1ea9ff27c93db7c01a7b7656bd4ad4
https://conda.anaconda.org/conda-forge/osx-64/readline-8.3-h68b038d_0.conda#eefd65452dfe7cce476a519bece46704
https://conda.anaconda.org/conda-forge/osx-64/snappy-1.2.2-h01f5ddf_1.conda#2e993292ec18af5cd480932d448598cf
https://conda.anaconda.org/conda-forge/osx-64/tk-8.6.13-h7142dee_3.conda#6e6efb7463f8cef69dbcb4c2205bf60e
https://conda.anaconda.org/conda-forge/osx-64/zlib-1.3.2-hbb4bfdb_2.conda#6276aa61ffc361cbf130d78cfb88a237
https://conda.anaconda.org/conda-forge/osx-64/zlib-ng-2.3.3-h8bce59a_1.conda#b3ecb6480fd46194e3f7dd0ff4445dff
https://conda.anaconda.org/conda-forge/osx-64/zstd-1.5.7-h3eecb57_6.conda#727109b184d680772e3122f40136d5ca
https://conda.anaconda.org/conda-forge/osx-64/aws-c-io-0.17.0-h786d7a7_6.conda#8c875872a3af084df98ff011bbeebc4a
https://conda.anaconda.org/conda-forge/osx-64/brotli-bin-1.1.0-h1c43f85_4.conda#718fb8aa4c8cb953982416db9a82b349
https://conda.anaconda.org/conda-forge/osx-64/glog-0.7.1-h2790a97_0.conda#06cf91665775b0da395229cd4331b27d
https://conda.anaconda.org/conda-forge/osx-64/krb5-1.22.2-h3ddfcb2_1.conda#e070b249c4f9c6bddb7984a1a794e8df
https://conda.anaconda.org/conda-forge/osx-64/libevent-2.1.12-ha90c15b_1.conda#e38e467e577bd193a7d5de7c2c540b04
https://conda.anaconda.org/conda-forge/osx-64/libfreetype6-2.14.3-h58fbd8d_1.conda#112cb22521fa3abf19bc0c93938576f5
https://conda.anaconda.org/conda-forge/osx-64/libgcc-15.2.0-h08519bb_19.conda#4bf33d5ca73f4b89d3495285a42414a4
https://conda.anaconda.org/conda-forge/osx-64/libhwloc-2.12.1-default_h8c32e24_1000.conda#622d2b076d7f0588ab1baa962209e6dd
https://conda.anaconda.org/conda-forge/osx-64/libnghttp2-1.68.1-h70048d4_0.conda#dba4c95e2fe24adcae4b77ebf33559ae
https://conda.anaconda.org/conda-forge/osx-64/libprotobuf-5.28.3-h6401091_1.conda#5601e7ce099eb72741e9cd6413f42a07
https://conda.anaconda.org/conda-forge/osx-64/libre2-11-2024.07.02-h0e468a2_2.conda#975743594ba5382fe7e71cda599ac6e8
https://conda.anaconda.org/conda-forge/osx-64/libssh2-1.11.1-hed3591d_0.conda#a6cb15db1c2dc4d3a5f6cf3772e09e81
https://conda.anaconda.org/conda-forge/osx-64/libtiff-4.7.2-h95d6d7f_0.conda#c92fd887c114aac4612bfc14b1516776
https://conda.anaconda.org/conda-forge/osx-64/mpfr-4.2.2-h31caf2d_0.conda#bc5ac4d19d24a6062f60560aab0e8976
https://conda.anaconda.org/conda-forge/osx-64/python-3.12.13-ha9537fe_0_cpython.conda#ec05996c0d914a4e98ee3c7d789083f8
https://conda.anaconda.org/conda-forge/noarch/absl-py-2.5.0-pyhd8ed1ab_0.conda#1ec5202407b4006470f9a21c32c4b90c
https://conda.anaconda.org/conda-forge/noarch/annotated-doc-0.0.4-pyhcf101f3_0.conda#52be5139047efadaeeb19c6a5103f92a
https://conda.anaconda.org/conda-forge/noarch/antlr-python-runtime-4.9.3-pyhd8ed1ab_1.tar.bz2#c88eaec8de9ae1fa161205aa18e7a5b1
https://conda.anaconda.org/conda-forge/noarch/appnope-0.1.4-pyhd8ed1ab_1.conda#54898d0f524c9dee622d44bbb081a8ab
https://conda.anaconda.org/conda-forge/noarch/asttokens-3.0.2-pyhd8ed1ab_0.conda#89d495168582cb00428dad699d149624
https://conda.anaconda.org/conda-forge/noarch/attrs-26.1.0-pyhcf101f3_0.conda#c6b0543676ecb1fb2d7643941fe375f2
https://conda.anaconda.org/conda-forge/osx-64/aws-c-event-stream-0.5.4-hf9b3e9c_2.conda#3b0496a4e7d2db33ce240f09adec5a24
https://conda.anaconda.org/conda-forge/osx-64/aws-c-http-0.9.4-h29be59e_4.conda#6347ed78b08ccc7bbcc3028dfaef774b
https://conda.anaconda.org/conda-forge/noarch/babel-2.18.0-pyhcf101f3_1.conda#f1976ce927373500cc19d3c0b2c85177
https://conda.anaconda.org/conda-forge/osx-64/brotli-1.1.0-h1c43f85_4.conda#1a0a37da4466d45c00fc818bb6b446b3
https://conda.anaconda.org/conda-forge/osx-64/brotli-python-1.1.0-py312h462f358_4.conda#6ed15514446509f33df546dcc1752eb1
https://conda.anaconda.org/conda-forge/noarch/cached_property-1.5.2-pyha770c72_2.conda#f71e6840332854fd2eac6c3229768a9c
https://conda.anaconda.org/conda-forge/noarch/certifi-2026.6.17-pyhd8ed1ab_0.conda#c13824fedced67005d3832c152fe9c2f
https://conda.anaconda.org/conda-forge/noarch/cfgv-3.5.0-pyhd8ed1ab_0.conda#381bd45fb7aa032691f3063aff47e3a1
https://conda.anaconda.org/conda-forge/noarch/charset-normalizer-3.4.9-pyhd8ed1ab_0.conda#d154b40b109e503430979e8a8d099eaf
https://conda.anaconda.org/conda-forge/noarch/click-8.4.2-pyhc90fa1f_0.conda#2c4bd6aeb90bb157456841c3270a0d92
https://conda.anaconda.org/conda-forge/noarch/colorama-0.4.6-pyhd8ed1ab_1.conda#962b9857ee8e7018c22f2776ffa0b2d7
https://conda.anaconda.org/conda-forge/noarch/comm-0.2.3-pyhe01879c_0.conda#2da13f2b299d8e1995bafbbe9689a2f7
https://conda.anaconda.org/conda-forge/noarch/cpython-3.12.13-py312hd8ed1ab_0.conda#f54c1ffb8ecedb85a8b7fcde3a187212
https://conda.anaconda.org/conda-forge/noarch/cycler-0.12.1-pyhcf101f3_2.conda#4c2a8fef270f6c69591889b93f9f55c1
https://conda.anaconda.org/conda-forge/osx-64/debugpy-1.8.21-py312h4075484_0.conda#bd3377921dea4d723151ace2334ee481
https://conda.anaconda.org/conda-forge/noarch/decorator-5.3.1-pyhd8ed1ab_0.conda#61dcf784d59ef0bd62c57d982b154ace
https://conda.anaconda.org/conda-forge/noarch/defusedxml-0.7.1-pyhd8ed1ab_0.tar.bz2#961b3a227b437d82ad7054484cfa71b2
https://conda.anaconda.org/conda-forge/noarch/distlib-0.4.3-pyhcf101f3_0.conda#58638f77697c4f6726753eb8be34818b
https://conda.anaconda.org/conda-forge/noarch/einops-0.8.2-pyhd8ed1ab_0.conda#59f72c47e4c63aacae4b322ac00bda7c
https://conda.anaconda.org/conda-forge/noarch/executing-2.2.1-pyhd8ed1ab_0.conda#ff9efb7f7469aed3c4a8106ffa29593c
https://conda.anaconda.org/conda-forge/noarch/filelock-3.29.7-pyhd8ed1ab_0.conda#ee29c64d6fc4ab42e47c4a59b756d958
https://conda.anaconda.org/conda-forge/noarch/fsspec-2026.6.0-pyhd8ed1ab_0.conda#7d7e6c826ba0743fc491ebee0e7b899c
https://conda.anaconda.org/conda-forge/noarch/gast-0.7.0-pyhd8ed1ab_0.conda#377a825d91b5d6fcc0e6cdb98bbe9799
https://conda.anaconda.org/conda-forge/noarch/hpack-4.2.0-pyhd8ed1ab_0.conda#b395909221b9bd1df066e5930e18855b
https://conda.anaconda.org/conda-forge/noarch/hyperframe-6.1.0-pyhd8ed1ab_0.conda#8e6923fc12f1fe8f8c4e5c9f343256ac
https://conda.anaconda.org/conda-forge/noarch/idna-3.18-pyhcf101f3_0.conda#577b04680ae422adb86fc60d7b940659
https://conda.anaconda.org/conda-forge/noarch/iniconfig-2.3.0-pyhd8ed1ab_0.conda#9614359868482abba1bd15ce465e3c42
https://conda.anaconda.org/conda-forge/noarch/json5-0.15.0-pyhd8ed1ab_0.conda#761a4a6b9cba303c66a97ca642447171
https://conda.anaconda.org/conda-forge/noarch/jsonpointer-3.1.1-pyhcf101f3_0.conda#89bf346df77603055d3c8fe5811691e6
https://conda.anaconda.org/conda-forge/noarch/jupyterlab_widgets-3.0.16-pyhcf101f3_1.conda#dbf8b81974504fa51d34e436ca7ef389
https://conda.anaconda.org/conda-forge/osx-64/kiwisolver-1.5.0-py312hb1dc2e7_0.conda#4a38b6e74b5a7ea22f1840226e5103a8
https://conda.anaconda.org/conda-forge/noarch/lark-1.3.1-pyhd8ed1ab_0.conda#9b965c999135d43a3d0f7bd7d024e26a
https://conda.anaconda.org/conda-forge/osx-64/lcms2-2.19.1-h5ea7634_1.conda#f8c168eefc1f75ada2e2cd8f2e6212f5
https://conda.anaconda.org/conda-forge/osx-64/libcurl-8.21.0-h8f0b9e4_1.conda#83fdd27f6406225d15e4f44b5b45aa96
https://conda.anaconda.org/conda-forge/osx-64/libfreetype-2.14.3-h694c41f_1.conda#7cec36e11e7c5a674a1d8c1d5082479e
https://conda.anaconda.org/conda-forge/osx-64/libgfortran5-15.2.0-hd16e46c_19.conda#1cddb3f7e54f5871297afc0fafa61c2c
https://conda.anaconda.org/conda-forge/osx-64/libthrift-0.21.0-h75589b3_0.conda#7a472cd20d9ae866aeb6e292b33381d6
https://conda.anaconda.org/conda-forge/osx-64/llvmlite-0.47.0-py312ha5a82fe_1.conda#87e10812cded239b5d794dd99b1ab543
https://conda.anaconda.org/conda-forge/osx-64/markupsafe-3.0.3-py312heb39f77_1.conda#d596f9d03043acd4ec711c844060da59
https://conda.anaconda.org/conda-forge/noarch/mdurl-0.1.2-pyhd8ed1ab_1.conda#592132998493b3ff25fd7479396e8351
https://conda.anaconda.org/conda-forge/osx-64/mpc-1.4.0-h31caf2d_0.conda#52b3fbb35494ec12913a308397f52a9d
https://conda.anaconda.org/conda-forge/noarch/mpmath-1.3.0-pyhd8ed1ab_1.conda#3585aa87c43ab15b167b574cd73b057b
https://conda.anaconda.org/conda-forge/noarch/munkres-1.1.4-pyhd8ed1ab_1.conda#37293a85a0f4f77bbd9cf7aaefc62609
https://conda.anaconda.org/conda-forge/noarch/mypy_extensions-1.1.0-pyha770c72_0.conda#e9c622e0d00fa24a6292279af3ab6d06
https://conda.anaconda.org/conda-forge/noarch/namex-0.1.0-pyhd8ed1ab_0.conda#3eb854547a0183b994431957fa0e05d2
https://conda.anaconda.org/conda-forge/noarch/narwhals-2.24.0-pyhcf101f3_0.conda#42ef6cbb3e1d0e6689b9dd160f560eae
https://conda.anaconda.org/conda-forge/noarch/nest-asyncio2-1.7.2-pyhcf101f3_0.conda#fcd832bfd4749e9b246112b6894f97fc
https://conda.anaconda.org/conda-forge/noarch/networkx-3.6.1-pyhcf101f3_0.conda#a2c1eeadae7a309daed9d62c96012a2b
https://conda.anaconda.org/conda-forge/osx-64/openjpeg-2.5.4-h52bb76a_0.conda#46e628da6e796c948fa8ec9d6d10bda3
https://conda.anaconda.org/conda-forge/noarch/opt_einsum-3.4.0-pyhd8ed1ab_1.conda#52919815cd35c4e1a0298af658ccda04
https://conda.anaconda.org/conda-forge/osx-64/orc-2.1.1-h29ca4e2_0.conda#dce440b9aa80a4bd5677714e564fa0aa
https://conda.anaconda.org/conda-forge/noarch/packaging-26.2-pyhc364b38_0.conda#4c06a92e74452cfa53623a81592e8934
https://conda.anaconda.org/conda-forge/noarch/pandocfilters-1.5.0-pyhd8ed1ab_0.tar.bz2#457c2c8c08e54905d6954e79cb5b5db9
https://conda.anaconda.org/conda-forge/noarch/parso-0.8.7-pyhcf101f3_0.conda#39894c952938276405a1bd30e4ce2caf
https://conda.anaconda.org/conda-forge/noarch/pathspec-1.1.1-pyhd8ed1ab_0.conda#11adc78451c998c0fd162584abfa3559
https://conda.anaconda.org/conda-forge/noarch/platformdirs-4.10.0-pyhcf101f3_0.conda#2c5ef45db85d34799771629bd5860fd7
https://conda.anaconda.org/conda-forge/noarch/pluggy-1.6.0-pyhf9edf01_1.conda#d7585b6550ad04c8c5e21097ada2888e
https://conda.anaconda.org/conda-forge/noarch/prometheus_client-0.25.0-pyhd8ed1ab_0.conda#a11ab1f31af799dd93c3a39881528884
https://conda.anaconda.org/conda-forge/osx-64/protobuf-5.28.3-py312haafddd8_0.conda#519d8df0d097c2c2fcccf87bc2d65fe1
https://conda.anaconda.org/conda-forge/osx-64/psutil-7.2.2-py312hf7082af_0.conda#1fd947fae149960538fc941b8f122bc1
https://conda.anaconda.org/conda-forge/noarch/ptyprocess-0.7.0-pyhd8ed1ab_1.conda#7d9daffbb8d8e0af0f769dbbcd173a54
https://conda.anaconda.org/conda-forge/noarch/pure_eval-0.2.3-pyhd8ed1ab_1.conda#3bfdfb8dbcdc4af1ae3f9a8eb3948f04
https://conda.anaconda.org/conda-forge/noarch/pycparser-3.0-pyhcf101f3_0.conda#9c5491066224083c41b6d5635ed7107b
https://conda.anaconda.org/conda-forge/noarch/pygments-2.20.0-pyhd8ed1ab_0.conda#16c18772b340887160c79a6acc022db0
https://conda.anaconda.org/conda-forge/noarch/pyparsing-3.3.2-pyhcf101f3_0.conda#3687cc0b82a8b4c17e1f0eb7e47163d5
https://conda.anaconda.org/conda-forge/noarch/pysocks-1.7.1-pyha55dd90_7.conda#461219d1a5bd61342293efa2c0c90eac
https://conda.anaconda.org/conda-forge/noarch/python-dotenv-1.2.2-pyhcf101f3_0.conda#130584ad9f3a513cdd71b1fdc1244e9c
https://conda.anaconda.org/conda-forge/osx-64/python-duckdb-1.5.4-py312h959a22e_0.conda#96c3d08efd13b845f054988510439d11
https://conda.anaconda.org/conda-forge/noarch/python-fastjsonschema-2.21.2-pyhe01879c_0.conda#23029aae904a2ba587daba708208012f
https://conda.anaconda.org/conda-forge/noarch/python-flatbuffers-25.9.23-pyh1e1bc0e_0.conda#611207751a2c0b5b999b07b78985d7a0
https://conda.anaconda.org/conda-forge/osx-64/python-librt-0.13.0-py312hba6025d_0.conda#239648deaa4ab3660c44d45ba041fafe
https://conda.anaconda.org/conda-forge/noarch/python-tzdata-2026.3-pyhd8ed1ab_0.conda#eefc8d916bd2e708d76d40398ef9a1ee
https://conda.anaconda.org/conda-forge/osx-64/pyyaml-6.0.3-py312h51361c1_1.conda#9029301bf8a667cf57d6e88f03a6726b
https://conda.anaconda.org/conda-forge/osx-64/re2-2024.07.02-ha5e900a_2.conda#5fd6022c97d78c252f1cc8d7433e97d0
https://conda.anaconda.org/conda-forge/osx-64/regex-2026.7.10-py312h933eb07_0.conda#20c1a8a382f30b10a66b53dbdbcca5fe
https://conda.anaconda.org/conda-forge/noarch/rfc3986-validator-0.1.1-pyh9f0ad1d_0.tar.bz2#912a71cc01012ee38e6b90ddd561e36f
https://conda.anaconda.org/conda-forge/osx-64/rpds-py-2026.6.3-py312hb77ea7e_0.conda#2832076dd06bd57d1895b230bb7e1b95
https://conda.anaconda.org/conda-forge/osx-64/ruff-0.15.21-h1ddadc8_0.conda#3542ffffbe904a0a33eed5d345e314c1
https://conda.anaconda.org/conda-forge/osx-64/safetensors-0.8.0-py312hc1db7ba_0.conda#9fcc9a4921997e2884bafc7ae8f47df3
https://conda.anaconda.org/conda-forge/noarch/setuptools-83.0.0-pyh332efcf_0.conda#6bf6acbab2499830180ec88c3aff2fa4
https://conda.anaconda.org/conda-forge/noarch/shellingham-1.5.4-pyhd8ed1ab_2.conda#83ea3a2ddb7a75c1b09cea582aa4f106
https://conda.anaconda.org/conda-forge/noarch/six-1.17.0-pyhe01879c_1.conda#3339e3b65d58accf4ca4fb8748ab16b3
https://conda.anaconda.org/conda-forge/noarch/sniffio-1.3.1-pyhd8ed1ab_2.conda#03fe290994c5e4ec17293cfb6bdce520
https://conda.anaconda.org/conda-forge/noarch/soupsieve-2.8.4-pyhd8ed1ab_0.conda#9e21f087f087f805debe877d88e00a14
https://conda.anaconda.org/conda-forge/osx-64/tbb-2021.13.0-hf0c99ee_4.conda#411c95470bff187ae555120702f28c0e
https://conda.anaconda.org/conda-forge/osx-64/tensorboard-data-server-0.7.0-py312hc363c91_4.conda#ea88076f55713bdcec49665180420931
https://conda.anaconda.org/conda-forge/noarch/termcolor-3.3.0-pyhd8ed1ab_0.conda#bc6228906129e420c74a5ebaf0d63936
https://conda.anaconda.org/conda-forge/noarch/threadpoolctl-3.6.0-pyhecae5ae_0.conda#9d64911b31d57ca443e9f1e36b04385f
https://conda.anaconda.org/conda-forge/noarch/tomli-2.4.1-pyhcf101f3_0.conda#b5325cf06a000c5b14970462ff5e4d58
https://conda.anaconda.org/conda-forge/osx-64/tornado-6.5.7-py312h933eb07_0.conda#2ec1c960c5995e181a8d9e07b36f4c5a
https://conda.anaconda.org/conda-forge/noarch/tqdm-4.68.4-pyh8f84b5b_0.conda#54772f97dc361b1659ef0b34d71d39b4
https://conda.anaconda.org/conda-forge/noarch/traitlets-5.15.1-pyhcf101f3_0.conda#37e3be7b6e2977d37b8fa5da229f5dc0
https://conda.anaconda.org/conda-forge/noarch/typing_extensions-4.16.0-pyhcf101f3_0.conda#c70ad746c22219b9700931707482992c
https://conda.anaconda.org/conda-forge/noarch/typing_utils-0.1.0-pyhd8ed1ab_1.conda#f6d7aa696c67756a650e91e15e88223c
https://conda.anaconda.org/conda-forge/osx-64/unicodedata2-17.0.1-py312h1a1c95f_0.conda#563dc18b746f873408b76e068e2b4baa
https://conda.anaconda.org/conda-forge/noarch/uri-template-1.3.0-pyhd8ed1ab_1.conda#e7cb0f5745e4c5035a460248334af7eb
https://conda.anaconda.org/conda-forge/noarch/wcwidth-0.8.2-pyhd8ed1ab_0.conda#99f7755ec8648a042b0dbe906234f888
https://conda.anaconda.org/conda-forge/noarch/webcolors-25.10.0-pyhd8ed1ab_0.conda#6639b6b0d8b5a284f027a2003669aa65
https://conda.anaconda.org/conda-forge/noarch/webencodings-0.5.1-pyhd8ed1ab_3.conda#2841eb5bfc75ce15e9a0054b98dcd64d
https://conda.anaconda.org/conda-forge/noarch/websocket-client-1.9.0-pyhd8ed1ab_0.conda#2f1ed718fcd829c184a6d4f0f2e07409
https://conda.anaconda.org/conda-forge/noarch/widgetsnbextension-4.0.15-pyhd8ed1ab_0.conda#dc257b7e7cad9b79c1dfba194e92297b
https://conda.anaconda.org/conda-forge/osx-64/wrapt-2.2.2-py312h933eb07_0.conda#2d76dc42a4d65ce7c1cdaaa4601d42a6
https://conda.anaconda.org/conda-forge/osx-64/zeromq-4.3.5-h84953be_11.conda#8a622d1db89d80a94477b1c03824d611
https://conda.anaconda.org/conda-forge/noarch/zipp-4.1.0-pyhcf101f3_0.conda#ba3dcdc8584155c97c648ae9c044b7a3
https://conda.anaconda.org/conda-forge/noarch/astunparse-1.6.3-pyhd8ed1ab_3.conda#d3f195dfdbbf736e4ec178bbec2a975c
https://conda.anaconda.org/conda-forge/noarch/async-lru-2.3.0-pyhcf101f3_0.conda#b85e84cb64c762569cc1a760c2327e0a
https://conda.anaconda.org/conda-forge/osx-64/aws-c-auth-0.8.6-h321fff7_4.conda#808b51e1b9cc22ad656e9892b9c44fa2
https://conda.anaconda.org/conda-forge/osx-64/aws-c-mqtt-0.12.2-h6a909e1_2.conda#5b32f1ca2fd548f7e9d80bbf3e144bd5
https://conda.anaconda.org/conda-forge/osx-64/azure-core-cpp-1.14.0-h9a36307_0.conda#1082a031824b12a2be731d600cfa5ccb
https://conda.anaconda.org/conda-forge/noarch/bleach-6.4.0-pyhcf101f3_0.conda#93009c29cdd6f2500468f2502fff9209
https://conda.anaconda.org/conda-forge/noarch/cached-property-1.5.2-hd8ed1ab_2.conda#1990eb3f49022846fbc7fc9624a0ee43
https://conda.anaconda.org/conda-forge/osx-64/cffi-2.1.0-py312h78829b9_0.conda#178f92ea817283c0fdc84910f1c46709
https://conda.anaconda.org/conda-forge/osx-64/coverage-7.15.1-py312heb39f77_0.conda#020286485f62c1a36b7552f194a82558
https://conda.anaconda.org/conda-forge/noarch/duckdb-1.5.4-h332efcf_0.conda#f51ca93d4a9729d2e0c388ccf612f325
https://conda.anaconda.org/conda-forge/noarch/exceptiongroup-1.3.1-pyhd8ed1ab_0.conda#8e662bd460bda79b1ea39194e3c4c9ab
https://conda.anaconda.org/conda-forge/osx-64/fonttools-4.63.0-py312heb39f77_0.conda#86857c4f51ca02be0aa72fb98ea80ef9
https://conda.anaconda.org/conda-forge/osx-64/freetype-2.14.3-h694c41f_1.conda#48fc845b770770e9c7db8743f6d53d44
https://conda.anaconda.org/conda-forge/osx-64/gmpy2-2.3.0-py312he58dab6_1.conda#6e5bbdcb3446d810f9c826de898fdcf9
https://conda.anaconda.org/conda-forge/noarch/google-pasta-0.2.0-pyhd8ed1ab_2.conda#005b9749218cb8c9e94ac2a77ca3c8c0
https://conda.anaconda.org/conda-forge/noarch/h11-0.16.0-pyhcf101f3_1.conda#b8993c19b0c32a2f7b66cbb58ca27069
https://conda.anaconda.org/conda-forge/noarch/h2-4.3.0-pyhcf101f3_0.conda#164fc43f0b53b6e3a7bc7dce5e4f1dc9
https://conda.anaconda.org/conda-forge/noarch/importlib-metadata-9.0.0-pyhcf101f3_0.conda#ffc17e785d64e12fc311af9184221839
https://conda.anaconda.org/conda-forge/noarch/ipython_pygments_lexers-1.1.1-pyhd8ed1ab_0.conda#bd80ba060603cc228d9d81c257093119
https://conda.anaconda.org/conda-forge/noarch/jedi-0.20.0-pyhcf101f3_0.conda#c2b3d37aa1411031126036ee76a8a861
https://conda.anaconda.org/conda-forge/noarch/jinja2-3.1.6-pyhcf101f3_1.conda#04558c96691bed63104678757beb4f8d
https://conda.anaconda.org/conda-forge/noarch/joblib-1.5.3-pyhd8ed1ab_0.conda#615de2a4d97af50c350e5cf160149e77
https://conda.anaconda.org/conda-forge/noarch/jupyter_core-5.9.1-pyhc90fa1f_0.conda#b38fe4e78ee75def7e599843ef4c1ab0
https://conda.anaconda.org/conda-forge/noarch/jupyterlab_pygments-0.3.0-pyhd8ed1ab_2.conda#fd312693df06da3578383232528c468d
https://conda.anaconda.org/conda-forge/osx-64/libgfortran-15.2.0-h7e5c614_19.conda#d362f41203d0a1d2d4940446f95374c9
https://conda.anaconda.org/conda-forge/osx-64/libgrpc-1.67.1-h4896ac0_2.conda#c1f24237a5024ae9b3820401511a1660
https://conda.anaconda.org/conda-forge/noarch/lightning-utilities-0.15.3-pyhd8ed1ab_0.conda#237d294ca3acd678f590f1754e090802
https://conda.anaconda.org/conda-forge/noarch/markdown-it-py-4.2.0-pyhd8ed1ab_0.conda#6d03368f2b2b0a5fb6839df53b2eb5e0
https://conda.anaconda.org/conda-forge/noarch/matplotlib-inline-0.2.2-pyhd8ed1ab_0.conda#9acc1c385be401d533ff70ef5b50dae6
https://conda.anaconda.org/conda-forge/noarch/mistune-3.3.3-pyhcf101f3_0.conda#6bda0cbb7b7608101bc2c49ee6f38de7
https://conda.anaconda.org/conda-forge/osx-64/mkl-2023.2.0-h694c41f_50502.conda#0bdfc939c8542e0bc6041cbd9a900219
https://conda.anaconda.org/conda-forge/noarch/nodeenv-1.10.0-pyhd8ed1ab_0.conda#eb52d14a901e23c39e9e7b4a1a5c015f
https://conda.anaconda.org/conda-forge/noarch/omegaconf-2.3.0-pyhd8ed1ab_0.conda#23cc056834cab53849b91f78d6ee3ea0
https://conda.anaconda.org/conda-forge/noarch/overrides-7.7.0-pyhd8ed1ab_1.conda#e51f1e4089cad105b6cac64bd8166587
https://conda.anaconda.org/conda-forge/noarch/pexpect-4.9.0-pyhd8ed1ab_1.conda#d0d408b1f18883a944376da5cf8101ea
https://conda.anaconda.org/conda-forge/osx-64/pillow-12.3.0-py312he84af14_0.conda#4bf7154c73081936ee50ecb4fb77dd0c
https://conda.anaconda.org/conda-forge/osx-64/prometheus-cpp-1.3.0-h7802330_0.conda#f36107fa2557e63421a46676371c4226
https://conda.anaconda.org/conda-forge/noarch/prompt-toolkit-3.0.52-pyha770c72_0.conda#edb16f14d920fb3faf17f5ce582942d6
https://conda.anaconda.org/conda-forge/osx-64/pyobjc-core-12.2.1-py312h9fd379b_0.conda#38fc1610fd59ad813b04d51945f35b24
https://conda.anaconda.org/conda-forge/noarch/python-dateutil-2.9.0.post0-pyhe01879c_2.conda#5b8d21249ff20967101ffa321cab24e8
https://conda.anaconda.org/conda-forge/noarch/python-discovery-1.4.4-pyhcf101f3_0.conda#1b77c69c18f649eb348bafedb277fecb
https://conda.anaconda.org/conda-forge/noarch/python-gil-3.12.13-hd8ed1ab_0.conda#32780d6794b8056b78602103a04e90ef
https://conda.anaconda.org/conda-forge/noarch/python-json-logger-4.1.0-pyhd8ed1ab_0.conda#982ed0cbfc0fe09f25861e3d111e9717
https://conda.anaconda.org/conda-forge/noarch/referencing-0.37.0-pyhcf101f3_0.conda#870293df500ca7e18bedefa5838a22ab
https://conda.anaconda.org/conda-forge/noarch/rfc3339-validator-0.1.4-pyhd8ed1ab_1.conda#36de09a8d3e5d5e6f4ee63af49e59706
https://conda.anaconda.org/conda-forge/noarch/rfc3987-syntax-1.1.0-pyhe01879c_1.conda#7234f99325263a5af6d4cd195035e8f2
https://conda.anaconda.org/conda-forge/noarch/stack_data-0.6.3-pyhd8ed1ab_1.conda#b1b505328da7a6b246787df4b5a49fbc
https://conda.anaconda.org/conda-forge/noarch/terminado-0.18.1-pyhc90fa1f_1.conda#17b43cee5cc84969529d5d0b0309b2cb
https://conda.anaconda.org/conda-forge/noarch/tinycss2-1.4.0-pyhd8ed1ab_0.conda#f1acf5fdefa8300de697982bcb1761c9
https://conda.anaconda.org/conda-forge/noarch/typing-extensions-4.16.0-h69aa097_0.conda#c680b5747e8c4c8f23dca0bb7042a8fc
https://conda.anaconda.org/conda-forge/noarch/typing-inspection-0.4.2-pyhcf101f3_2.conda#53f5409c5cfd6c5a66417d68e3f0a864
https://conda.anaconda.org/conda-forge/noarch/werkzeug-3.1.8-pyhcf101f3_0.conda#3eeca039e7316268627f4116da9df64c
https://conda.anaconda.org/conda-forge/noarch/wheel-0.47.0-pyhd8ed1ab_0.conda#d0e3b2f0030cf4fca58bde71d246e94c
https://conda.anaconda.org/conda-forge/noarch/_python_abi3_support-1.0-hd8ed1ab_2.conda#aaa2a381ccc56eac91d63b6c1240312f
https://conda.anaconda.org/conda-forge/noarch/annotated-types-0.7.0-pyhd8ed1ab_1.conda#2934f256a8acfe48f6ebb4fce6cde29c
https://conda.anaconda.org/conda-forge/noarch/anyio-4.14.2-pyhcf101f3_0.conda#fb568fbae6908ba86a090a85a089d11f
https://conda.anaconda.org/conda-forge/osx-64/argon2-cffi-bindings-25.1.0-py312h80b0991_2.conda#66f6b81d4bf42e3da028763e9d873bff
https://conda.anaconda.org/conda-forge/noarch/arrow-1.4.0-pyhcf101f3_0.conda#85c4f19f377424eafc4ed7911b291642
https://conda.anaconda.org/conda-forge/osx-64/aws-c-s3-0.7.13-h2313cb2_2.conda#bc65c9599db5656100ee0c9b101398ce
https://conda.anaconda.org/conda-forge/osx-64/azure-identity-cpp-1.10.0-ha4e2ba9_0.conda#ad56b6a4b8931d37a2cf5bc724a46f01
https://conda.anaconda.org/conda-forge/osx-64/azure-storage-common-cpp-12.8.0-h1ccc5ac_1.conda#5b3e79eb148d6e30d6c697788bad9960
https://conda.anaconda.org/conda-forge/noarch/beautifulsoup4-4.15.0-pyha770c72_0.conda#3b261da3fe9b4168738712832410b022
https://conda.anaconda.org/conda-forge/noarch/bleach-with-css-6.4.0-hac0b51c_0.conda#5f710eab1f3c4e773c75686f5e8e6481
https://conda.anaconda.org/conda-forge/noarch/fqdn-1.5.1-pyhd8ed1ab_1.conda#d3549fd50d450b6d9e7dddff25dd2110
https://conda.anaconda.org/conda-forge/osx-64/grpcio-1.67.1-py312h145213c_2.conda#5cde66c6535f44e6d0279d0731906d06
https://conda.anaconda.org/conda-forge/osx-64/hdf5-1.14.6-nompi_h13accda_110.conda#8fa7c7e9a3c1b57a37bc03f0183aaf17
https://conda.anaconda.org/conda-forge/noarch/hydra-core-1.3.2-pyhd8ed1ab_1.conda#a189dd36bcaaf4c7647deb2dcb4e1b05
https://conda.anaconda.org/conda-forge/noarch/ipython-9.15.0-pyh53cf698_0.conda#2f4ea7f616b30363d8dde5cc15e7af2e
https://conda.anaconda.org/conda-forge/noarch/jsonschema-specifications-2025.9.1-pyhcf101f3_0.conda#439cd0f567d697b20a8f45cb70a1005a
https://conda.anaconda.org/conda-forge/noarch/jupyter-builder-1.1.0-pyhcf101f3_0.conda#67e33322de030b8b1852ee883002ec5b
https://conda.anaconda.org/conda-forge/noarch/jupyter_server_terminals-0.5.4-pyhcf101f3_0.conda#7b8bace4943e0dc345fc45938826f2b8
https://conda.anaconda.org/conda-forge/osx-64/libblas-3.9.0-20_osx64_mkl.conda#160fdc97a51d66d51dc782fb67d35205
https://conda.anaconda.org/conda-forge/osx-64/libgoogle-cloud-2.36.0-h7000a09_0.conda#7207a1b006651cd52f2536065b5b28fd
https://conda.anaconda.org/conda-forge/osx-64/libopentelemetry-cpp-1.18.0-h739dec3_1.conda#f567067f39b8577939373d8b4bef8863
https://conda.anaconda.org/conda-forge/osx-64/libtensorflow_framework-2.18.0-cpu_h38b2b02_1.conda#f0d5fde91b0f589e393328a515f738fb
https://conda.anaconda.org/conda-forge/noarch/markdown-3.10.2-pyhcf101f3_0.conda#ba0a9221ce1063f31692c07370d062f3
https://conda.anaconda.org/conda-forge/osx-64/mkl-devel-2023.2.0-h694c41f_50502.conda#045f993e4434eaa02518d780fdca34ae
https://conda.anaconda.org/conda-forge/osx-64/optree-0.19.1-py312hdb80668_0.conda#6be8ebfb1fb03ab8d5173d3eeaaf3bc5
https://conda.anaconda.org/conda-forge/noarch/pip-26.1.2-pyh8b19718_0.conda#511fbc2c63d2c73650ad1755e4d357ba
https://conda.anaconda.org/conda-forge/osx-64/pydantic-core-2.46.4-py312hc1db7ba_0.conda#ad574fdb71b3cb208141d2149fe9015f
https://conda.anaconda.org/conda-forge/osx-64/pyobjc-framework-cocoa-12.2.1-py312h78829b9_0.conda#98d7f8361a5110422cb1de8a91dd9954
https://conda.anaconda.org/conda-forge/noarch/pytest-9.1.1-pyhc364b38_2.conda#64c98a12c4e23eb238bf66bbecafdf3c
https://conda.anaconda.org/conda-forge/noarch/rich-15.0.0-pyhcf101f3_0.conda#0242025a3c804966bf71aa04eee82f66
https://conda.anaconda.org/conda-forge/noarch/sympy-1.13.1-pypyh2585a3b_103.conda#e8095a7cdbe43c73ba5a381ead1a52f4
https://conda.anaconda.org/conda-forge/osx-64/ukkonen-1.1.0-py312h0aa9c5c_0.conda#a7692ba7ead6f7e3c910339851776c92
https://conda.anaconda.org/conda-forge/noarch/virtualenv-21.6.1-pyhcf101f3_0.conda#d88ad67ad6d55077bd1751736f3e84c1
https://conda.anaconda.org/conda-forge/osx-64/zstandard-0.25.0-py312h01f6755_1.conda#d9209ec6445f95fba0c3c64fa4a46216
https://conda.anaconda.org/conda-forge/noarch/argon2-cffi-25.1.0-pyhd8ed1ab_0.conda#8ac12aff0860280ee0cff7fa2cf63f3b
https://conda.anaconda.org/conda-forge/osx-64/ast-serialize-0.6.0-py310hb9b2626_0.conda#c0c3e461c0f9843a214767a1ec3c420e
https://conda.anaconda.org/conda-forge/osx-64/aws-crt-cpp-0.31.0-hc7e8f17_4.conda#c8a28894979ba14d253195f44761957d
https://conda.anaconda.org/conda-forge/osx-64/azure-storage-blobs-cpp-12.13.0-h3d2f5f1_1.conda#3df4fb5d6d0e7b3fb28e071aff23787e
https://conda.anaconda.org/conda-forge/osx-64/hf-xet-1.5.1-py310hd1dd940_0.conda#d9e466e2c64b3174ec70b2126af5f008
https://conda.anaconda.org/conda-forge/noarch/httpcore-1.0.9-pyh29332c3_0.conda#4f14640d58e2cc0aa0819d9d8ba125bb
https://conda.anaconda.org/conda-forge/noarch/identify-2.6.19-pyhd8ed1ab_0.conda#84a3233b709a289a4ddd7a2fd27dd988
https://conda.anaconda.org/conda-forge/noarch/ipywidgets-8.1.8-pyhd8ed1ab_0.conda#d68e3f70d1f068f1b66d94822fdc644e
https://conda.anaconda.org/conda-forge/noarch/isoduration-20.11.0-pyhd8ed1ab_1.conda#0b0154421989637d424ccf0f104be51a
https://conda.anaconda.org/conda-forge/noarch/jsonschema-4.26.0-pyhcf101f3_0.conda#ada41c863af263cc4c5fcbaff7c3e4dc
https://conda.anaconda.org/conda-forge/osx-64/libcblas-3.9.0-20_osx64_mkl.conda#51089a4865eb4aec2bc5c7468bd07f9f
https://conda.anaconda.org/conda-forge/osx-64/libgoogle-cloud-storage-2.36.0-h3f2b517_0.conda#21cbee6491e532862189f0182194c6b2
https://conda.anaconda.org/conda-forge/osx-64/liblapack-3.9.0-20_osx64_mkl.conda#58f08e12ad487fac4a08f90ff0b87aec
https://conda.anaconda.org/conda-forge/osx-64/libtensorflow_cc-2.18.0-cpu_hce6ddfb_1.conda#55e004998ebaed9356c6217962731ed1
https://conda.anaconda.org/conda-forge/osx-64/polars-runtime-32-1.42.1-py310h3769acf_0.conda#f1db8c1d8f2b729ae05eecf4aa43f4e5
https://conda.anaconda.org/conda-forge/noarch/pydantic-2.13.4-pyhcf101f3_0.conda#729843edafc0899b3348bd3f19525b9d
https://conda.anaconda.org/conda-forge/noarch/pytest-cov-7.1.0-pyhcf101f3_0.conda#67d1790eefa81ed305b89d8e314c7923
https://conda.anaconda.org/conda-forge/osx-64/pyzmq-27.1.0-py312h2ac7433_3.conda#8380cc6b19de487e907529361f00f2ba
https://conda.anaconda.org/conda-forge/noarch/send2trash-2.1.0-pyh5552912_1.conda#b70e2d44e6aa2beb69ba64206a16e4c6
https://conda.anaconda.org/conda-forge/noarch/typer-0.26.8-pyhcf101f3_0.conda#8bd9c1e0ff3a31a11e21c3f04c2d0f8b
https://conda.anaconda.org/conda-forge/noarch/urllib3-2.5.0-pyhd8ed1ab_0.conda#436c165519e140cb08d246a4472a9d6a
https://conda.anaconda.org/conda-forge/osx-64/aws-sdk-cpp-1.11.510-ha0394b9_3.conda#c74c7b8d1a413224cf493d1dee68c72b
https://conda.anaconda.org/conda-forge/osx-64/azure-storage-files-datalake-cpp-12.12.0-h86941f0_1.conda#60452336e7f61f6fdaaff69264ee112e
https://conda.anaconda.org/conda-forge/noarch/httpx-0.28.1-pyhd8ed1ab_0.conda#d6989ead454181f4f9bc987d3dc4e285
https://conda.anaconda.org/conda-forge/noarch/jsonschema-with-format-nongpl-4.26.0-hcf101f3_0.conda#8368d58342d0825f0843dc6acdd0c483
https://conda.anaconda.org/conda-forge/noarch/jupyter_client-8.9.1-pyhcf101f3_0.conda#49440e66df843bee2273937e8032ec43
https://conda.anaconda.org/conda-forge/osx-64/liblapacke-3.9.0-20_osx64_mkl.conda#124ae8e384268a8da66f1d64114a1eda
https://conda.anaconda.org/conda-forge/osx-64/mypy-2.3.0-py312hb615c88_0.conda#5e95f33e96d2ec121d73cf4914c57bdd
https://conda.anaconda.org/conda-forge/noarch/nbformat-5.10.4-pyhd8ed1ab_1.conda#bbe1963f1e47f594070ffe87cdf612ea
https://conda.anaconda.org/conda-forge/osx-64/numpy-2.4.6-py312h746d82c_0.conda#86c91d10224283ed367225057a09e4a3
https://conda.anaconda.org/conda-forge/noarch/polars-1.42.1-pyh58ad624_0.conda#4e315d6adb68e84890cd7a630b2f316f
https://conda.anaconda.org/conda-forge/noarch/pre-commit-4.6.0-pyha770c72_0.conda#7859736b4f8ebe6c8481bf48d91c9a1e
https://conda.anaconda.org/conda-forge/noarch/requests-2.34.2-pyhcf101f3_0.conda#4a85203c1d80c1059086ae860836ffb9
https://conda.anaconda.org/conda-forge/osx-64/blas-devel-3.9.0-20_osx64_mkl.conda#cc3260179093918b801e373c6e888e02
https://conda.anaconda.org/conda-forge/osx-64/contourpy-1.3.3-py312hb0c38da_4.conda#625f08687ba33cc9e57865e7bf8e8123
https://conda.anaconda.org/conda-forge/osx-64/h5py-3.16.0-nompi_py312h53b4df1_102.conda#626ce477182eeedea956ea6a2c94ef14
https://conda.anaconda.org/conda-forge/noarch/huggingface_hub-1.23.0-pyhcf101f3_0.conda#73bdb4aeff8ff9f1cb4c9cf3fae8e55c
https://conda.anaconda.org/conda-forge/noarch/ipykernel-7.3.0-pyh01cf8df_0.conda#a1ddab91145f7f06eee769d2f3ac69cd
https://conda.anaconda.org/conda-forge/noarch/jupyter_events-0.12.1-pyhcf101f3_0.conda#bf42ee94c750c0b2e7e998b79ac299ea
https://conda.anaconda.org/conda-forge/osx-64/libarrow-19.0.1-h472486f_3_cpu.conda#1b3bd0e383f0156d444a7c817ae47fe0
https://conda.anaconda.org/conda-forge/osx-64/ml_dtypes-0.4.0-py312h98e817e_2.conda#8d5261586fc38c8bb4cac7aea898251a
https://conda.anaconda.org/conda-forge/noarch/nbclient-0.11.0-pyhd8ed1ab_0.conda#cf01a81d7960ad9c829bf2e794fcee9a
https://conda.anaconda.org/conda-forge/osx-64/numba-0.65.1-py312h704f9c4_1.conda#49255c01905ec260d05004f75b07039a
https://conda.anaconda.org/conda-forge/osx-64/pandas-3.0.3-py312h8e27051_0.conda#8cfffbf760a7d7abc16c79141ead177a
https://conda.anaconda.org/conda-forge/osx-64/scipy-1.18.0-py312h6309490_0.conda#7c6973eecefc02ccdbaa35fca709ff71
https://conda.anaconda.org/conda-forge/noarch/tensorboard-2.18.0-pyhd8ed1ab_1.conda#90a735b377427589728e588b5241a253
https://conda.anaconda.org/conda-forge/osx-64/blas-2.120-mkl.conda#b041a7677a412f3d925d8208936cb1e2
https://conda.anaconda.org/conda-forge/noarch/keras-3.11.2-pyh753f3f9_0.conda#ad0b91bf2bab8992ae5869f0fce16301
https://conda.anaconda.org/conda-forge/osx-64/libarrow-acero-19.0.1-ha6338a2_3_cpu.conda#a9a4c8da28e953b2cfdec0f00fb7682f
https://conda.anaconda.org/conda-forge/osx-64/libparquet-19.0.1-h3e22b07_3_cpu.conda#4589d450256d79c86b7c4087b7bd7a6d
https://conda.anaconda.org/conda-forge/osx-64/matplotlib-base-3.10.9-py312h7609456_0.conda#c7133e403f67d8e34af93e0be4286478
https://conda.anaconda.org/conda-forge/noarch/nbconvert-core-7.17.1-pyhcf101f3_0.conda#2bce0d047658a91b99441390b9b27045
https://conda.anaconda.org/conda-forge/osx-64/pyarrow-core-19.0.1-py312h46fdf74_2_cpu.conda#ea44d8ada172fba8d871a46144c22d6c
https://conda.anaconda.org/conda-forge/osx-64/scikit-learn-1.9.0-np2py312h691318a_0.conda#1c8b1c621007743653c544b9ec69d8bd
https://conda.anaconda.org/conda-forge/osx-64/tokenizers-0.22.2-py312h323b2ae_0.conda#de082c697c700a393412f372fc151524
https://conda.anaconda.org/conda-forge/noarch/jupyter_server-2.20.0-pyhcf101f3_0.conda#b2ddb0e13b5600070c4019c4db8a78e6
https://conda.anaconda.org/conda-forge/osx-64/libarrow-dataset-19.0.1-ha6338a2_3_cpu.conda#bb630223fc514ae64c62b2e805b67381
https://conda.anaconda.org/conda-forge/osx-64/matplotlib-3.10.9-py312hb401068_0.conda#4277a65bf3b72f018c778d719338e13a
https://conda.anaconda.org/pytorch/osx-64/pytorch-2.2.2-py3.12_0.tar.bz2#ba0939a0842946da7bb93afe037c214c
https://conda.anaconda.org/conda-forge/osx-64/tensorflow-base-2.18.0-cpu_py312h7973d44_1.conda#024797cca216238d64c99b3f9e06adff
https://conda.anaconda.org/conda-forge/noarch/transformers-5.13.1-pyhcf101f3_0.conda#2a05ee34399fca180a484db84e7578a2
https://conda.anaconda.org/conda-forge/noarch/accelerate-1.14.0-pyhcf101f3_0.conda#44ee5c055d1ca9b37fc6115478eab63f
https://conda.anaconda.org/conda-forge/noarch/jupyter-lsp-2.3.1-pyhcf101f3_0.conda#0c3b465ceee138b9c39279cc02e5c4a0
https://conda.anaconda.org/conda-forge/noarch/jupyterlab_server-2.28.0-pyhcf101f3_0.conda#a63877cb23de826b1620d3adfccc4014
https://conda.anaconda.org/conda-forge/osx-64/libarrow-substrait-19.0.1-h5c2345d_3_cpu.conda#4f84f3634ba86a2c1afe0295ada89355
https://conda.anaconda.org/conda-forge/noarch/notebook-shim-0.2.4-pyhd8ed1ab_1.conda#e7f89ea5f7ea9401642758ff50a2d9c1
https://conda.anaconda.org/conda-forge/osx-64/tensorflow-estimator-2.18.0-cpu_py312hd6a94b3_1.conda#46f044faaa6108df1e892f2662911a1e
https://conda.anaconda.org/pytorch/osx-64/torchaudio-2.2.2-py312_cpu.tar.bz2#75ec5bc78ab8eab5bdef58ee836b64e9
https://conda.anaconda.org/conda-forge/noarch/torchmetrics-1.9.0-pyhd8ed1ab_0.conda#307ddb12f595fd5910ebd5b98cb00561
https://conda.anaconda.org/pytorch/osx-64/torchvision-0.17.2-py312_cpu.tar.bz2#f9c4c16930338ce859da4d6cdd5e60af
https://conda.anaconda.org/conda-forge/noarch/jupyterlab-4.6.1-pyhd8ed1ab_0.conda#7ba07211c94d434f3223a4418f8b1ff8
https://conda.anaconda.org/conda-forge/osx-64/pyarrow-19.0.1-py312hb401068_2.conda#2753eba344f08cb08b2939d7ba906cff
https://conda.anaconda.org/conda-forge/noarch/pytorch-lightning-2.6.5-pyhcf101f3_0.conda#a8969a079d3f73c06855ac07d50d412b
https://conda.anaconda.org/conda-forge/osx-64/tensorflow-2.18.0-cpu_py312hf9ba072_1.conda#7fddb414aa2046d50ef516faaa00ca7f
https://conda.anaconda.org/conda-forge/noarch/lightning-2.5.6-pyhd8ed1ab_0.conda#056416ddda70a18e952283ab8bf79d55
# pip bigtree @ https://files.pythonhosted.org/packages/36/c5/e4f51b20402967ca0303dd7ed3b808db45089b3fc906bf3665867d05bcdd/bigtree-0.31.2-py3-none-any.whl#sha256=f63c0aba038ae863ba5c59c36805da7bb232f68f57bc20ef98ad499453209291
# pip pathlib-abc @ https://files.pythonhosted.org/packages/b1/29/c028a0731e202035f0e2e0bfbf1a3e46ad6c628cbb17f6f1cc9eea5d9ff1/pathlib_abc-0.5.2-py3-none-any.whl#sha256=4c9d94cf1b23af417ce7c0417b43333b06a106c01000b286c99de230d95eefbb
# pip pytimeparse @ https://files.pythonhosted.org/packages/1b/b4/afd75551a3b910abd1d922dbd45e49e5deeb4d47dc50209ce489ba9844dd/pytimeparse-1.1.8-py2.py3-none-any.whl#sha256=04b7be6cc8bd9f5647a6325444926c3ac34ee6bc7e69da4367ba282f076036bd
# pip ruamel-yaml @ https://files.pythonhosted.org/packages/b8/0c/51f6841f1d84f404f92463fc2b1ba0da357ca1e3db6b7fbda26956c3b82a/ruamel_yaml-0.19.1-py3-none-any.whl#sha256=27592957fedf6e0b62f281e96effd28043345e0e66001f97683aa9a40c667c93
# pip dftly @ https://files.pythonhosted.org/packages/37/df/8af572009467a49981af636311e87f1a4c31acd8a7e67b947682d69a73ff/dftly-0.1.5-py3-none-any.whl#sha256=4e6c8dec4bdd543494cc3f4b06f51ca2e29302204f90a95a3a70617c4b0aecd6
# pip flexible-schema @ https://files.pythonhosted.org/packages/33/b4/c8a0fa542aa7134ad5e0b55e2c18b6de457103f13d04ec63ee62ae35c9c5/flexible_schema-0.1.1-py3-none-any.whl#sha256=6ab3a35ce4e518897f142c82470933ea7bfb6a9abc0220e58638b67b16c51f67
# pip hydra-joblib-launcher @ https://files.pythonhosted.org/packages/bd/50/40613fdf65f9227bc0b073c1ee9db2e2298f7b6cd248e8b4825eedc292eb/hydra_joblib_launcher-1.2.0-py3-none-any.whl#sha256=57bfd042b015056157297de93e8ec1c6bc75fd39bd3b300e1599db0c5d992eee
# pip pretty-print-directory @ https://files.pythonhosted.org/packages/78/eb/6bad26f6d0a7fc6dc2aaa53caced96b46d3fd112686ccfa5559da6bb09da/pretty_print_directory-0.1.3-py3-none-any.whl#sha256=e651113270a3db0dda524dd3f53dd2a1e98f7927c4c2fa0ddc73e8dc985dc8e6
# pip universal-pathlib @ https://files.pythonhosted.org/packages/dd/1a/5d9a402b39ec892d856bbdd9db502ff73ce28cdf4aff72eb1ce1d6843506/universal_pathlib-0.3.10-py3-none-any.whl#sha256=dfaf2fb35683d2eb1287a3ed7b215e4d6016aa6eaf339c607023d22f90821c66
# pip yaml-to-disk @ https://files.pythonhosted.org/packages/4f/11/be763a4f337032e2ec4b1b9bbf267d8b35f4e60a831b59b4ac5ca2ad30d9/yaml_to_disk-0.0.5-py3-none-any.whl#sha256=2fac9794d5ff22dfef96707038017a3288eea2b1d490fd680cebd37373e972db
# pip meds @ https://files.pythonhosted.org/packages/a0/4c/2c40e3ba53504728d6895bba26d69c165757424cfa79ce2bc20679cbb0b0/meds-0.4.1-py3-none-any.whl#sha256=3a83e2410d720da10d133fd6920180a249e063565edbe41f78ac1c5e75c42b6b
# pip es-aces @ https://files.pythonhosted.org/packages/e3/b1/6e2dbec4ec004c30500fd83865101b083f9449c0310e6ddc5579a9a529c0/es_aces-0.7.3-py3-none-any.whl#sha256=4bd48c5558379a8b3c22c6b600f1c3e1582ef465b3ad8f0f72a6ce4b12f244d7
# pip meds-testing-helpers @ https://files.pythonhosted.org/packages/ff/8b/8b25f6e674a84091868b72a5c32946ecd61ef7b56915b110b3f69dd4f98d/meds_testing_helpers-0.3.1-py3-none-any.whl#sha256=e69761632c7941cfa2839d0222dd3ce44e87f4e8ec0df805d2446d58645a19b9
# pip meds-transforms @ https://files.pythonhosted.org/packages/40/19/55d217de368c7fb643f89f7ef312092740c24c189f75ec28d7c68b0b1dbd/meds_transforms-0.6.7-py3-none-any.whl#sha256=ce4b458f9e26e31a3e1fe7000769bb7be5b3bf58c3ba0da071d639a6a4a013c0
# pip meds-extract @ https://files.pythonhosted.org/packages/7f/e7/c23965ec1935f1fd9d1a2f2c712c1f65d7cd39d9812acb5e208968570cb7/meds_extract-0.6.2-py3-none-any.whl#sha256=a374bc7eb06d400eaa44e3933ce75beb7197ff9a932b6426faf7132e3a40836b
# pip meds-trajectory-evaluation @ https://files.pythonhosted.org/packages/9d/86/74b6300211faff2f2213a46dcaab6e7052cd44fff97e188a6b36b84348a0/meds_trajectory_evaluation-0.0.6-py3-none-any.whl#sha256=8a394df0a46dd544737dce9b397bcb0c356f290df98c5d679521245c7614becb
